<?xml version="1.0" encoding="utf-8"?>
<Project ToolsVersion="4.0" xmlns="http://schemas.microsoft.com/developer/msbuild/2003">
  <ItemGroup>
    <Filter Include="Ressourcendateien">
      <UniqueIdentifier>{67DA6AB6-F800-4c08-8B7A-83BB121AAD01}</UniqueIdentifier>
      <Extensions>rc;ico;cur;bmp;dlg;rc2;rct;bin;rgs;gif;jpg;jpeg;jpe;resx;tiff;tif;png;wav;mfcribbon-ms</Extensions>
    </Filter>
    <Filter Include="Header Files">
      <UniqueIdentifier>{93995380-89BD-4b04-88EB-625FBE52EBFB}</UniqueIdentifier>
      <Extensions>h;hh;hpp;hxx;hm;inl;inc;xsd</Extensions>
    </Filter>
    <Filter Include="Source Files">
      <UniqueIdentifier>{4FC737F1-C7A5-4376-A066-2A32D752A2FF}</UniqueIdentifier>
      <Extensions>cpp;c;cc;cxx;def;odl;idl;hpj;bat;asm;asmx</Extensions>
    </Filter>
  </ItemGroup>
  <ItemGroup>
    <ClCompile Include="src\IdLib\IdLib.cpp">
      <Filter>Source Files</Filter>
    </ClCompile>
    <ClCompile Include="src\IdLib\Location.cpp">
      <Filter>Source Files</Filter>
    </ClCompile>
  </ItemGroup>
  <ItemGroup>
    <ClInclude Include="src\IdLib\IdLib.hpp">
      <Filter>Header Files</Filter>
    </ClInclude>
    <ClInclude Include="src\IdLib\Platform.hpp">
      <Filter>Header Files</Filter>
    </ClInclude>
    <ClInclude Include="src\IdLib\Target.hpp">
      <Filter>Header Files</Filter>
    </ClInclude>
    <ClInclude Include="src\IdLib\NonCopyable.hpp">
      <Filter>Header Files</Filter>
    </ClInclude>
    <ClInclude Include="src\IdLib\AssertionFailedException.hpp">
      <Filter>Header Files</Filter>
    </ClInclude>
    <ClInclude Include="src\IdLib\Exception.hpp">
      <Filter>Header Files</Filter>
    </ClInclude>
    <ClInclude Include="src\IdLib\Location.hpp">
      <Filter>Header Files</Filter>
    </ClInclude>
    <ClInclude Include="src\IdLib\LockFailedException.hpp">
      <Filter>Header Files</Filter>
    </ClInclude>
    <ClInclude Include="src\IdLib\SyntacticalErrorException.hpp">
      <Filter>Header Files</Filter>
    </ClInclude>
    <ClInclude Include="src\IdLib\UnhandledSwitchCaseException.hpp">
      <Filter>Header Files</Filter>
    </ClInclude>
    <ClInclude Include="src\IdLib\AbstractLexicalErrorException.hpp">
      <Filter>Header Files</Filter>
    </ClInclude>
    <ClInclude Include="src\IdLib\AbstractSyntacticalErrorException.hpp">
      <Filter>Header Files</Filter>
    </ClInclude>
    <ClInclude Include="src\IdLib\LexicalErrorException.hpp">
      <Filter>Header Files</Filter>
    </ClInclude>
    <ClInclude Include="src\IdLib\EnvironmentErrorException.hpp">
      <Filter>Header Files</Filter>
    </ClInclude>
    <ClInclude Include="src\IdLib\RuntimeErrorException.hpp">
      <Filter>Header Files</Filter>
    </ClInclude>
    <ClInclude Include="src\IdLib\OutOfBoundsException.hpp">
      <Filter>Header Files</Filter>
    </ClInclude>
    <ClInclude Include="src\IdLib\InvalidArgumentException.hpp">
      <Filter>Header Files</Filter>
    </ClInclude>
    <ClInclude Include="src\IdLib\DebugAssert.hpp">
      <Filter>Header Files</Filter>
    </ClInclude>
  </ItemGroup>
  <ItemGroup>
    <None Include="src\IdLib\CurrentFunction.inline">
      <Filter>Header Files</Filter>
    </None>
  </ItemGroup>
</Project>