Microsoft Visual Studio Solution File, Format Version 10.00
# Visual Studio 2008
Project("{8BC9CEB8-8B4A-11D0-8D11-00A0C91BC942}") = "game", "game\game_vs9.vcproj", "{E9988340-E474-4C0A-8496-EFF3296DE056}"
	ProjectSection(ProjectDependencies) = postProject
		{F4A0A221-1948-4A47-846B-8DE949633638} = {F4A0A221-1948-4A47-846B-8DE949633638}
	EndProjectSection
EndProject
Project("{8BC9CEB8-8B4A-11D0-8D11-00A0C91BC942}") = "enet", "enet\enet_vs9.vcproj", "{F4A0A221-1948-4A47-846B-8DE949633638}"
EndProject
Global
	GlobalSection(SolutionConfigurationPlatforms) = preSolution
		Debug|Win32 = Debug|Win32
		Release|Win32 = Release|Win32
	EndGlobalSection
	GlobalSection(ProjectConfigurationPlatforms) = postSolution
		{E9988340-E474-4C0A-8496-EFF3296DE056}.Debug|Win32.ActiveCfg = Debug|Win32
		{E9988340-E474-4C0A-8496-EFF3296DE056}.Debug|Win32.Build.0 = Debug|Win32
		{E9988340-E474-4C0A-8496-EFF3296DE056}.Release|Win32.ActiveCfg = Release|Win32
		{E9988340-E474-4C0A-8496-EFF3296DE056}.Release|Win32.Build.0 = Release|Win32
		{F4A0A221-1948-4A47-846B-8DE949633638}.Debug|Win32.ActiveCfg = Debug|Win32
		{F4A0A221-1948-4A47-846B-8DE949633638}.Debug|Win32.Build.0 = Debug|Win32
		{F4A0A221-1948-4A47-846B-8DE949633638}.Release|Win32.ActiveCfg = Release|Win32
		{F4A0A221-1948-4A47-846B-8DE949633638}.Release|Win32.Build.0 = Release|Win32
	EndGlobalSection
	GlobalSection(SolutionProperties) = preSolution
		HideSolutionNode = FALSE
	EndGlobalSection
EndGlobal
