Microsoft Visual Studio Solution File, Format Version 12.00
# Visual Studio 14
VisualStudioVersion = 14.0.25123.0
MinimumVisualStudioVersion = 10.0.40219.1
Project("{8BC9CEB8-8B4A-11D0-8D11-00A0C91BC942}") = "game", "game\game.vcxproj", "{E9988340-E474-4C0A-8496-EFF3296DE056}"
	ProjectSection(ProjectDependencies) = postProject
		{0F32DD35-A264-4906-8FC9-2D0FE0613230} = {0F32DD35-A264-4906-8FC9-2D0FE0613230}
	EndProjectSection
EndProject
Project("{8BC9CEB8-8B4A-11D0-8D11-00A0C91BC942}") = "egolib", "egolib\egolib.vcxproj", "{0F32DD35-A264-4906-8FC9-2D0FE0613230}"
	ProjectSection(ProjectDependencies) = postProject
		{42B63689-1349-4389-8537-7CB21C0F65C9} = {42B63689-1349-4389-8537-7CB21C0F65C9}
		{0D701492-DB47-4E2A-A73D-8F2049103145} = {0D701492-DB47-4E2A-A73D-8F2049103145}
	EndProjectSection
EndProject
Project("{8BC9CEB8-8B4A-11D0-8D11-00A0C91BC942}") = "cartman", "cartman\cartman.vcxproj", "{87DFC5F5-A78E-4BE2-AEB7-AFB8DA3DBD63}"
	ProjectSection(ProjectDependencies) = postProject
		{0F32DD35-A264-4906-8FC9-2D0FE0613230} = {0F32DD35-A264-4906-8FC9-2D0FE0613230}
	EndProjectSection
EndProject
Project("{8BC9CEB8-8B4A-11D0-8D11-00A0C91BC942}") = "lualib", "external\lua-5.2.3\lua.vcxproj", "{42B63689-1349-4389-8537-7CB21C0F65C9}"
EndProject
Project("{8BC9CEB8-8B4A-11D0-8D11-00A0C91BC942}") = "physfs-static", "external\physfs-2.1.1\physfs-static.vcxproj", "{0D701492-DB47-4E2A-A73D-8F2049103145}"
EndProject
Project("{8BC9CEB8-8B4A-11D0-8D11-00A0C91BC942}") = "idlib", "idlib\idlib.vcxproj", "{F59E5A93-844C-4C7F-BFFA-C0E59785B9A2}"
EndProject
Project("{8BC9CEB8-8B4A-11D0-8D11-00A0C91BC942}") = "egolib-tests", "egolib\egolib-tests.vcxproj", "{72193166-DDB9-4393-8413-59E8D843DD9D}"
EndProject
Project("{2150E333-8FDC-42A3-9474-1A3956D46DE8}") = "External Dependencies", "External Dependencies", "{9BD0B7C7-47BB-4389-A7C6-4D5427D293C0}"
EndProject
Project("{8BC9CEB8-8B4A-11D0-8D11-00A0C91BC942}") = "convertpaletted", "utilities\convertpaletted\ConvertPaletted.vcxproj", "{1F8F692B-C307-4AB9-A48A-9B1F55FF02E6}"
EndProject
Project("{2150E333-8FDC-42A3-9474-1A3956D46DE8}") = "SDL2", "SDL2", "{5598C859-A436-4224-9039-0C7FDC3DF2DD}"
EndProject
Project("{8BC9CEB8-8B4A-11D0-8D11-00A0C91BC942}") = "SDL2", "external\SDL2-2.0.3\VisualC\SDL\SDL.vcxproj", "{336E1CF1-31F8-4AF3-BDF3-F6D4D5221AE7}"
EndProject
Project("{8BC9CEB8-8B4A-11D0-8D11-00A0C91BC942}") = "SDL2_image", "external\SDL2_image-2.0.0\VisualC\SDL_image.vcxproj", "{051AAF6C-2640-40F8-992D-23E3A0F5DEF1}"
EndProject
Project("{8BC9CEB8-8B4A-11D0-8D11-00A0C91BC942}") = "SDL2_ttf", "external\SDL2_ttf-2.0.12\VisualC\SDL_ttf.vcxproj", "{D114A863-1BDC-4979-A61E-CB6B7CA5F1BB}"
EndProject
Project("{8BC9CEB8-8B4A-11D0-8D11-00A0C91BC942}") = "timidity", "external\SDL2_mixer-2.0.0\VisualC\timidity\timidity.vcxproj", "{647CF537-A2FF-4B10-856F-82A350FADD7F}"
EndProject
Project("{8BC9CEB8-8B4A-11D0-8D11-00A0C91BC942}") = "native_midi", "external\SDL2_mixer-2.0.0\VisualC\native_midi\native_midi.vcxproj", "{1046AD56-292D-4C36-BDED-B1941CF8ACFA}"
EndProject
Project("{8BC9CEB8-8B4A-11D0-8D11-00A0C91BC942}") = "SDL2_mixer", "external\SDL2_mixer-2.0.0\VisualC\SDL_mixer.vcxproj", "{4FC99AE8-EC78-41FD-9293-78FAA5EAABB5}"
EndProject
Project("{8BC9CEB8-8B4A-11D0-8D11-00A0C91BC942}") = "SDL2main", "external\SDL2-2.0.3\VisualC\SDLmain\SDLmain.vcxproj", "{DD761575-1F8D-4A59-AA3B-10C61629AA64}"
EndProject
Global
	GlobalSection(SolutionConfigurationPlatforms) = preSolution
		Debug|Win32 = Debug|Win32
		Debug|x64 = Debug|x64
		Release|Win32 = Release|Win32
		Release|x64 = Release|x64
	EndGlobalSection
	GlobalSection(ProjectConfigurationPlatforms) = postSolution
		{E9988340-E474-4C0A-8496-EFF3296DE056}.Debug|Win32.ActiveCfg = Debug|Win32
		{E9988340-E474-4C0A-8496-EFF3296DE056}.Debug|Win32.Build.0 = Debug|Win32
		{E9988340-E474-4C0A-8496-EFF3296DE056}.Debug|x64.ActiveCfg = Debug|x64
		{E9988340-E474-4C0A-8496-EFF3296DE056}.Debug|x64.Build.0 = Debug|x64
		{E9988340-E474-4C0A-8496-EFF3296DE056}.Release|Win32.ActiveCfg = Release|Win32
		{E9988340-E474-4C0A-8496-EFF3296DE056}.Release|Win32.Build.0 = Release|Win32
		{E9988340-E474-4C0A-8496-EFF3296DE056}.Release|x64.ActiveCfg = Release|x64
		{E9988340-E474-4C0A-8496-EFF3296DE056}.Release|x64.Build.0 = Release|x64
		{0F32DD35-A264-4906-8FC9-2D0FE0613230}.Debug|Win32.ActiveCfg = Debug|Win32
		{0F32DD35-A264-4906-8FC9-2D0FE0613230}.Debug|Win32.Build.0 = Debug|Win32
		{0F32DD35-A264-4906-8FC9-2D0FE0613230}.Debug|x64.ActiveCfg = Debug|x64
		{0F32DD35-A264-4906-8FC9-2D0FE0613230}.Debug|x64.Build.0 = Debug|x64
		{0F32DD35-A264-4906-8FC9-2D0FE0613230}.Release|Win32.ActiveCfg = Release|Win32
		{0F32DD35-A264-4906-8FC9-2D0FE0613230}.Release|Win32.Build.0 = Release|Win32
		{0F32DD35-A264-4906-8FC9-2D0FE0613230}.Release|x64.ActiveCfg = Release|x64
		{0F32DD35-A264-4906-8FC9-2D0FE0613230}.Release|x64.Build.0 = Release|x64
		{87DFC5F5-A78E-4BE2-AEB7-AFB8DA3DBD63}.Debug|Win32.ActiveCfg = Debug|Win32
		{87DFC5F5-A78E-4BE2-AEB7-AFB8DA3DBD63}.Debug|Win32.Build.0 = Debug|Win32
		{87DFC5F5-A78E-4BE2-AEB7-AFB8DA3DBD63}.Debug|x64.ActiveCfg = Debug|x64
		{87DFC5F5-A78E-4BE2-AEB7-AFB8DA3DBD63}.Debug|x64.Build.0 = Debug|x64
		{87DFC5F5-A78E-4BE2-AEB7-AFB8DA3DBD63}.Release|Win32.ActiveCfg = Release|Win32
		{87DFC5F5-A78E-4BE2-AEB7-AFB8DA3DBD63}.Release|Win32.Build.0 = Release|Win32
		{87DFC5F5-A78E-4BE2-AEB7-AFB8DA3DBD63}.Release|x64.ActiveCfg = Release|x64
		{87DFC5F5-A78E-4BE2-AEB7-AFB8DA3DBD63}.Release|x64.Build.0 = Release|x64
		{42B63689-1349-4389-8537-7CB21C0F65C9}.Debug|Win32.ActiveCfg = Debug|Win32
		{42B63689-1349-4389-8537-7CB21C0F65C9}.Debug|Win32.Build.0 = Debug|Win32
		{42B63689-1349-4389-8537-7CB21C0F65C9}.Debug|x64.ActiveCfg = Debug|x64
		{42B63689-1349-4389-8537-7CB21C0F65C9}.Debug|x64.Build.0 = Debug|x64
		{42B63689-1349-4389-8537-7CB21C0F65C9}.Release|Win32.ActiveCfg = Release|Win32
		{42B63689-1349-4389-8537-7CB21C0F65C9}.Release|Win32.Build.0 = Release|Win32
		{42B63689-1349-4389-8537-7CB21C0F65C9}.Release|x64.ActiveCfg = Release|x64
		{42B63689-1349-4389-8537-7CB21C0F65C9}.Release|x64.Build.0 = Release|x64
		{0D701492-DB47-4E2A-A73D-8F2049103145}.Debug|Win32.ActiveCfg = Debug|Win32
		{0D701492-DB47-4E2A-A73D-8F2049103145}.Debug|Win32.Build.0 = Debug|Win32
		{0D701492-DB47-4E2A-A73D-8F2049103145}.Debug|x64.ActiveCfg = Debug|x64
		{0D701492-DB47-4E2A-A73D-8F2049103145}.Debug|x64.Build.0 = Debug|x64
		{0D701492-DB47-4E2A-A73D-8F2049103145}.Release|Win32.ActiveCfg = Release|Win32
		{0D701492-DB47-4E2A-A73D-8F2049103145}.Release|Win32.Build.0 = Release|Win32
		{0D701492-DB47-4E2A-A73D-8F2049103145}.Release|x64.ActiveCfg = Release|x64
		{0D701492-DB47-4E2A-A73D-8F2049103145}.Release|x64.Build.0 = Release|x64
		{F59E5A93-844C-4C7F-BFFA-C0E59785B9A2}.Debug|Win32.ActiveCfg = Debug|Win32
		{F59E5A93-844C-4C7F-BFFA-C0E59785B9A2}.Debug|Win32.Build.0 = Debug|Win32
		{F59E5A93-844C-4C7F-BFFA-C0E59785B9A2}.Debug|x64.ActiveCfg = Debug|x64
		{F59E5A93-844C-4C7F-BFFA-C0E59785B9A2}.Debug|x64.Build.0 = Debug|x64
		{F59E5A93-844C-4C7F-BFFA-C0E59785B9A2}.Release|Win32.ActiveCfg = Release|Win32
		{F59E5A93-844C-4C7F-BFFA-C0E59785B9A2}.Release|Win32.Build.0 = Release|Win32
		{F59E5A93-844C-4C7F-BFFA-C0E59785B9A2}.Release|x64.ActiveCfg = Release|x64
		{F59E5A93-844C-4C7F-BFFA-C0E59785B9A2}.Release|x64.Build.0 = Release|x64
		{72193166-DDB9-4393-8413-59E8D843DD9D}.Debug|Win32.ActiveCfg = Debug|Win32
		{72193166-DDB9-4393-8413-59E8D843DD9D}.Debug|Win32.Build.0 = Debug|Win32
		{72193166-DDB9-4393-8413-59E8D843DD9D}.Debug|x64.ActiveCfg = Debug|x64
		{72193166-DDB9-4393-8413-59E8D843DD9D}.Debug|x64.Build.0 = Debug|x64
		{72193166-DDB9-4393-8413-59E8D843DD9D}.Release|Win32.ActiveCfg = Release|Win32
		{72193166-DDB9-4393-8413-59E8D843DD9D}.Release|Win32.Build.0 = Release|Win32
		{72193166-DDB9-4393-8413-59E8D843DD9D}.Release|x64.ActiveCfg = Release|x64
		{72193166-DDB9-4393-8413-59E8D843DD9D}.Release|x64.Build.0 = Release|x64
		{1F8F692B-C307-4AB9-A48A-9B1F55FF02E6}.Debug|Win32.ActiveCfg = Debug|Win32
		{1F8F692B-C307-4AB9-A48A-9B1F55FF02E6}.Debug|Win32.Build.0 = Debug|Win32
		{1F8F692B-C307-4AB9-A48A-9B1F55FF02E6}.Debug|x64.ActiveCfg = Debug|x64
		{1F8F692B-C307-4AB9-A48A-9B1F55FF02E6}.Debug|x64.Build.0 = Debug|x64
		{1F8F692B-C307-4AB9-A48A-9B1F55FF02E6}.Release|Win32.ActiveCfg = Release|Win32
		{1F8F692B-C307-4AB9-A48A-9B1F55FF02E6}.Release|Win32.Build.0 = Release|Win32
		{1F8F692B-C307-4AB9-A48A-9B1F55FF02E6}.Release|x64.ActiveCfg = Release|x64
		{1F8F692B-C307-4AB9-A48A-9B1F55FF02E6}.Release|x64.Build.0 = Release|x64
		{336E1CF1-31F8-4AF3-BDF3-F6D4D5221AE7}.Debug|Win32.ActiveCfg = Debug|Win32
		{336E1CF1-31F8-4AF3-BDF3-F6D4D5221AE7}.Debug|Win32.Build.0 = Debug|Win32
		{336E1CF1-31F8-4AF3-BDF3-F6D4D5221AE7}.Debug|x64.ActiveCfg = Debug|x64
		{336E1CF1-31F8-4AF3-BDF3-F6D4D5221AE7}.Debug|x64.Build.0 = Debug|x64
		{336E1CF1-31F8-4AF3-BDF3-F6D4D5221AE7}.Release|Win32.ActiveCfg = Release|Win32
		{336E1CF1-31F8-4AF3-BDF3-F6D4D5221AE7}.Release|Win32.Build.0 = Release|Win32
		{336E1CF1-31F8-4AF3-BDF3-F6D4D5221AE7}.Release|x64.ActiveCfg = Release|x64
		{336E1CF1-31F8-4AF3-BDF3-F6D4D5221AE7}.Release|x64.Build.0 = Release|x64
		{051AAF6C-2640-40F8-992D-23E3A0F5DEF1}.Debug|Win32.ActiveCfg = Debug|Win32
		{051AAF6C-2640-40F8-992D-23E3A0F5DEF1}.Debug|Win32.Build.0 = Debug|Win32
		{051AAF6C-2640-40F8-992D-23E3A0F5DEF1}.Debug|x64.ActiveCfg = Debug|x64
		{051AAF6C-2640-40F8-992D-23E3A0F5DEF1}.Debug|x64.Build.0 = Debug|x64
		{051AAF6C-2640-40F8-992D-23E3A0F5DEF1}.Release|Win32.ActiveCfg = Release|Win32
		{051AAF6C-2640-40F8-992D-23E3A0F5DEF1}.Release|Win32.Build.0 = Release|Win32
		{051AAF6C-2640-40F8-992D-23E3A0F5DEF1}.Release|x64.ActiveCfg = Release|x64
		{051AAF6C-2640-40F8-992D-23E3A0F5DEF1}.Release|x64.Build.0 = Release|x64
		{D114A863-1BDC-4979-A61E-CB6B7CA5F1BB}.Debug|Win32.ActiveCfg = Debug|Win32
		{D114A863-1BDC-4979-A61E-CB6B7CA5F1BB}.Debug|Win32.Build.0 = Debug|Win32
		{D114A863-1BDC-4979-A61E-CB6B7CA5F1BB}.Debug|x64.ActiveCfg = Debug|x64
		{D114A863-1BDC-4979-A61E-CB6B7CA5F1BB}.Debug|x64.Build.0 = Debug|x64
		{D114A863-1BDC-4979-A61E-CB6B7CA5F1BB}.Release|Win32.ActiveCfg = Release|Win32
		{D114A863-1BDC-4979-A61E-CB6B7CA5F1BB}.Release|Win32.Build.0 = Release|Win32
		{D114A863-1BDC-4979-A61E-CB6B7CA5F1BB}.Release|x64.ActiveCfg = Release|x64
		{D114A863-1BDC-4979-A61E-CB6B7CA5F1BB}.Release|x64.Build.0 = Release|x64
		{647CF537-A2FF-4B10-856F-82A350FADD7F}.Debug|Win32.ActiveCfg = Debug|Win32
		{647CF537-A2FF-4B10-856F-82A350FADD7F}.Debug|Win32.Build.0 = Debug|Win32
		{647CF537-A2FF-4B10-856F-82A350FADD7F}.Debug|x64.ActiveCfg = Debug|x64
		{647CF537-A2FF-4B10-856F-82A350FADD7F}.Debug|x64.Build.0 = Debug|x64
		{647CF537-A2FF-4B10-856F-82A350FADD7F}.Release|Win32.ActiveCfg = Release|Win32
		{647CF537-A2FF-4B10-856F-82A350FADD7F}.Release|Win32.Build.0 = Release|Win32
		{647CF537-A2FF-4B10-856F-82A350FADD7F}.Release|x64.ActiveCfg = Release|x64
		{647CF537-A2FF-4B10-856F-82A350FADD7F}.Release|x64.Build.0 = Release|x64
		{1046AD56-292D-4C36-BDED-B1941CF8ACFA}.Debug|Win32.ActiveCfg = Debug|Win32
		{1046AD56-292D-4C36-BDED-B1941CF8ACFA}.Debug|Win32.Build.0 = Debug|Win32
		{1046AD56-292D-4C36-BDED-B1941CF8ACFA}.Debug|x64.ActiveCfg = Debug|x64
		{1046AD56-292D-4C36-BDED-B1941CF8ACFA}.Debug|x64.Build.0 = Debug|x64
		{1046AD56-292D-4C36-BDED-B1941CF8ACFA}.Release|Win32.ActiveCfg = Release|Win32
		{1046AD56-292D-4C36-BDED-B1941CF8ACFA}.Release|Win32.Build.0 = Release|Win32
		{1046AD56-292D-4C36-BDED-B1941CF8ACFA}.Release|x64.ActiveCfg = Release|x64
		{1046AD56-292D-4C36-BDED-B1941CF8ACFA}.Release|x64.Build.0 = Release|x64
		{4FC99AE8-EC78-41FD-9293-78FAA5EAABB5}.Debug|Win32.ActiveCfg = Debug|Win32
		{4FC99AE8-EC78-41FD-9293-78FAA5EAABB5}.Debug|Win32.Build.0 = Debug|Win32
		{4FC99AE8-EC78-41FD-9293-78FAA5EAABB5}.Debug|x64.ActiveCfg = Debug|x64
		{4FC99AE8-EC78-41FD-9293-78FAA5EAABB5}.Debug|x64.Build.0 = Debug|x64
		{4FC99AE8-EC78-41FD-9293-78FAA5EAABB5}.Release|Win32.ActiveCfg = Release|Win32
		{4FC99AE8-EC78-41FD-9293-78FAA5EAABB5}.Release|Win32.Build.0 = Release|Win32
		{4FC99AE8-EC78-41FD-9293-78FAA5EAABB5}.Release|x64.ActiveCfg = Release|x64
		{4FC99AE8-EC78-41FD-9293-78FAA5EAABB5}.Release|x64.Build.0 = Release|x64
		{DD761575-1F8D-4A59-AA3B-10C61629AA64}.Debug|Win32.ActiveCfg = Debug|Win32
		{DD761575-1F8D-4A59-AA3B-10C61629AA64}.Debug|Win32.Build.0 = Debug|Win32
		{DD761575-1F8D-4A59-AA3B-10C61629AA64}.Debug|x64.ActiveCfg = Debug|x64
		{DD761575-1F8D-4A59-AA3B-10C61629AA64}.Debug|x64.Build.0 = Debug|x64
		{DD761575-1F8D-4A59-AA3B-10C61629AA64}.Release|Win32.ActiveCfg = Release|Win32
		{DD761575-1F8D-4A59-AA3B-10C61629AA64}.Release|Win32.Build.0 = Release|Win32
		{DD761575-1F8D-4A59-AA3B-10C61629AA64}.Release|x64.ActiveCfg = Release|x64
		{DD761575-1F8D-4A59-AA3B-10C61629AA64}.Release|x64.Build.0 = Release|x64
	EndGlobalSection
	GlobalSection(SolutionProperties) = preSolution
		HideSolutionNode = FALSE
	EndGlobalSection
	GlobalSection(NestedProjects) = preSolution
		{42B63689-1349-4389-8537-7CB21C0F65C9} = {9BD0B7C7-47BB-4389-A7C6-4D5427D293C0}
		{0D701492-DB47-4E2A-A73D-8F2049103145} = {9BD0B7C7-47BB-4389-A7C6-4D5427D293C0}
		{5598C859-A436-4224-9039-0C7FDC3DF2DD} = {9BD0B7C7-47BB-4389-A7C6-4D5427D293C0}
		{336E1CF1-31F8-4AF3-BDF3-F6D4D5221AE7} = {5598C859-A436-4224-9039-0C7FDC3DF2DD}
		{051AAF6C-2640-40F8-992D-23E3A0F5DEF1} = {5598C859-A436-4224-9039-0C7FDC3DF2DD}
		{D114A863-1BDC-4979-A61E-CB6B7CA5F1BB} = {5598C859-A436-4224-9039-0C7FDC3DF2DD}
		{647CF537-A2FF-4B10-856F-82A350FADD7F} = {5598C859-A436-4224-9039-0C7FDC3DF2DD}
		{1046AD56-292D-4C36-BDED-B1941CF8ACFA} = {5598C859-A436-4224-9039-0C7FDC3DF2DD}
		{4FC99AE8-EC78-41FD-9293-78FAA5EAABB5} = {5598C859-A436-4224-9039-0C7FDC3DF2DD}
		{DD761575-1F8D-4A59-AA3B-10C61629AA64} = {5598C859-A436-4224-9039-0C7FDC3DF2DD}
	EndGlobalSection
EndGlobal
