Microsoft Visual Studio Solution File, Format Version 12.00
# Visual Studio Express 2013 for Windows Desktop
VisualStudioVersion = 12.0.31101.0
MinimumVisualStudioVersion = 10.0.40219.1
Project("{8BC9CEB8-8B4A-11D0-8D11-00A0C91BC942}") = "game", "game\game_vs13.vcxproj", "{E9988340-E474-4C0A-8496-EFF3296DE056}"
	ProjectSection(ProjectDependencies) = postProject
		{0F32DD35-A264-4906-8FC9-2D0FE0613230} = {0F32DD35-A264-4906-8FC9-2D0FE0613230}
	EndProjectSection
EndProject
Project("{8BC9CEB8-8B4A-11D0-8D11-00A0C91BC942}") = "egolib", "egolib\egolib_vs13.vcxproj", "{0F32DD35-A264-4906-8FC9-2D0FE0613230}"
	ProjectSection(ProjectDependencies) = postProject
		{2BD5534E-00E2-4BEA-AC96-D9A92EA24696} = {2BD5534E-00E2-4BEA-AC96-D9A92EA24696}
		{DDDBD07D-DC76-4AF6-8D02-3E2DEB6EE255} = {DDDBD07D-DC76-4AF6-8D02-3E2DEB6EE255}
		{42B63689-1349-4389-8537-7CB21C0F65C9} = {42B63689-1349-4389-8537-7CB21C0F65C9}
		{0D701492-DB47-4E2A-A73D-8F2049103145} = {0D701492-DB47-4E2A-A73D-8F2049103145}
		{0E134899-E556-41FC-B26E-ED35C05C6023} = {0E134899-E556-41FC-B26E-ED35C05C6023}
		{81CE8DAF-EBB2-4761-8E45-B71ABCCA8C68} = {81CE8DAF-EBB2-4761-8E45-B71ABCCA8C68}
		{F7E944B3-0815-40CD-B3E4-90B2A15B0E33} = {F7E944B3-0815-40CD-B3E4-90B2A15B0E33}
		{DA956FD3-E142-46F2-9DD5-C78BEBB56B7A} = {DA956FD3-E142-46F2-9DD5-C78BEBB56B7A}
	EndProjectSection
EndProject
Project("{8BC9CEB8-8B4A-11D0-8D11-00A0C91BC942}") = "cartman", "cartman\cartman_vs13.vcxproj", "{87DFC5F5-A78E-4BE2-AEB7-AFB8DA3DBD63}"
	ProjectSection(ProjectDependencies) = postProject
		{0F32DD35-A264-4906-8FC9-2D0FE0613230} = {0F32DD35-A264-4906-8FC9-2D0FE0613230}
	EndProjectSection
EndProject
Project("{8BC9CEB8-8B4A-11D0-8D11-00A0C91BC942}") = "lualib", "external\lua-5.2.3\lua.vcxproj", "{42B63689-1349-4389-8537-7CB21C0F65C9}"
EndProject
Project("{8BC9CEB8-8B4A-11D0-8D11-00A0C91BC942}") = "SDL", "external\SDL-1.2.15\VisualC\SDL\SDL.vcxproj", "{81CE8DAF-EBB2-4761-8E45-B71ABCCA8C68}"
EndProject
Project("{8BC9CEB8-8B4A-11D0-8D11-00A0C91BC942}") = "SDLmain", "external\SDL-1.2.15\VisualC\SDLmain\SDLmain.vcxproj", "{DA956FD3-E142-46F2-9DD5-C78BEBB56B7A}"
EndProject
Project("{8BC9CEB8-8B4A-11D0-8D11-00A0C91BC942}") = "SDL_ttf", "external\SDL_ttf-2.0.11\VisualC\SDL_ttf.vcxproj", "{DDDBD07D-DC76-4AF6-8D02-3E2DEB6EE255}"
	ProjectSection(ProjectDependencies) = postProject
		{81CE8DAF-EBB2-4761-8E45-B71ABCCA8C68} = {81CE8DAF-EBB2-4761-8E45-B71ABCCA8C68}
	EndProjectSection
EndProject
Project("{8BC9CEB8-8B4A-11D0-8D11-00A0C91BC942}") = "showfont", "external\SDL_ttf-2.0.11\VisualC\showfont\showfont.vcxproj", "{7B1F60CD-2A09-4514-937C-D9DD044428FB}"
	ProjectSection(ProjectDependencies) = postProject
		{DA956FD3-E142-46F2-9DD5-C78BEBB56B7A} = {DA956FD3-E142-46F2-9DD5-C78BEBB56B7A}
	EndProjectSection
EndProject
Project("{8BC9CEB8-8B4A-11D0-8D11-00A0C91BC942}") = "glfont", "external\SDL_ttf-2.0.11\VisualC\glfont\glfont.vcxproj", "{3BEF6A23-3BB6-4400-9421-D055B36466DC}"
	ProjectSection(ProjectDependencies) = postProject
		{DA956FD3-E142-46F2-9DD5-C78BEBB56B7A} = {DA956FD3-E142-46F2-9DD5-C78BEBB56B7A}
	EndProjectSection
EndProject
Project("{8BC9CEB8-8B4A-11D0-8D11-00A0C91BC942}") = "SDL_mixer", "external\SDL_mixer-1.2.12\VisualC\SDL_mixer.vcxproj", "{F7E944B3-0815-40CD-B3E4-90B2A15B0E33}"
EndProject
Project("{8BC9CEB8-8B4A-11D0-8D11-00A0C91BC942}") = "native_midi", "external\SDL_mixer-1.2.12\VisualC\native_midi\native_midi.vcxproj", "{EBDA67CA-4A23-4F22-BFBC-B8DBE0580D4F}"
	ProjectSection(ProjectDependencies) = postProject
		{81CE8DAF-EBB2-4761-8E45-B71ABCCA8C68} = {81CE8DAF-EBB2-4761-8E45-B71ABCCA8C68}
		{DA956FD3-E142-46F2-9DD5-C78BEBB56B7A} = {DA956FD3-E142-46F2-9DD5-C78BEBB56B7A}
	EndProjectSection
EndProject
Project("{8BC9CEB8-8B4A-11D0-8D11-00A0C91BC942}") = "playmus", "external\SDL_mixer-1.2.12\VisualC\playmus\playmus.vcxproj", "{72CB0DD4-051D-486C-9CB3-75FE16F7D87A}"
EndProject
Project("{8BC9CEB8-8B4A-11D0-8D11-00A0C91BC942}") = "playwave", "external\SDL_mixer-1.2.12\VisualC\playwave\playwave.vcxproj", "{AC86CEAA-9908-476F-B15F-C7193CEF81BD}"
EndProject
Project("{8BC9CEB8-8B4A-11D0-8D11-00A0C91BC942}") = "timidity", "external\SDL_mixer-1.2.12\VisualC\timidity\timidity.vcxproj", "{B162B6F1-E876-4D5F-A1F6-E3A6DC2F4A2C}"
EndProject
Project("{8BC9CEB8-8B4A-11D0-8D11-00A0C91BC942}") = "SDL_image", "external\SDL_image-1.2.12\VisualC\SDL_image.vcxproj", "{2BD5534E-00E2-4BEA-AC96-D9A92EA24696}"
EndProject
Project("{8BC9CEB8-8B4A-11D0-8D11-00A0C91BC942}") = "showimage", "external\SDL_image-1.2.12\VisualC\showimage\showimage.vcxproj", "{FEE80C5D-762E-4E57-9BCB-928749E8203F}"
	ProjectSection(ProjectDependencies) = postProject
		{81CE8DAF-EBB2-4761-8E45-B71ABCCA8C68} = {81CE8DAF-EBB2-4761-8E45-B71ABCCA8C68}
	EndProjectSection
EndProject
Project("{8BC9CEB8-8B4A-11D0-8D11-00A0C91BC942}") = "enet", "external\enet-master\enet.vcxproj", "{0E134899-E556-41FC-B26E-ED35C05C6023}"
EndProject
Project("{8BC9CEB8-8B4A-11D0-8D11-00A0C91BC942}") = "physfs-static", "external\physfs-2.1.1\physfs-static.vcxproj", "{0D701492-DB47-4E2A-A73D-8F2049103145}"
EndProject
Project("{8BC9CEB8-8B4A-11D0-8D11-00A0C91BC942}") = "idlib", "idlib\idlib_vs13.vcxproj", "{F59E5A93-844C-4C7F-BFFA-C0E59785B9A2}"
EndProject
Project("{8BC9CEB8-8B4A-11D0-8D11-00A0C91BC942}") = "egolib-tests", "egolib\egolib-tests.vcxproj", "{72193166-DDB9-4393-8413-59E8D843DD9D}"
EndProject
Project("{2150E333-8FDC-42A3-9474-1A3956D46DE8}") = "External Dependencies", "External Dependencies", "{9BD0B7C7-47BB-4389-A7C6-4D5427D293C0}"
EndProject
Global
	GlobalSection(SolutionConfigurationPlatforms) = preSolution
		Debug|Mixed Platforms = Debug|Mixed Platforms
		Debug|Win32 = Debug|Win32
		Debug|x64 = Debug|x64
		Release_NoSTDIO|Mixed Platforms = Release_NoSTDIO|Mixed Platforms
		Release_NoSTDIO|Win32 = Release_NoSTDIO|Win32
		Release_NoSTDIO|x64 = Release_NoSTDIO|x64
		Release|Mixed Platforms = Release|Mixed Platforms
		Release|Win32 = Release|Win32
		Release|x64 = Release|x64
	EndGlobalSection
	GlobalSection(ProjectConfigurationPlatforms) = postSolution
		{E9988340-E474-4C0A-8496-EFF3296DE056}.Debug|Mixed Platforms.ActiveCfg = Debug|Win32
		{E9988340-E474-4C0A-8496-EFF3296DE056}.Debug|Mixed Platforms.Build.0 = Debug|Win32
		{E9988340-E474-4C0A-8496-EFF3296DE056}.Debug|Win32.ActiveCfg = Debug|Win32
		{E9988340-E474-4C0A-8496-EFF3296DE056}.Debug|Win32.Build.0 = Debug|Win32
		{E9988340-E474-4C0A-8496-EFF3296DE056}.Debug|x64.ActiveCfg = Debug|x64
		{E9988340-E474-4C0A-8496-EFF3296DE056}.Debug|x64.Build.0 = Debug|x64
		{E9988340-E474-4C0A-8496-EFF3296DE056}.Release_NoSTDIO|Mixed Platforms.ActiveCfg = Release|Win32
		{E9988340-E474-4C0A-8496-EFF3296DE056}.Release_NoSTDIO|Mixed Platforms.Build.0 = Release|Win32
		{E9988340-E474-4C0A-8496-EFF3296DE056}.Release_NoSTDIO|Win32.ActiveCfg = Release|Win32
		{E9988340-E474-4C0A-8496-EFF3296DE056}.Release_NoSTDIO|Win32.Build.0 = Release|Win32
		{E9988340-E474-4C0A-8496-EFF3296DE056}.Release_NoSTDIO|x64.ActiveCfg = Release|x64
		{E9988340-E474-4C0A-8496-EFF3296DE056}.Release_NoSTDIO|x64.Build.0 = Release|x64
		{E9988340-E474-4C0A-8496-EFF3296DE056}.Release|Mixed Platforms.ActiveCfg = Release|Win32
		{E9988340-E474-4C0A-8496-EFF3296DE056}.Release|Mixed Platforms.Build.0 = Release|Win32
		{E9988340-E474-4C0A-8496-EFF3296DE056}.Release|Win32.ActiveCfg = Release|Win32
		{E9988340-E474-4C0A-8496-EFF3296DE056}.Release|Win32.Build.0 = Release|Win32
		{E9988340-E474-4C0A-8496-EFF3296DE056}.Release|x64.ActiveCfg = Release|x64
		{E9988340-E474-4C0A-8496-EFF3296DE056}.Release|x64.Build.0 = Release|x64
		{0F32DD35-A264-4906-8FC9-2D0FE0613230}.Debug|Mixed Platforms.ActiveCfg = Debug|Win32
		{0F32DD35-A264-4906-8FC9-2D0FE0613230}.Debug|Mixed Platforms.Build.0 = Debug|Win32
		{0F32DD35-A264-4906-8FC9-2D0FE0613230}.Debug|Win32.ActiveCfg = Debug|Win32
		{0F32DD35-A264-4906-8FC9-2D0FE0613230}.Debug|Win32.Build.0 = Debug|Win32
		{0F32DD35-A264-4906-8FC9-2D0FE0613230}.Debug|x64.ActiveCfg = Debug|x64
		{0F32DD35-A264-4906-8FC9-2D0FE0613230}.Debug|x64.Build.0 = Debug|x64
		{0F32DD35-A264-4906-8FC9-2D0FE0613230}.Release_NoSTDIO|Mixed Platforms.ActiveCfg = Release|Win32
		{0F32DD35-A264-4906-8FC9-2D0FE0613230}.Release_NoSTDIO|Mixed Platforms.Build.0 = Release|Win32
		{0F32DD35-A264-4906-8FC9-2D0FE0613230}.Release_NoSTDIO|Win32.ActiveCfg = Release|Win32
		{0F32DD35-A264-4906-8FC9-2D0FE0613230}.Release_NoSTDIO|Win32.Build.0 = Release|Win32
		{0F32DD35-A264-4906-8FC9-2D0FE0613230}.Release_NoSTDIO|x64.ActiveCfg = Release|x64
		{0F32DD35-A264-4906-8FC9-2D0FE0613230}.Release_NoSTDIO|x64.Build.0 = Release|x64
		{0F32DD35-A264-4906-8FC9-2D0FE0613230}.Release|Mixed Platforms.ActiveCfg = Release|Win32
		{0F32DD35-A264-4906-8FC9-2D0FE0613230}.Release|Mixed Platforms.Build.0 = Release|Win32
		{0F32DD35-A264-4906-8FC9-2D0FE0613230}.Release|Win32.ActiveCfg = Release|Win32
		{0F32DD35-A264-4906-8FC9-2D0FE0613230}.Release|Win32.Build.0 = Release|Win32
		{0F32DD35-A264-4906-8FC9-2D0FE0613230}.Release|x64.ActiveCfg = Release|x64
		{0F32DD35-A264-4906-8FC9-2D0FE0613230}.Release|x64.Build.0 = Release|x64
		{87DFC5F5-A78E-4BE2-AEB7-AFB8DA3DBD63}.Debug|Mixed Platforms.ActiveCfg = Debug|Win32
		{87DFC5F5-A78E-4BE2-AEB7-AFB8DA3DBD63}.Debug|Mixed Platforms.Build.0 = Debug|Win32
		{87DFC5F5-A78E-4BE2-AEB7-AFB8DA3DBD63}.Debug|Win32.ActiveCfg = Debug|Win32
		{87DFC5F5-A78E-4BE2-AEB7-AFB8DA3DBD63}.Debug|Win32.Build.0 = Debug|Win32
		{87DFC5F5-A78E-4BE2-AEB7-AFB8DA3DBD63}.Debug|x64.ActiveCfg = Debug|x64
		{87DFC5F5-A78E-4BE2-AEB7-AFB8DA3DBD63}.Debug|x64.Build.0 = Debug|x64
		{87DFC5F5-A78E-4BE2-AEB7-AFB8DA3DBD63}.Release_NoSTDIO|Mixed Platforms.ActiveCfg = Release|Win32
		{87DFC5F5-A78E-4BE2-AEB7-AFB8DA3DBD63}.Release_NoSTDIO|Mixed Platforms.Build.0 = Release|Win32
		{87DFC5F5-A78E-4BE2-AEB7-AFB8DA3DBD63}.Release_NoSTDIO|Win32.ActiveCfg = Release|Win32
		{87DFC5F5-A78E-4BE2-AEB7-AFB8DA3DBD63}.Release_NoSTDIO|Win32.Build.0 = Release|Win32
		{87DFC5F5-A78E-4BE2-AEB7-AFB8DA3DBD63}.Release_NoSTDIO|x64.ActiveCfg = Release|x64
		{87DFC5F5-A78E-4BE2-AEB7-AFB8DA3DBD63}.Release_NoSTDIO|x64.Build.0 = Release|x64
		{87DFC5F5-A78E-4BE2-AEB7-AFB8DA3DBD63}.Release|Mixed Platforms.ActiveCfg = Release|Win32
		{87DFC5F5-A78E-4BE2-AEB7-AFB8DA3DBD63}.Release|Mixed Platforms.Build.0 = Release|Win32
		{87DFC5F5-A78E-4BE2-AEB7-AFB8DA3DBD63}.Release|Win32.ActiveCfg = Release|Win32
		{87DFC5F5-A78E-4BE2-AEB7-AFB8DA3DBD63}.Release|Win32.Build.0 = Release|Win32
		{87DFC5F5-A78E-4BE2-AEB7-AFB8DA3DBD63}.Release|x64.ActiveCfg = Release|x64
		{87DFC5F5-A78E-4BE2-AEB7-AFB8DA3DBD63}.Release|x64.Build.0 = Release|x64
		{42B63689-1349-4389-8537-7CB21C0F65C9}.Debug|Mixed Platforms.ActiveCfg = Debug|Win32
		{42B63689-1349-4389-8537-7CB21C0F65C9}.Debug|Mixed Platforms.Build.0 = Debug|Win32
		{42B63689-1349-4389-8537-7CB21C0F65C9}.Debug|Win32.ActiveCfg = Debug|Win32
		{42B63689-1349-4389-8537-7CB21C0F65C9}.Debug|Win32.Build.0 = Debug|Win32
		{42B63689-1349-4389-8537-7CB21C0F65C9}.Debug|x64.ActiveCfg = Debug|x64
		{42B63689-1349-4389-8537-7CB21C0F65C9}.Debug|x64.Build.0 = Debug|x64
		{42B63689-1349-4389-8537-7CB21C0F65C9}.Release_NoSTDIO|Mixed Platforms.ActiveCfg = Release|Win32
		{42B63689-1349-4389-8537-7CB21C0F65C9}.Release_NoSTDIO|Mixed Platforms.Build.0 = Release|Win32
		{42B63689-1349-4389-8537-7CB21C0F65C9}.Release_NoSTDIO|Win32.ActiveCfg = Release|Win32
		{42B63689-1349-4389-8537-7CB21C0F65C9}.Release_NoSTDIO|Win32.Build.0 = Release|Win32
		{42B63689-1349-4389-8537-7CB21C0F65C9}.Release_NoSTDIO|x64.ActiveCfg = Release|x64
		{42B63689-1349-4389-8537-7CB21C0F65C9}.Release_NoSTDIO|x64.Build.0 = Release|x64
		{42B63689-1349-4389-8537-7CB21C0F65C9}.Release|Mixed Platforms.ActiveCfg = Release|Win32
		{42B63689-1349-4389-8537-7CB21C0F65C9}.Release|Mixed Platforms.Build.0 = Release|Win32
		{42B63689-1349-4389-8537-7CB21C0F65C9}.Release|Win32.ActiveCfg = Release|Win32
		{42B63689-1349-4389-8537-7CB21C0F65C9}.Release|Win32.Build.0 = Release|Win32
		{42B63689-1349-4389-8537-7CB21C0F65C9}.Release|x64.ActiveCfg = Release|x64
		{42B63689-1349-4389-8537-7CB21C0F65C9}.Release|x64.Build.0 = Release|x64
		{81CE8DAF-EBB2-4761-8E45-B71ABCCA8C68}.Debug|Mixed Platforms.ActiveCfg = Debug|Win32
		{81CE8DAF-EBB2-4761-8E45-B71ABCCA8C68}.Debug|Mixed Platforms.Build.0 = Debug|Win32
		{81CE8DAF-EBB2-4761-8E45-B71ABCCA8C68}.Debug|Win32.ActiveCfg = Debug|Win32
		{81CE8DAF-EBB2-4761-8E45-B71ABCCA8C68}.Debug|Win32.Build.0 = Debug|Win32
		{81CE8DAF-EBB2-4761-8E45-B71ABCCA8C68}.Debug|x64.ActiveCfg = Debug|x64
		{81CE8DAF-EBB2-4761-8E45-B71ABCCA8C68}.Debug|x64.Build.0 = Debug|x64
		{81CE8DAF-EBB2-4761-8E45-B71ABCCA8C68}.Release_NoSTDIO|Mixed Platforms.ActiveCfg = Release|Win32
		{81CE8DAF-EBB2-4761-8E45-B71ABCCA8C68}.Release_NoSTDIO|Mixed Platforms.Build.0 = Release|Win32
		{81CE8DAF-EBB2-4761-8E45-B71ABCCA8C68}.Release_NoSTDIO|Win32.ActiveCfg = Release|Win32
		{81CE8DAF-EBB2-4761-8E45-B71ABCCA8C68}.Release_NoSTDIO|Win32.Build.0 = Release|Win32
		{81CE8DAF-EBB2-4761-8E45-B71ABCCA8C68}.Release_NoSTDIO|x64.ActiveCfg = Release|x64
		{81CE8DAF-EBB2-4761-8E45-B71ABCCA8C68}.Release_NoSTDIO|x64.Build.0 = Release|x64
		{81CE8DAF-EBB2-4761-8E45-B71ABCCA8C68}.Release|Mixed Platforms.ActiveCfg = Release|Win32
		{81CE8DAF-EBB2-4761-8E45-B71ABCCA8C68}.Release|Mixed Platforms.Build.0 = Release|Win32
		{81CE8DAF-EBB2-4761-8E45-B71ABCCA8C68}.Release|Win32.ActiveCfg = Release|Win32
		{81CE8DAF-EBB2-4761-8E45-B71ABCCA8C68}.Release|Win32.Build.0 = Release|Win32
		{81CE8DAF-EBB2-4761-8E45-B71ABCCA8C68}.Release|x64.ActiveCfg = Release|x64
		{81CE8DAF-EBB2-4761-8E45-B71ABCCA8C68}.Release|x64.Build.0 = Release|x64
		{DA956FD3-E142-46F2-9DD5-C78BEBB56B7A}.Debug|Mixed Platforms.ActiveCfg = Debug|Win32
		{DA956FD3-E142-46F2-9DD5-C78BEBB56B7A}.Debug|Mixed Platforms.Build.0 = Debug|Win32
		{DA956FD3-E142-46F2-9DD5-C78BEBB56B7A}.Debug|Win32.ActiveCfg = Debug|Win32
		{DA956FD3-E142-46F2-9DD5-C78BEBB56B7A}.Debug|Win32.Build.0 = Debug|Win32
		{DA956FD3-E142-46F2-9DD5-C78BEBB56B7A}.Debug|x64.ActiveCfg = Debug|x64
		{DA956FD3-E142-46F2-9DD5-C78BEBB56B7A}.Debug|x64.Build.0 = Debug|x64
		{DA956FD3-E142-46F2-9DD5-C78BEBB56B7A}.Release_NoSTDIO|Mixed Platforms.ActiveCfg = Release_NoSTDIO|Win32
		{DA956FD3-E142-46F2-9DD5-C78BEBB56B7A}.Release_NoSTDIO|Mixed Platforms.Build.0 = Release_NoSTDIO|Win32
		{DA956FD3-E142-46F2-9DD5-C78BEBB56B7A}.Release_NoSTDIO|Win32.ActiveCfg = Release_NoSTDIO|Win32
		{DA956FD3-E142-46F2-9DD5-C78BEBB56B7A}.Release_NoSTDIO|Win32.Build.0 = Release_NoSTDIO|Win32
		{DA956FD3-E142-46F2-9DD5-C78BEBB56B7A}.Release_NoSTDIO|x64.ActiveCfg = Release_NoSTDIO|x64
		{DA956FD3-E142-46F2-9DD5-C78BEBB56B7A}.Release_NoSTDIO|x64.Build.0 = Release_NoSTDIO|x64
		{DA956FD3-E142-46F2-9DD5-C78BEBB56B7A}.Release|Mixed Platforms.ActiveCfg = Release|Win32
		{DA956FD3-E142-46F2-9DD5-C78BEBB56B7A}.Release|Mixed Platforms.Build.0 = Release|Win32
		{DA956FD3-E142-46F2-9DD5-C78BEBB56B7A}.Release|Win32.ActiveCfg = Release|Win32
		{DA956FD3-E142-46F2-9DD5-C78BEBB56B7A}.Release|Win32.Build.0 = Release|Win32
		{DA956FD3-E142-46F2-9DD5-C78BEBB56B7A}.Release|x64.ActiveCfg = Release|x64
		{DA956FD3-E142-46F2-9DD5-C78BEBB56B7A}.Release|x64.Build.0 = Release|x64
		{DDDBD07D-DC76-4AF6-8D02-3E2DEB6EE255}.Debug|Mixed Platforms.ActiveCfg = Debug|Win32
		{DDDBD07D-DC76-4AF6-8D02-3E2DEB6EE255}.Debug|Mixed Platforms.Build.0 = Debug|Win32
		{DDDBD07D-DC76-4AF6-8D02-3E2DEB6EE255}.Debug|Win32.ActiveCfg = Debug|Win32
		{DDDBD07D-DC76-4AF6-8D02-3E2DEB6EE255}.Debug|Win32.Build.0 = Debug|Win32
		{DDDBD07D-DC76-4AF6-8D02-3E2DEB6EE255}.Debug|x64.ActiveCfg = Debug|x64
		{DDDBD07D-DC76-4AF6-8D02-3E2DEB6EE255}.Debug|x64.Build.0 = Debug|x64
		{DDDBD07D-DC76-4AF6-8D02-3E2DEB6EE255}.Release_NoSTDIO|Mixed Platforms.ActiveCfg = Release|Win32
		{DDDBD07D-DC76-4AF6-8D02-3E2DEB6EE255}.Release_NoSTDIO|Mixed Platforms.Build.0 = Release|Win32
		{DDDBD07D-DC76-4AF6-8D02-3E2DEB6EE255}.Release_NoSTDIO|Win32.ActiveCfg = Release|Win32
		{DDDBD07D-DC76-4AF6-8D02-3E2DEB6EE255}.Release_NoSTDIO|Win32.Build.0 = Release|Win32
		{DDDBD07D-DC76-4AF6-8D02-3E2DEB6EE255}.Release_NoSTDIO|x64.ActiveCfg = Release|x64
		{DDDBD07D-DC76-4AF6-8D02-3E2DEB6EE255}.Release_NoSTDIO|x64.Build.0 = Release|x64
		{DDDBD07D-DC76-4AF6-8D02-3E2DEB6EE255}.Release|Mixed Platforms.ActiveCfg = Release|Win32
		{DDDBD07D-DC76-4AF6-8D02-3E2DEB6EE255}.Release|Mixed Platforms.Build.0 = Release|Win32
		{DDDBD07D-DC76-4AF6-8D02-3E2DEB6EE255}.Release|Win32.ActiveCfg = Release|Win32
		{DDDBD07D-DC76-4AF6-8D02-3E2DEB6EE255}.Release|Win32.Build.0 = Release|Win32
		{DDDBD07D-DC76-4AF6-8D02-3E2DEB6EE255}.Release|x64.ActiveCfg = Release|x64
		{DDDBD07D-DC76-4AF6-8D02-3E2DEB6EE255}.Release|x64.Build.0 = Release|x64
		{7B1F60CD-2A09-4514-937C-D9DD044428FB}.Debug|Mixed Platforms.ActiveCfg = Debug|Win32
		{7B1F60CD-2A09-4514-937C-D9DD044428FB}.Debug|Mixed Platforms.Build.0 = Debug|Win32
		{7B1F60CD-2A09-4514-937C-D9DD044428FB}.Debug|Win32.ActiveCfg = Debug|Win32
		{7B1F60CD-2A09-4514-937C-D9DD044428FB}.Debug|Win32.Build.0 = Debug|Win32
		{7B1F60CD-2A09-4514-937C-D9DD044428FB}.Debug|x64.ActiveCfg = Debug|x64
		{7B1F60CD-2A09-4514-937C-D9DD044428FB}.Debug|x64.Build.0 = Debug|x64
		{7B1F60CD-2A09-4514-937C-D9DD044428FB}.Release_NoSTDIO|Mixed Platforms.ActiveCfg = Release|Win32
		{7B1F60CD-2A09-4514-937C-D9DD044428FB}.Release_NoSTDIO|Mixed Platforms.Build.0 = Release|Win32
		{7B1F60CD-2A09-4514-937C-D9DD044428FB}.Release_NoSTDIO|Win32.ActiveCfg = Release|Win32
		{7B1F60CD-2A09-4514-937C-D9DD044428FB}.Release_NoSTDIO|Win32.Build.0 = Release|Win32
		{7B1F60CD-2A09-4514-937C-D9DD044428FB}.Release_NoSTDIO|x64.ActiveCfg = Release|x64
		{7B1F60CD-2A09-4514-937C-D9DD044428FB}.Release_NoSTDIO|x64.Build.0 = Release|x64
		{7B1F60CD-2A09-4514-937C-D9DD044428FB}.Release|Mixed Platforms.ActiveCfg = Release|Win32
		{7B1F60CD-2A09-4514-937C-D9DD044428FB}.Release|Mixed Platforms.Build.0 = Release|Win32
		{7B1F60CD-2A09-4514-937C-D9DD044428FB}.Release|Win32.ActiveCfg = Release|Win32
		{7B1F60CD-2A09-4514-937C-D9DD044428FB}.Release|Win32.Build.0 = Release|Win32
		{7B1F60CD-2A09-4514-937C-D9DD044428FB}.Release|x64.ActiveCfg = Release|x64
		{7B1F60CD-2A09-4514-937C-D9DD044428FB}.Release|x64.Build.0 = Release|x64
		{3BEF6A23-3BB6-4400-9421-D055B36466DC}.Debug|Mixed Platforms.ActiveCfg = Debug|Win32
		{3BEF6A23-3BB6-4400-9421-D055B36466DC}.Debug|Mixed Platforms.Build.0 = Debug|Win32
		{3BEF6A23-3BB6-4400-9421-D055B36466DC}.Debug|Win32.ActiveCfg = Debug|Win32
		{3BEF6A23-3BB6-4400-9421-D055B36466DC}.Debug|Win32.Build.0 = Debug|Win32
		{3BEF6A23-3BB6-4400-9421-D055B36466DC}.Debug|x64.ActiveCfg = Debug|x64
		{3BEF6A23-3BB6-4400-9421-D055B36466DC}.Debug|x64.Build.0 = Debug|x64
		{3BEF6A23-3BB6-4400-9421-D055B36466DC}.Release_NoSTDIO|Mixed Platforms.ActiveCfg = Release|Win32
		{3BEF6A23-3BB6-4400-9421-D055B36466DC}.Release_NoSTDIO|Mixed Platforms.Build.0 = Release|Win32
		{3BEF6A23-3BB6-4400-9421-D055B36466DC}.Release_NoSTDIO|Win32.ActiveCfg = Release|Win32
		{3BEF6A23-3BB6-4400-9421-D055B36466DC}.Release_NoSTDIO|Win32.Build.0 = Release|Win32
		{3BEF6A23-3BB6-4400-9421-D055B36466DC}.Release_NoSTDIO|x64.ActiveCfg = Release|x64
		{3BEF6A23-3BB6-4400-9421-D055B36466DC}.Release_NoSTDIO|x64.Build.0 = Release|x64
		{3BEF6A23-3BB6-4400-9421-D055B36466DC}.Release|Mixed Platforms.ActiveCfg = Release|Win32
		{3BEF6A23-3BB6-4400-9421-D055B36466DC}.Release|Mixed Platforms.Build.0 = Release|Win32
		{3BEF6A23-3BB6-4400-9421-D055B36466DC}.Release|Win32.ActiveCfg = Release|Win32
		{3BEF6A23-3BB6-4400-9421-D055B36466DC}.Release|Win32.Build.0 = Release|Win32
		{3BEF6A23-3BB6-4400-9421-D055B36466DC}.Release|x64.ActiveCfg = Release|x64
		{3BEF6A23-3BB6-4400-9421-D055B36466DC}.Release|x64.Build.0 = Release|x64
		{F7E944B3-0815-40CD-B3E4-90B2A15B0E33}.Debug|Mixed Platforms.ActiveCfg = Debug|Win32
		{F7E944B3-0815-40CD-B3E4-90B2A15B0E33}.Debug|Mixed Platforms.Build.0 = Debug|Win32
		{F7E944B3-0815-40CD-B3E4-90B2A15B0E33}.Debug|Win32.ActiveCfg = Debug|Win32
		{F7E944B3-0815-40CD-B3E4-90B2A15B0E33}.Debug|Win32.Build.0 = Debug|Win32
		{F7E944B3-0815-40CD-B3E4-90B2A15B0E33}.Debug|x64.ActiveCfg = Debug|x64
		{F7E944B3-0815-40CD-B3E4-90B2A15B0E33}.Debug|x64.Build.0 = Debug|x64
		{F7E944B3-0815-40CD-B3E4-90B2A15B0E33}.Release_NoSTDIO|Mixed Platforms.ActiveCfg = Release|Win32
		{F7E944B3-0815-40CD-B3E4-90B2A15B0E33}.Release_NoSTDIO|Mixed Platforms.Build.0 = Release|Win32
		{F7E944B3-0815-40CD-B3E4-90B2A15B0E33}.Release_NoSTDIO|Win32.ActiveCfg = Release|Win32
		{F7E944B3-0815-40CD-B3E4-90B2A15B0E33}.Release_NoSTDIO|Win32.Build.0 = Release|Win32
		{F7E944B3-0815-40CD-B3E4-90B2A15B0E33}.Release_NoSTDIO|x64.ActiveCfg = Release|x64
		{F7E944B3-0815-40CD-B3E4-90B2A15B0E33}.Release_NoSTDIO|x64.Build.0 = Release|x64
		{F7E944B3-0815-40CD-B3E4-90B2A15B0E33}.Release|Mixed Platforms.ActiveCfg = Release|Win32
		{F7E944B3-0815-40CD-B3E4-90B2A15B0E33}.Release|Mixed Platforms.Build.0 = Release|Win32
		{F7E944B3-0815-40CD-B3E4-90B2A15B0E33}.Release|Win32.ActiveCfg = Release|Win32
		{F7E944B3-0815-40CD-B3E4-90B2A15B0E33}.Release|Win32.Build.0 = Release|Win32
		{F7E944B3-0815-40CD-B3E4-90B2A15B0E33}.Release|x64.ActiveCfg = Release|x64
		{F7E944B3-0815-40CD-B3E4-90B2A15B0E33}.Release|x64.Build.0 = Release|x64
		{EBDA67CA-4A23-4F22-BFBC-B8DBE0580D4F}.Debug|Mixed Platforms.ActiveCfg = Debug|Win32
		{EBDA67CA-4A23-4F22-BFBC-B8DBE0580D4F}.Debug|Mixed Platforms.Build.0 = Debug|Win32
		{EBDA67CA-4A23-4F22-BFBC-B8DBE0580D4F}.Debug|Win32.ActiveCfg = Debug|Win32
		{EBDA67CA-4A23-4F22-BFBC-B8DBE0580D4F}.Debug|Win32.Build.0 = Debug|Win32
		{EBDA67CA-4A23-4F22-BFBC-B8DBE0580D4F}.Debug|x64.ActiveCfg = Debug|x64
		{EBDA67CA-4A23-4F22-BFBC-B8DBE0580D4F}.Debug|x64.Build.0 = Debug|x64
		{EBDA67CA-4A23-4F22-BFBC-B8DBE0580D4F}.Release_NoSTDIO|Mixed Platforms.ActiveCfg = Release|Win32
		{EBDA67CA-4A23-4F22-BFBC-B8DBE0580D4F}.Release_NoSTDIO|Mixed Platforms.Build.0 = Release|Win32
		{EBDA67CA-4A23-4F22-BFBC-B8DBE0580D4F}.Release_NoSTDIO|Win32.ActiveCfg = Release|Win32
		{EBDA67CA-4A23-4F22-BFBC-B8DBE0580D4F}.Release_NoSTDIO|Win32.Build.0 = Release|Win32
		{EBDA67CA-4A23-4F22-BFBC-B8DBE0580D4F}.Release_NoSTDIO|x64.ActiveCfg = Release|x64
		{EBDA67CA-4A23-4F22-BFBC-B8DBE0580D4F}.Release_NoSTDIO|x64.Build.0 = Release|x64
		{EBDA67CA-4A23-4F22-BFBC-B8DBE0580D4F}.Release|Mixed Platforms.ActiveCfg = Release|Win32
		{EBDA67CA-4A23-4F22-BFBC-B8DBE0580D4F}.Release|Mixed Platforms.Build.0 = Release|Win32
		{EBDA67CA-4A23-4F22-BFBC-B8DBE0580D4F}.Release|Win32.ActiveCfg = Release|Win32
		{EBDA67CA-4A23-4F22-BFBC-B8DBE0580D4F}.Release|Win32.Build.0 = Release|Win32
		{EBDA67CA-4A23-4F22-BFBC-B8DBE0580D4F}.Release|x64.ActiveCfg = Release|x64
		{EBDA67CA-4A23-4F22-BFBC-B8DBE0580D4F}.Release|x64.Build.0 = Release|x64
		{72CB0DD4-051D-486C-9CB3-75FE16F7D87A}.Debug|Mixed Platforms.ActiveCfg = Debug|Win32
		{72CB0DD4-051D-486C-9CB3-75FE16F7D87A}.Debug|Mixed Platforms.Build.0 = Debug|Win32
		{72CB0DD4-051D-486C-9CB3-75FE16F7D87A}.Debug|Win32.ActiveCfg = Debug|Win32
		{72CB0DD4-051D-486C-9CB3-75FE16F7D87A}.Debug|Win32.Build.0 = Debug|Win32
		{72CB0DD4-051D-486C-9CB3-75FE16F7D87A}.Debug|x64.ActiveCfg = Debug|x64
		{72CB0DD4-051D-486C-9CB3-75FE16F7D87A}.Debug|x64.Build.0 = Debug|x64
		{72CB0DD4-051D-486C-9CB3-75FE16F7D87A}.Release_NoSTDIO|Mixed Platforms.ActiveCfg = Release|Win32
		{72CB0DD4-051D-486C-9CB3-75FE16F7D87A}.Release_NoSTDIO|Mixed Platforms.Build.0 = Release|Win32
		{72CB0DD4-051D-486C-9CB3-75FE16F7D87A}.Release_NoSTDIO|Win32.ActiveCfg = Release|Win32
		{72CB0DD4-051D-486C-9CB3-75FE16F7D87A}.Release_NoSTDIO|Win32.Build.0 = Release|Win32
		{72CB0DD4-051D-486C-9CB3-75FE16F7D87A}.Release_NoSTDIO|x64.ActiveCfg = Release|x64
		{72CB0DD4-051D-486C-9CB3-75FE16F7D87A}.Release_NoSTDIO|x64.Build.0 = Release|x64
		{72CB0DD4-051D-486C-9CB3-75FE16F7D87A}.Release|Mixed Platforms.ActiveCfg = Release|Win32
		{72CB0DD4-051D-486C-9CB3-75FE16F7D87A}.Release|Mixed Platforms.Build.0 = Release|Win32
		{72CB0DD4-051D-486C-9CB3-75FE16F7D87A}.Release|Win32.ActiveCfg = Release|Win32
		{72CB0DD4-051D-486C-9CB3-75FE16F7D87A}.Release|Win32.Build.0 = Release|Win32
		{72CB0DD4-051D-486C-9CB3-75FE16F7D87A}.Release|x64.ActiveCfg = Release|x64
		{72CB0DD4-051D-486C-9CB3-75FE16F7D87A}.Release|x64.Build.0 = Release|x64
		{AC86CEAA-9908-476F-B15F-C7193CEF81BD}.Debug|Mixed Platforms.ActiveCfg = Debug|Win32
		{AC86CEAA-9908-476F-B15F-C7193CEF81BD}.Debug|Mixed Platforms.Build.0 = Debug|Win32
		{AC86CEAA-9908-476F-B15F-C7193CEF81BD}.Debug|Win32.ActiveCfg = Debug|Win32
		{AC86CEAA-9908-476F-B15F-C7193CEF81BD}.Debug|Win32.Build.0 = Debug|Win32
		{AC86CEAA-9908-476F-B15F-C7193CEF81BD}.Debug|x64.ActiveCfg = Debug|x64
		{AC86CEAA-9908-476F-B15F-C7193CEF81BD}.Debug|x64.Build.0 = Debug|x64
		{AC86CEAA-9908-476F-B15F-C7193CEF81BD}.Release_NoSTDIO|Mixed Platforms.ActiveCfg = Release|Win32
		{AC86CEAA-9908-476F-B15F-C7193CEF81BD}.Release_NoSTDIO|Mixed Platforms.Build.0 = Release|Win32
		{AC86CEAA-9908-476F-B15F-C7193CEF81BD}.Release_NoSTDIO|Win32.ActiveCfg = Release|Win32
		{AC86CEAA-9908-476F-B15F-C7193CEF81BD}.Release_NoSTDIO|Win32.Build.0 = Release|Win32
		{AC86CEAA-9908-476F-B15F-C7193CEF81BD}.Release_NoSTDIO|x64.ActiveCfg = Release|x64
		{AC86CEAA-9908-476F-B15F-C7193CEF81BD}.Release_NoSTDIO|x64.Build.0 = Release|x64
		{AC86CEAA-9908-476F-B15F-C7193CEF81BD}.Release|Mixed Platforms.ActiveCfg = Release|Win32
		{AC86CEAA-9908-476F-B15F-C7193CEF81BD}.Release|Mixed Platforms.Build.0 = Release|Win32
		{AC86CEAA-9908-476F-B15F-C7193CEF81BD}.Release|Win32.ActiveCfg = Release|Win32
		{AC86CEAA-9908-476F-B15F-C7193CEF81BD}.Release|Win32.Build.0 = Release|Win32
		{AC86CEAA-9908-476F-B15F-C7193CEF81BD}.Release|x64.ActiveCfg = Release|x64
		{AC86CEAA-9908-476F-B15F-C7193CEF81BD}.Release|x64.Build.0 = Release|x64
		{B162B6F1-E876-4D5F-A1F6-E3A6DC2F4A2C}.Debug|Mixed Platforms.ActiveCfg = Debug|Win32
		{B162B6F1-E876-4D5F-A1F6-E3A6DC2F4A2C}.Debug|Mixed Platforms.Build.0 = Debug|Win32
		{B162B6F1-E876-4D5F-A1F6-E3A6DC2F4A2C}.Debug|Win32.ActiveCfg = Debug|Win32
		{B162B6F1-E876-4D5F-A1F6-E3A6DC2F4A2C}.Debug|Win32.Build.0 = Debug|Win32
		{B162B6F1-E876-4D5F-A1F6-E3A6DC2F4A2C}.Debug|x64.ActiveCfg = Debug|x64
		{B162B6F1-E876-4D5F-A1F6-E3A6DC2F4A2C}.Debug|x64.Build.0 = Debug|x64
		{B162B6F1-E876-4D5F-A1F6-E3A6DC2F4A2C}.Release_NoSTDIO|Mixed Platforms.ActiveCfg = Release|Win32
		{B162B6F1-E876-4D5F-A1F6-E3A6DC2F4A2C}.Release_NoSTDIO|Mixed Platforms.Build.0 = Release|Win32
		{B162B6F1-E876-4D5F-A1F6-E3A6DC2F4A2C}.Release_NoSTDIO|Win32.ActiveCfg = Release|Win32
		{B162B6F1-E876-4D5F-A1F6-E3A6DC2F4A2C}.Release_NoSTDIO|Win32.Build.0 = Release|Win32
		{B162B6F1-E876-4D5F-A1F6-E3A6DC2F4A2C}.Release_NoSTDIO|x64.ActiveCfg = Release|x64
		{B162B6F1-E876-4D5F-A1F6-E3A6DC2F4A2C}.Release_NoSTDIO|x64.Build.0 = Release|x64
		{B162B6F1-E876-4D5F-A1F6-E3A6DC2F4A2C}.Release|Mixed Platforms.ActiveCfg = Release|Win32
		{B162B6F1-E876-4D5F-A1F6-E3A6DC2F4A2C}.Release|Mixed Platforms.Build.0 = Release|Win32
		{B162B6F1-E876-4D5F-A1F6-E3A6DC2F4A2C}.Release|Win32.ActiveCfg = Release|Win32
		{B162B6F1-E876-4D5F-A1F6-E3A6DC2F4A2C}.Release|Win32.Build.0 = Release|Win32
		{B162B6F1-E876-4D5F-A1F6-E3A6DC2F4A2C}.Release|x64.ActiveCfg = Release|x64
		{B162B6F1-E876-4D5F-A1F6-E3A6DC2F4A2C}.Release|x64.Build.0 = Release|x64
		{2BD5534E-00E2-4BEA-AC96-D9A92EA24696}.Debug|Mixed Platforms.ActiveCfg = Debug|Win32
		{2BD5534E-00E2-4BEA-AC96-D9A92EA24696}.Debug|Mixed Platforms.Build.0 = Debug|Win32
		{2BD5534E-00E2-4BEA-AC96-D9A92EA24696}.Debug|Win32.ActiveCfg = Debug|Win32
		{2BD5534E-00E2-4BEA-AC96-D9A92EA24696}.Debug|Win32.Build.0 = Debug|Win32
		{2BD5534E-00E2-4BEA-AC96-D9A92EA24696}.Debug|x64.ActiveCfg = Debug|x64
		{2BD5534E-00E2-4BEA-AC96-D9A92EA24696}.Debug|x64.Build.0 = Debug|x64
		{2BD5534E-00E2-4BEA-AC96-D9A92EA24696}.Release_NoSTDIO|Mixed Platforms.ActiveCfg = Release|Win32
		{2BD5534E-00E2-4BEA-AC96-D9A92EA24696}.Release_NoSTDIO|Mixed Platforms.Build.0 = Release|Win32
		{2BD5534E-00E2-4BEA-AC96-D9A92EA24696}.Release_NoSTDIO|Win32.ActiveCfg = Release|Win32
		{2BD5534E-00E2-4BEA-AC96-D9A92EA24696}.Release_NoSTDIO|Win32.Build.0 = Release|Win32
		{2BD5534E-00E2-4BEA-AC96-D9A92EA24696}.Release_NoSTDIO|x64.ActiveCfg = Release|x64
		{2BD5534E-00E2-4BEA-AC96-D9A92EA24696}.Release_NoSTDIO|x64.Build.0 = Release|x64
		{2BD5534E-00E2-4BEA-AC96-D9A92EA24696}.Release|Mixed Platforms.ActiveCfg = Release|Win32
		{2BD5534E-00E2-4BEA-AC96-D9A92EA24696}.Release|Mixed Platforms.Build.0 = Release|Win32
		{2BD5534E-00E2-4BEA-AC96-D9A92EA24696}.Release|Win32.ActiveCfg = Release|Win32
		{2BD5534E-00E2-4BEA-AC96-D9A92EA24696}.Release|Win32.Build.0 = Release|Win32
		{2BD5534E-00E2-4BEA-AC96-D9A92EA24696}.Release|x64.ActiveCfg = Release|x64
		{2BD5534E-00E2-4BEA-AC96-D9A92EA24696}.Release|x64.Build.0 = Release|x64
		{FEE80C5D-762E-4E57-9BCB-928749E8203F}.Debug|Mixed Platforms.ActiveCfg = Debug|Win32
		{FEE80C5D-762E-4E57-9BCB-928749E8203F}.Debug|Mixed Platforms.Build.0 = Debug|Win32
		{FEE80C5D-762E-4E57-9BCB-928749E8203F}.Debug|Win32.ActiveCfg = Debug|Win32
		{FEE80C5D-762E-4E57-9BCB-928749E8203F}.Debug|Win32.Build.0 = Debug|Win32
		{FEE80C5D-762E-4E57-9BCB-928749E8203F}.Debug|x64.ActiveCfg = Debug|x64
		{FEE80C5D-762E-4E57-9BCB-928749E8203F}.Debug|x64.Build.0 = Debug|x64
		{FEE80C5D-762E-4E57-9BCB-928749E8203F}.Release_NoSTDIO|Mixed Platforms.ActiveCfg = Release|Win32
		{FEE80C5D-762E-4E57-9BCB-928749E8203F}.Release_NoSTDIO|Mixed Platforms.Build.0 = Release|Win32
		{FEE80C5D-762E-4E57-9BCB-928749E8203F}.Release_NoSTDIO|Win32.ActiveCfg = Release|Win32
		{FEE80C5D-762E-4E57-9BCB-928749E8203F}.Release_NoSTDIO|Win32.Build.0 = Release|Win32
		{FEE80C5D-762E-4E57-9BCB-928749E8203F}.Release_NoSTDIO|x64.ActiveCfg = Release|x64
		{FEE80C5D-762E-4E57-9BCB-928749E8203F}.Release_NoSTDIO|x64.Build.0 = Release|x64
		{FEE80C5D-762E-4E57-9BCB-928749E8203F}.Release|Mixed Platforms.ActiveCfg = Release|Win32
		{FEE80C5D-762E-4E57-9BCB-928749E8203F}.Release|Mixed Platforms.Build.0 = Release|Win32
		{FEE80C5D-762E-4E57-9BCB-928749E8203F}.Release|Win32.ActiveCfg = Release|Win32
		{FEE80C5D-762E-4E57-9BCB-928749E8203F}.Release|Win32.Build.0 = Release|Win32
		{FEE80C5D-762E-4E57-9BCB-928749E8203F}.Release|x64.ActiveCfg = Release|x64
		{FEE80C5D-762E-4E57-9BCB-928749E8203F}.Release|x64.Build.0 = Release|x64
		{0E134899-E556-41FC-B26E-ED35C05C6023}.Debug|Mixed Platforms.ActiveCfg = Debug|Win32
		{0E134899-E556-41FC-B26E-ED35C05C6023}.Debug|Mixed Platforms.Build.0 = Debug|Win32
		{0E134899-E556-41FC-B26E-ED35C05C6023}.Debug|Win32.ActiveCfg = Debug|Win32
		{0E134899-E556-41FC-B26E-ED35C05C6023}.Debug|Win32.Build.0 = Debug|Win32
		{0E134899-E556-41FC-B26E-ED35C05C6023}.Debug|x64.ActiveCfg = Debug|x64
		{0E134899-E556-41FC-B26E-ED35C05C6023}.Debug|x64.Build.0 = Debug|x64
		{0E134899-E556-41FC-B26E-ED35C05C6023}.Release_NoSTDIO|Mixed Platforms.ActiveCfg = Release|Win32
		{0E134899-E556-41FC-B26E-ED35C05C6023}.Release_NoSTDIO|Mixed Platforms.Build.0 = Release|Win32
		{0E134899-E556-41FC-B26E-ED35C05C6023}.Release_NoSTDIO|Win32.ActiveCfg = Release|Win32
		{0E134899-E556-41FC-B26E-ED35C05C6023}.Release_NoSTDIO|Win32.Build.0 = Release|Win32
		{0E134899-E556-41FC-B26E-ED35C05C6023}.Release_NoSTDIO|x64.ActiveCfg = Release|x64
		{0E134899-E556-41FC-B26E-ED35C05C6023}.Release_NoSTDIO|x64.Build.0 = Release|x64
		{0E134899-E556-41FC-B26E-ED35C05C6023}.Release|Mixed Platforms.ActiveCfg = Release|Win32
		{0E134899-E556-41FC-B26E-ED35C05C6023}.Release|Mixed Platforms.Build.0 = Release|Win32
		{0E134899-E556-41FC-B26E-ED35C05C6023}.Release|Win32.ActiveCfg = Release|Win32
		{0E134899-E556-41FC-B26E-ED35C05C6023}.Release|Win32.Build.0 = Release|Win32
		{0E134899-E556-41FC-B26E-ED35C05C6023}.Release|x64.ActiveCfg = Release|x64
		{0E134899-E556-41FC-B26E-ED35C05C6023}.Release|x64.Build.0 = Release|x64
		{0D701492-DB47-4E2A-A73D-8F2049103145}.Debug|Mixed Platforms.ActiveCfg = Debug|Win32
		{0D701492-DB47-4E2A-A73D-8F2049103145}.Debug|Mixed Platforms.Build.0 = Debug|Win32
		{0D701492-DB47-4E2A-A73D-8F2049103145}.Debug|Win32.ActiveCfg = Debug|Win32
		{0D701492-DB47-4E2A-A73D-8F2049103145}.Debug|Win32.Build.0 = Debug|Win32
		{0D701492-DB47-4E2A-A73D-8F2049103145}.Debug|x64.ActiveCfg = Debug|x64
		{0D701492-DB47-4E2A-A73D-8F2049103145}.Debug|x64.Build.0 = Debug|x64
		{0D701492-DB47-4E2A-A73D-8F2049103145}.Release_NoSTDIO|Mixed Platforms.ActiveCfg = Release|Win32
		{0D701492-DB47-4E2A-A73D-8F2049103145}.Release_NoSTDIO|Mixed Platforms.Build.0 = Release|Win32
		{0D701492-DB47-4E2A-A73D-8F2049103145}.Release_NoSTDIO|Win32.ActiveCfg = Release|Win32
		{0D701492-DB47-4E2A-A73D-8F2049103145}.Release_NoSTDIO|Win32.Build.0 = Release|Win32
		{0D701492-DB47-4E2A-A73D-8F2049103145}.Release_NoSTDIO|x64.ActiveCfg = Release|x64
		{0D701492-DB47-4E2A-A73D-8F2049103145}.Release_NoSTDIO|x64.Build.0 = Release|x64
		{0D701492-DB47-4E2A-A73D-8F2049103145}.Release|Mixed Platforms.ActiveCfg = Release|Win32
		{0D701492-DB47-4E2A-A73D-8F2049103145}.Release|Mixed Platforms.Build.0 = Release|Win32
		{0D701492-DB47-4E2A-A73D-8F2049103145}.Release|Win32.ActiveCfg = Release|Win32
		{0D701492-DB47-4E2A-A73D-8F2049103145}.Release|Win32.Build.0 = Release|Win32
		{0D701492-DB47-4E2A-A73D-8F2049103145}.Release|x64.ActiveCfg = Release|x64
		{0D701492-DB47-4E2A-A73D-8F2049103145}.Release|x64.Build.0 = Release|x64
		{F59E5A93-844C-4C7F-BFFA-C0E59785B9A2}.Debug|Mixed Platforms.ActiveCfg = Debug|Win32
		{F59E5A93-844C-4C7F-BFFA-C0E59785B9A2}.Debug|Mixed Platforms.Build.0 = Debug|Win32
		{F59E5A93-844C-4C7F-BFFA-C0E59785B9A2}.Debug|Win32.ActiveCfg = Debug|Win32
		{F59E5A93-844C-4C7F-BFFA-C0E59785B9A2}.Debug|Win32.Build.0 = Debug|Win32
		{F59E5A93-844C-4C7F-BFFA-C0E59785B9A2}.Debug|x64.ActiveCfg = Debug|x64
		{F59E5A93-844C-4C7F-BFFA-C0E59785B9A2}.Debug|x64.Build.0 = Debug|x64
		{F59E5A93-844C-4C7F-BFFA-C0E59785B9A2}.Release_NoSTDIO|Mixed Platforms.ActiveCfg = Release|Win32
		{F59E5A93-844C-4C7F-BFFA-C0E59785B9A2}.Release_NoSTDIO|Mixed Platforms.Build.0 = Release|Win32
		{F59E5A93-844C-4C7F-BFFA-C0E59785B9A2}.Release_NoSTDIO|Win32.ActiveCfg = Release|Win32
		{F59E5A93-844C-4C7F-BFFA-C0E59785B9A2}.Release_NoSTDIO|Win32.Build.0 = Release|Win32
		{F59E5A93-844C-4C7F-BFFA-C0E59785B9A2}.Release_NoSTDIO|x64.ActiveCfg = Release|x64
		{F59E5A93-844C-4C7F-BFFA-C0E59785B9A2}.Release_NoSTDIO|x64.Build.0 = Release|x64
		{F59E5A93-844C-4C7F-BFFA-C0E59785B9A2}.Release|Mixed Platforms.ActiveCfg = Release|Win32
		{F59E5A93-844C-4C7F-BFFA-C0E59785B9A2}.Release|Mixed Platforms.Build.0 = Release|Win32
		{F59E5A93-844C-4C7F-BFFA-C0E59785B9A2}.Release|Win32.ActiveCfg = Release|Win32
		{F59E5A93-844C-4C7F-BFFA-C0E59785B9A2}.Release|Win32.Build.0 = Release|Win32
		{F59E5A93-844C-4C7F-BFFA-C0E59785B9A2}.Release|x64.ActiveCfg = Release|x64
		{F59E5A93-844C-4C7F-BFFA-C0E59785B9A2}.Release|x64.Build.0 = Release|x64
		{72193166-DDB9-4393-8413-59E8D843DD9D}.Debug|Mixed Platforms.ActiveCfg = Debug|Win32
		{72193166-DDB9-4393-8413-59E8D843DD9D}.Debug|Mixed Platforms.Build.0 = Debug|Win32
		{72193166-DDB9-4393-8413-59E8D843DD9D}.Debug|Win32.ActiveCfg = Debug|Win32
		{72193166-DDB9-4393-8413-59E8D843DD9D}.Debug|Win32.Build.0 = Debug|Win32
		{72193166-DDB9-4393-8413-59E8D843DD9D}.Debug|x64.ActiveCfg = Debug|x64
		{72193166-DDB9-4393-8413-59E8D843DD9D}.Debug|x64.Build.0 = Debug|x64
		{72193166-DDB9-4393-8413-59E8D843DD9D}.Release_NoSTDIO|Mixed Platforms.ActiveCfg = Release|Win32
		{72193166-DDB9-4393-8413-59E8D843DD9D}.Release_NoSTDIO|Mixed Platforms.Build.0 = Release|Win32
		{72193166-DDB9-4393-8413-59E8D843DD9D}.Release_NoSTDIO|Win32.ActiveCfg = Release|Win32
		{72193166-DDB9-4393-8413-59E8D843DD9D}.Release_NoSTDIO|Win32.Build.0 = Release|Win32
		{72193166-DDB9-4393-8413-59E8D843DD9D}.Release_NoSTDIO|x64.ActiveCfg = Release|x64
		{72193166-DDB9-4393-8413-59E8D843DD9D}.Release_NoSTDIO|x64.Build.0 = Release|x64
		{72193166-DDB9-4393-8413-59E8D843DD9D}.Release|Mixed Platforms.ActiveCfg = Release|Win32
		{72193166-DDB9-4393-8413-59E8D843DD9D}.Release|Mixed Platforms.Build.0 = Release|Win32
		{72193166-DDB9-4393-8413-59E8D843DD9D}.Release|Win32.ActiveCfg = Release|Win32
		{72193166-DDB9-4393-8413-59E8D843DD9D}.Release|Win32.Build.0 = Release|Win32
		{72193166-DDB9-4393-8413-59E8D843DD9D}.Release|x64.ActiveCfg = Release|x64
		{72193166-DDB9-4393-8413-59E8D843DD9D}.Release|x64.Build.0 = Release|x64
	EndGlobalSection
	GlobalSection(SolutionProperties) = preSolution
		HideSolutionNode = FALSE
	EndGlobalSection
	GlobalSection(NestedProjects) = preSolution
		{42B63689-1349-4389-8537-7CB21C0F65C9} = {9BD0B7C7-47BB-4389-A7C6-4D5427D293C0}
		{81CE8DAF-EBB2-4761-8E45-B71ABCCA8C68} = {9BD0B7C7-47BB-4389-A7C6-4D5427D293C0}
		{DA956FD3-E142-46F2-9DD5-C78BEBB56B7A} = {9BD0B7C7-47BB-4389-A7C6-4D5427D293C0}
		{DDDBD07D-DC76-4AF6-8D02-3E2DEB6EE255} = {9BD0B7C7-47BB-4389-A7C6-4D5427D293C0}
		{7B1F60CD-2A09-4514-937C-D9DD044428FB} = {9BD0B7C7-47BB-4389-A7C6-4D5427D293C0}
		{3BEF6A23-3BB6-4400-9421-D055B36466DC} = {9BD0B7C7-47BB-4389-A7C6-4D5427D293C0}
		{F7E944B3-0815-40CD-B3E4-90B2A15B0E33} = {9BD0B7C7-47BB-4389-A7C6-4D5427D293C0}
		{EBDA67CA-4A23-4F22-BFBC-B8DBE0580D4F} = {9BD0B7C7-47BB-4389-A7C6-4D5427D293C0}
		{72CB0DD4-051D-486C-9CB3-75FE16F7D87A} = {9BD0B7C7-47BB-4389-A7C6-4D5427D293C0}
		{AC86CEAA-9908-476F-B15F-C7193CEF81BD} = {9BD0B7C7-47BB-4389-A7C6-4D5427D293C0}
		{B162B6F1-E876-4D5F-A1F6-E3A6DC2F4A2C} = {9BD0B7C7-47BB-4389-A7C6-4D5427D293C0}
		{2BD5534E-00E2-4BEA-AC96-D9A92EA24696} = {9BD0B7C7-47BB-4389-A7C6-4D5427D293C0}
		{FEE80C5D-762E-4E57-9BCB-928749E8203F} = {9BD0B7C7-47BB-4389-A7C6-4D5427D293C0}
		{0E134899-E556-41FC-B26E-ED35C05C6023} = {9BD0B7C7-47BB-4389-A7C6-4D5427D293C0}
		{0D701492-DB47-4E2A-A73D-8F2049103145} = {9BD0B7C7-47BB-4389-A7C6-4D5427D293C0}
	EndGlobalSection
EndGlobal
