Microsoft Visual Studio Solution File, Format Version 12.00
# Visual Studio Express 2013 for Windows Desktop
VisualStudioVersion = 12.0.31101.0
MinimumVisualStudioVersion = 10.0.40219.1
Project("{8BC9CEB8-8B4A-11D0-8D11-00A0C91BC942}") = "game", "game\game_vs13.vcxproj", "{E9988340-E474-4C0A-8496-EFF3296DE056}"
	ProjectSection(ProjectDependencies) = postProject
		{0F32DD35-A264-4906-8FC9-2D0FE0613230} = {0F32DD35-A264-4906-8FC9-2D0FE0613230}
	EndProjectSection
EndProject
Project("{8BC9CEB8-8B4A-11D0-8D11-00A0C91BC942}") = "egolib", "egolib\egolib_vs13.vcxproj", "{0F32DD35-A264-4906-8FC9-2D0FE0613230}"
EndProject
Project("{8BC9CEB8-8B4A-11D0-8D11-00A0C91BC942}") = "cartman", "cartman\src\cartman_vs13.vcxproj", "{87DFC5F5-A78E-4BE2-AEB7-AFB8DA3DBD63}"
	ProjectSection(ProjectDependencies) = postProject
		{0F32DD35-A264-4906-8FC9-2D0FE0613230} = {0F32DD35-A264-4906-8FC9-2D0FE0613230}
	EndProjectSection
EndProject
Global
	GlobalSection(SolutionConfigurationPlatforms) = preSolution
		Debug|Win32 = Debug|Win32
		Release|Win32 = Release|Win32
	EndGlobalSection
	GlobalSection(ProjectConfigurationPlatforms) = postSolution
		{E9988340-E474-4C0A-8496-EFF3296DE056}.Debug|Win32.ActiveCfg = Debug|Win32
		{E9988340-E474-4C0A-8496-EFF3296DE056}.Debug|Win32.Build.0 = Debug|Win32
		{E9988340-E474-4C0A-8496-EFF3296DE056}.Release|Win32.ActiveCfg = Release|Win32
		{E9988340-E474-4C0A-8496-EFF3296DE056}.Release|Win32.Build.0 = Release|Win32
		{0F32DD35-A264-4906-8FC9-2D0FE0613230}.Debug|Win32.ActiveCfg = Debug|Win32
		{0F32DD35-A264-4906-8FC9-2D0FE0613230}.Debug|Win32.Build.0 = Debug|Win32
		{0F32DD35-A264-4906-8FC9-2D0FE0613230}.Release|Win32.ActiveCfg = Release|Win32
		{0F32DD35-A264-4906-8FC9-2D0FE0613230}.Release|Win32.Build.0 = Release|Win32
		{87DFC5F5-A78E-4BE2-AEB7-AFB8DA3DBD63}.Debug|Win32.ActiveCfg = Debug|Win32
		{87DFC5F5-A78E-4BE2-AEB7-AFB8DA3DBD63}.Debug|Win32.Build.0 = Debug|Win32
		{87DFC5F5-A78E-4BE2-AEB7-AFB8DA3DBD63}.Release|Win32.ActiveCfg = Release|Win32
		{87DFC5F5-A78E-4BE2-AEB7-AFB8DA3DBD63}.Release|Win32.Build.0 = Release|Win32
	EndGlobalSection
	GlobalSection(SolutionProperties) = preSolution
		HideSolutionNode = FALSE
	EndGlobalSection
EndGlobal
