<?xml version="1.0" encoding="UTF-8" standalone="yes" ?>
<CodeBlocks_project_file>
	<FileVersion major="1" minor="6" />
	<Project>
		<Option title="cartman" />
		<Option pch_mode="2" />
		<Option compiler="gcc" />
		<Build>
			<Target title="nix-gcc-debug">
				<Option platforms="Unix;" />
				<Option output="egoboo-nix-gcc-debug" prefix_auto="0" extension_auto="1" />
				<Option working_dir="..\..\install" />
				<Option object_output="nix-gcc-debug" />
				<Option type="0" />
				<Option compiler="gcc" />
				<Compiler>
					<Add option="-Wmain" />
					<Add option="-Wfatal-errors" />
					<Add option="-Wall" />
					<Add option="-g" />
					<Add option="`sdl-config --cflags`" />
					<Add option="-D_DEBUG" />
					<Add option="-D_CONSOLE" />
					<Add option="-DMT" />
					<Add option="-D_NIX_PREFIX" />
					<Add directory="\usr\include" />
					<Add directory="\usr\include\lua5.1" />
					<Add directory="\usr\local\include" />
					<Add directory="\usr\local\include\lua5.1" />
				</Compiler>
				<Linker>
					<Add option="`sdl-config --libs`" />
					<Add library="..\egolib\libegolib-nix-gcc-debug.a" />
					<Add library="SDL_ttf" />
					<Add library="SDL_image" />
					<Add library="GL" />
					<Add library="GLU" />
					<Add library="lua50" />
					<Add library="lualib50" />
					<Add library="enet" />
					<Add library="physfs" />
					<Add directory="\usr\lib" />
					<Add directory="\usr\local\lib" />
				</Linker>
			</Target>
			<Target title="nix-gcc-release">
				<Option platforms="Unix;" />
				<Option output="egoboo-nix-gcc-release" prefix_auto="0" extension_auto="1" />
				<Option working_dir="..\..\install" />
				<Option object_output="nix-gcc-release" />
				<Option type="0" />
				<Option compiler="gcc" />
				<Compiler>
					<Add option="-Wmain" />
					<Add option="-Wextra" />
					<Add option="-Wall" />
					<Add option="-pg" />
					<Add option="-g" />
					<Add option="`sdl-config --cflags`" />
					<Add option="-D_DEBUG" />
					<Add option="-D_WINDOWS" />
					<Add option="-D_CONSOLE" />
					<Add option="-DMT" />
					<Add directory="\usr\include" />
					<Add directory="\usr\home\include" />
				</Compiler>
				<Linker>
					<Add option="-pg -lgmon" />
					<Add option="`sdl-config --libs`" />
					<Add library="..\egolib\libegolib-cygwin-gcc-release.a" />
					<Add library="libenet" />
					<Add library="physfs" />
					<Add library="SDL_image" />
					<Add library="SDL_ttf" />
					<Add library="glu" />
					<Add library="GL" />
					<Add directory="\usr\lib" />
					<Add directory="\usr\local\lib" />
				</Linker>
			</Target>
			<Target title="osx-unknown-debug">
				<Option platforms="Mac;" />
				<Option output="egoboo-osx-unknown-debug" prefix_auto="0" extension_auto="1" />
				<Option working_dir="..\..\install" />
				<Option object_output="osx-unknown-debug" />
				<Option type="1" />
				<Option compiler="gcc" />
				<Option use_console_runner="0" />
				<Compiler>
					<Add option="-Wall" />
					<Add option="-pg" />
					<Add option="-g" />
					<Add option="-O0" />
					<Add option="-D_DEBUG" />
					<Add option="-D_CONSOLE" />
					<Add directory="$(SolutionDir)\enet\include" />
				</Compiler>
				<ResourceCompiler>
					<Add directory="$(SolutionDir)\enet\include" />
				</ResourceCompiler>
				<Linker>
					<Add option="-s" />
					<Add option="-pg" />
				</Linker>
			</Target>
			<Target title="osx-unknown-release">
				<Option platforms="Mac;" />
				<Option output="egoboo-osx-unknown-release" prefix_auto="0" extension_auto="1" />
				<Option working_dir="..\..\install" />
				<Option object_output="osx-unknown-release" />
				<Option type="0" />
				<Option compiler="gcc" />
				<Compiler>
					<Add option="-fexpensive-optimizations" />
					<Add option="-Os" />
					<Add option="-pedantic" />
					<Add option="-W" />
					<Add option="-Wall" />
					<Add option="-DNDEBUG" />
					<Add directory="$(SolutionDir)\enet\include" />
				</Compiler>
				<ResourceCompiler>
					<Add directory="$(SolutionDir)\enet\include" />
				</ResourceCompiler>
			</Target>
			<Target title="win32-vc2003-debug">
				<Option platforms="Windows;" />
				<Option output="egoboo-win32-vc2003-debug" prefix_auto="0" extension_auto="1" />
				<Option working_dir="..\..\install" />
				<Option object_output="win32-vc2005-debug" />
				<Option type="1" />
				<Option compiler="msvctk" />
				<Compiler>
					<Add option="/MDd" />
					<Add option="/Gd" />
					<Add option="/Od" />
					<Add option="/Wp64" />
					<Add option="/Wall" />
					<Add option="/Zi" />
					<Add option="/Zi /D_DEBUG" />
					<Add option="-pg" />
					<Add option="-g" />
					<Add option="/DWIN32" />
					<Add option="/D_DEBUG" />
					<Add option="/D_WINDOWS" />
					<Add option="/D_CRT_SECURE_NO_DEPRECATE" />
					<Add option="/D_CRT_SECURE_NO_WARNINGS" />
					<Add option="/D_CONSOLE" />
					<Add directory="%LibraryInstallDir%include" />
					<Add directory="%LibraryInstallDir%include\SDL" />
				</Compiler>
				<ResourceCompiler>
					<Add directory="$(SolutionDir)\res" />
				</ResourceCompiler>
				<Linker>
					<Add option="/DEBUG" />
					<Add option="-s" />
					<Add option="-pg -lgmon" />
					<Add option="-pg" />
					<Add library="SDLmain" />
					<Add library="SDL" />
					<Add library="SDL_image" />
					<Add library="SDL_ttf" />
					<Add library="opengl32" />
					<Add library="glu32" />
					<Add library="ws2_32" />
					<Add library="shlwapi" />
					<Add library="Winmm" />
					<Add directory="%LibraryInstallDir%lib" />
				</Linker>
			</Target>
			<Target title="win32-vc2003-release">
				<Option platforms="Windows;" />
				<Option output="egoboo-win32-vc2003-release" prefix_auto="0" extension_auto="1" />
				<Option working_dir="..\..\install" />
				<Option object_output="win32-vc2003-release" />
				<Option type="0" />
				<Option compiler="msvctk" />
				<Compiler>
					<Add option="/MD" />
					<Add option="/Gd" />
					<Add option="/GA" />
					<Add option="/GL" />
					<Add option="/arch:SSE2" />
					<Add option="/G7" />
					<Add option="/O2" />
					<Add option="/Og" />
					<Add option="/W1" />
					<Add option="/DWIN32" />
					<Add option="/DNDEBUG" />
					<Add option="/D_WINDOWS" />
					<Add option="/D_CRT_SECURE_NO_DEPRECATE" />
					<Add option="/D_CRT_SECURE_NO_WARNINGS" />
					<Add option="/D_CONSOLE" />
					<Add directory="%LibraryInstallDir%include" />
					<Add directory="%LibraryInstallDir%include\SDL" />
				</Compiler>
				<ResourceCompiler>
					<Add directory="$(SolutionDir)\res" />
				</ResourceCompiler>
				<Linker>
					<Add library="SDLmain" />
					<Add library="SDL" />
					<Add library="SDL_ttf" />
					<Add library="SDL_image" />
					<Add library="opengl32" />
					<Add library="glu32" />
					<Add library="ws2_32" />
					<Add library="Winmm" />
					<Add library="shlwapi" />
					<Add directory="%LibraryInstallDir%lib" />
				</Linker>
			</Target>
			<Target title="win32-vc2008-debug">
				<Option platforms="Windows;" />
				<Option output="egoboo-win32-vc2008-debug" prefix_auto="0" extension_auto="1" />
				<Option working_dir="..\..\install" />
				<Option object_output="win32-vc2008-debug" />
				<Option type="1" />
				<Option compiler="msvc8" />
				<Compiler>
					<Add option="/MDd" />
					<Add option="/Gd" />
					<Add option="/Od" />
					<Add option="/Wp64" />
					<Add option="/Wall" />
					<Add option="/Zi" />
					<Add option="/Zi /D_DEBUG" />
					<Add option="-pg" />
					<Add option="-g" />
					<Add option="/DWIN32" />
					<Add option="/D_DEBUG" />
					<Add option="/D_WINDOWS" />
					<Add option="/D_CRT_SECURE_NO_DEPRECATE" />
					<Add option="/D_CRT_SECURE_NO_WARNINGS" />
					<Add option="/D_CONSOLE" />
					<Add directory="%LibraryInstallDir%include" />
					<Add directory="%LibraryInstallDir%include\SDL" />
				</Compiler>
				<ResourceCompiler>
					<Add directory="$(SolutionDir)\res" />
				</ResourceCompiler>
				<Linker>
					<Add option="/DEBUG" />
					<Add option="-s" />
					<Add option="-pg -lgmon" />
					<Add option="-pg" />
					<Add library="SDLmain" />
					<Add library="SDL" />
					<Add library="SDL_image" />
					<Add library="SDL_ttf" />
					<Add library="opengl32" />
					<Add library="glu32" />
					<Add library="ws2_32" />
					<Add library="shlwapi" />
					<Add library="Winmm" />
					<Add directory="%LibraryInstallDir%lib" />
				</Linker>
			</Target>
			<Target title="win32-vc2008-release">
				<Option platforms="Windows;" />
				<Option output="egoboo-win32-vc2008-release" prefix_auto="0" extension_auto="1" />
				<Option working_dir="..\..\install" />
				<Option object_output="win32-vc2008-release" />
				<Option type="0" />
				<Option compiler="msvc8" />
				<Compiler>
					<Add option="/MD" />
					<Add option="/arch:SSE2" />
					<Add option="/Gd" />
					<Add option="/GA" />
					<Add option="/GL" />
					<Add option="/O2" />
					<Add option="/W1" />
					<Add option="/G7" />
					<Add option="/Og" />
					<Add option="/DWIN32" />
					<Add option="/DNDEBUG" />
					<Add option="/D_WINDOWS" />
					<Add option="/D_CRT_SECURE_NO_DEPRECATE" />
					<Add option="/D_CRT_SECURE_NO_WARNINGS" />
					<Add option="/D_CONSOLE" />
					<Add directory="%LibraryInstallDir%include" />
					<Add directory="%LibraryInstallDir%include\SDL" />
				</Compiler>
				<ResourceCompiler>
					<Add directory="$(SolutionDir)\res" />
				</ResourceCompiler>
				<Linker>
					<Add library="SDLmain" />
					<Add library="SDL" />
					<Add library="SDL_ttf" />
					<Add library="SDL_image" />
					<Add library="opengl32" />
					<Add library="glu32" />
					<Add library="ws2_32" />
					<Add library="Winmm" />
					<Add library="shlwapi" />
					<Add directory="%LibraryInstallDir%lib" />
				</Linker>
			</Target>
			<Target title="win32-vc2010-debug">
				<Option platforms="Windows;" />
				<Option output="egoboo-win32-vc2010-debug" prefix_auto="0" extension_auto="1" />
				<Option working_dir="..\..\install" />
				<Option object_output="win32-vc2010-debug" />
				<Option type="1" />
				<Option compiler="microsoft_visual_c_2010" />
				<Compiler>
					<Add option="/MDd" />
					<Add option="/Gd" />
					<Add option="/Od" />
					<Add option="/Wp64" />
					<Add option="/Wall" />
					<Add option="/Zi" />
					<Add option="/Zi /D_DEBUG" />
					<Add option="-pg" />
					<Add option="-g" />
					<Add option="/DWIN32" />
					<Add option="/D_DEBUG" />
					<Add option="/D_WINDOWS" />
					<Add option="/D_CRT_SECURE_NO_DEPRECATE" />
					<Add option="/D_CRT_SECURE_NO_WARNINGS" />
					<Add option="/D_CONSOLE" />
					<Add directory="%LibraryInstallDir%include" />
					<Add directory="%LibraryInstallDir%include\SDL" />
				</Compiler>
				<ResourceCompiler>
					<Add directory="$(SolutionDir)\res" />
				</ResourceCompiler>
				<Linker>
					<Add option="/DEBUG" />
					<Add option="-s" />
					<Add option="-pg -lgmon" />
					<Add option="-pg" />
					<Add library="SDLmain" />
					<Add library="SDL" />
					<Add library="SDL_image" />
					<Add library="SDL_ttf" />
					<Add library="opengl32" />
					<Add library="glu32" />
					<Add library="ws2_32" />
					<Add library="shlwapi" />
					<Add library="Winmm" />
					<Add directory="%LibraryInstallDir%lib" />
				</Linker>
			</Target>
			<Target title="win32-vc2010-release">
				<Option platforms="Windows;" />
				<Option output="egoboo-win32-vc2010-release" prefix_auto="0" extension_auto="1" />
				<Option working_dir="..\..\install" />
				<Option object_output="win32-vc2010-release" />
				<Option type="0" />
				<Option compiler="microsoft_visual_c_2010" />
				<Compiler>
					<Add option="/MD" />
					<Add option="/arch:SSE2" />
					<Add option="/Gd" />
					<Add option="/GA" />
					<Add option="/GL" />
					<Add option="/O2" />
					<Add option="/W1" />
					<Add option="/G7" />
					<Add option="/Og" />
					<Add option="/DWIN32" />
					<Add option="/DNDEBUG" />
					<Add option="/D_WINDOWS" />
					<Add option="/D_CRT_SECURE_NO_DEPRECATE" />
					<Add option="/D_CRT_SECURE_NO_WARNINGS" />
					<Add option="/D_CONSOLE" />
					<Add directory="%LibraryInstallDir%include" />
					<Add directory="%LibraryInstallDir%include\SDL" />
				</Compiler>
				<ResourceCompiler>
					<Add directory="$(SolutionDir)\res" />
				</ResourceCompiler>
				<Linker>
					<Add library="SDLmain" />
					<Add library="SDL" />
					<Add library="SDL_ttf" />
					<Add library="SDL_image" />
					<Add library="opengl32" />
					<Add library="glu32" />
					<Add library="ws2_32" />
					<Add library="Winmm" />
					<Add library="shlwapi" />
					<Add directory="%LibraryInstallDir%lib" />
				</Linker>
			</Target>
			<Target title="cygwin-gcc-debug">
				<Option platforms="Windows;" />
				<Option output="egoboo-cygwin-gcc-debug" prefix_auto="0" extension_auto="1" />
				<Option working_dir="..\..\install" />
				<Option object_output="cygwin-gcc-debug" />
				<Option type="0" />
				<Option compiler="cygwin" />
				<Compiler>
					<Add option="-Wmain" />
					<Add option="-Wextra" />
					<Add option="-Wall" />
					<Add option="-pg" />
					<Add option="-g" />
					<Add option="`sdl-config --cflags`" />
					<Add option="-D_DEBUG" />
					<Add option="-D_WINDOWS" />
					<Add option="-D_CONSOLE" />
					<Add option="-DMT" />
					<Add directory="\usr\include" />
					<Add directory="\usr\home\include" />
				</Compiler>
				<Linker>
					<Add option="-pg -lgmon" />
					<Add option="`sdl-config --libs`" />
					<Add library="..\egolib\libegolib-cygwin-gcc-release.a" />
					<Add library="libenet" />
					<Add library="physfs" />
					<Add library="SDL_image" />
					<Add library="SDL_ttf" />
					<Add library="glu" />
					<Add library="GL" />
					<Add directory="\usr\lib" />
					<Add directory="\usr\local\lib" />
				</Linker>
			</Target>
			<Target title="cygwin-gcc-release">
				<Option platforms="Windows;" />
				<Option output="egoboo-cygwin-gcc-release" prefix_auto="0" extension_auto="1" />
				<Option working_dir="..\..\install" />
				<Option object_output="cygwin-gcc-release" />
				<Option type="0" />
				<Option compiler="cygwin" />
				<Compiler>
					<Add option="-fexpensive-optimizations" />
					<Add option="-O3" />
					<Add option="-Wmain" />
					<Add option="`sdl-config --cflags`" />
					<Add option="-DNDEBUG" />
					<Add option="-D_WINDOWS" />
					<Add option="-D_CONSOLE" />
					<Add option="-DMT" />
					<Add directory="\usr\include" />
					<Add directory="\usr\home\include" />
				</Compiler>
				<Linker>
					<Add option="-s" />
					<Add option="`sdl-config --libs`" />
					<Add library="..\egolib\libegolib-cygwin-gcc-debug.a" />
					<Add library="libenet" />
					<Add library="physfs" />
					<Add library="SDL_image" />
					<Add library="SDL_ttf" />
					<Add library="glu" />
					<Add library="GL" />
					<Add directory="\usr\lib" />
					<Add directory="\usr\local\lib" />
				</Linker>
			</Target>
		</Build>
		<Compiler>
			<Add option="-D_CONSOLE" />
			<Add option="-DMT" />
			<Add directory="\usr\include" />
			<Add directory="\usr\include\SDL" />
			<Add directory="\include\SDL" />
		</Compiler>
		<Linker>
			<Add option="-pg" />
			<Add library="libSDLmain" />
			<Add library="libSDL" />
			<Add library="libSDL_ttf" />
			<Add library="libSDL_image" />
			<Add directory="\usr\lib" />
		</Linker>
		<Unit filename="SDL_GetPixel.c">
			<Option compilerVar="CC" />
		</Unit>
		<Unit filename="SDL_Pixel.h" />
		<Unit filename="SDL_PutPixel.c">
			<Option compilerVar="CC" />
		</Unit>
		<Unit filename="SDL_rotozoom.c">
			<Option compilerVar="CC" />
		</Unit>
		<Unit filename="SDL_rotozoom.h" />
		<Unit filename="cartman.c">
			<Option compilerVar="CC" />
		</Unit>
		<Unit filename="cartman.h" />
		<Unit filename="cartman_functions.c">
			<Option compilerVar="CC" />
		</Unit>
		<Unit filename="cartman_functions.h" />
		<Unit filename="cartman_gfx.c">
			<Option compilerVar="CC" />
		</Unit>
		<Unit filename="cartman_gfx.h" />
		<Unit filename="cartman_gui.c">
			<Option compilerVar="CC" />
		</Unit>
		<Unit filename="cartman_gui.h" />
		<Unit filename="cartman_input.c">
			<Option compilerVar="CC" />
		</Unit>
		<Unit filename="cartman_input.h" />
		<Unit filename="cartman_math.c">
			<Option compilerVar="CC" />
		</Unit>
		<Unit filename="cartman_math.h" />
		<Unit filename="cartman_mpd.c">
			<Option compilerVar="CC" />
		</Unit>
		<Unit filename="cartman_mpd.h" />
		<Unit filename="standard.c">
			<Option compilerVar="CC" />
			<Option compile="0" />
			<Option link="0" />
		</Unit>
		<Extensions>
			<envvars />
			<code_completion />
			<lib_finder disable_auto="1" />
			<debugger>
				<remote_debugging target="nix-gcc-debug">
					<options conn_type="0" serial_baud="115200" additional_cmds_before="~/egoboo advent" />
				</remote_debugging>
			</debugger>
		</Extensions>
	</Project>
</CodeBlocks_project_file>
