<?xml version="1.0" encoding="utf-8"?>
<Project ToolsVersion="4.0" xmlns="http://schemas.microsoft.com/developer/msbuild/2003">
  <ItemGroup>
    <Filter Include="file_formats">
      <UniqueIdentifier>{26f2c8e5-95f8-45aa-b69e-7ad964b40231}</UniqueIdentifier>
    </Filter>
    <Filter Include="platform">
      <UniqueIdentifier>{0263e1c7-208a-4936-a6a8-b9695367fecf}</UniqueIdentifier>
    </Filter>
    <Filter Include="extensions">
      <UniqueIdentifier>{9ee0c819-9153-4fc0-a5c0-daff3cbb6c8a}</UniqueIdentifier>
    </Filter>
    <Filter Include="inline">
      <UniqueIdentifier>{701bd0f3-d242-40dd-b88c-88a3275dcfed}</UniqueIdentifier>
    </Filter>
    <Filter Include="header files">
      <UniqueIdentifier>{a101d3d2-7683-4e16-922a-5f200fee2a68}</UniqueIdentifier>
    </Filter>
    <Filter Include="source files">
      <UniqueIdentifier>{186c3fa2-a2d8-4321-b2c1-b80d1aeb0304}</UniqueIdentifier>
    </Filter>
  </ItemGroup>
  <ItemGroup>
    <ClCompile Include="extensions\ogl_debug.c">
      <Filter>extensions</Filter>
    </ClCompile>
    <ClCompile Include="extensions\ogl_extensions.c">
      <Filter>extensions</Filter>
    </ClCompile>
    <ClCompile Include="extensions\ogl_include.c">
      <Filter>extensions</Filter>
    </ClCompile>
    <ClCompile Include="extensions\ogl_texture.c">
      <Filter>extensions</Filter>
    </ClCompile>
    <ClCompile Include="extensions\SDL_extensions.c">
      <Filter>extensions</Filter>
    </ClCompile>
    <ClCompile Include="extensions\SDL_GL_extensions.c">
      <Filter>extensions</Filter>
    </ClCompile>
    <ClCompile Include="file_formats\cap_file.c">
      <Filter>file_formats</Filter>
    </ClCompile>
    <ClCompile Include="file_formats\configfile.c">
      <Filter>file_formats</Filter>
    </ClCompile>
    <ClCompile Include="file_formats\controls_file.c">
      <Filter>file_formats</Filter>
    </ClCompile>
    <ClCompile Include="file_formats\controls_file-v1.c">
      <Filter>file_formats</Filter>
    </ClCompile>
    <ClCompile Include="file_formats\controls_file-v2.c">
      <Filter>file_formats</Filter>
    </ClCompile>
    <ClCompile Include="file_formats\controls_file-v3.c">
      <Filter>file_formats</Filter>
    </ClCompile>
    <ClCompile Include="file_formats\eve_file.c">
      <Filter>file_formats</Filter>
    </ClCompile>
    <ClCompile Include="file_formats\id_md2.c">
      <Filter>file_formats</Filter>
    </ClCompile>
    <ClCompile Include="file_formats\module_file.c">
      <Filter>file_formats</Filter>
    </ClCompile>
    <ClCompile Include="file_formats\mpd_file.c">
      <Filter>file_formats</Filter>
    </ClCompile>
    <ClCompile Include="file_formats\passage_file.c">
      <Filter>file_formats</Filter>
    </ClCompile>
    <ClCompile Include="file_formats\pip_file.c">
      <Filter>file_formats</Filter>
    </ClCompile>
    <ClCompile Include="file_formats\quest_file.c">
      <Filter>file_formats</Filter>
    </ClCompile>
    <ClCompile Include="file_formats\scancode_file.c">
      <Filter>file_formats</Filter>
    </ClCompile>
    <ClCompile Include="file_formats\SDL_md2.c">
      <Filter>file_formats</Filter>
    </ClCompile>
    <ClCompile Include="file_formats\spawn_file.c">
      <Filter>file_formats</Filter>
    </ClCompile>
    <ClCompile Include="file_formats\template.c">
      <Filter>file_formats</Filter>
    </ClCompile>
    <ClCompile Include="file_formats\treasure_table_file.c">
      <Filter>file_formats</Filter>
    </ClCompile>
    <ClCompile Include="file_formats\wawalite_file.c">
      <Filter>file_formats</Filter>
    </ClCompile>
    <ClCompile Include="platform\sys_win32.c">
      <Filter>platform</Filter>
    </ClCompile>
    <ClCompile Include="platform\file_amiga.c">
      <Filter>platform</Filter>
    </ClCompile>
    <ClCompile Include="platform\file_linux.c">
      <Filter>platform</Filter>
    </ClCompile>
    <ClCompile Include="platform\file_win.c">
      <Filter>platform</Filter>
    </ClCompile>
    <ClCompile Include="platform\sys_linux.c">
      <Filter>platform</Filter>
    </ClCompile>
    <ClCompile Include="platform\sys_mac.c">
      <Filter>platform</Filter>
    </ClCompile>
    <ClCompile Include="_math.c">
      <Filter>source files</Filter>
    </ClCompile>
    <ClCompile Include="process.c">
      <Filter>source files</Filter>
    </ClCompile>
    <ClCompile Include="bbox.c">
      <Filter>source files</Filter>
    </ClCompile>
    <ClCompile Include="bsp.c">
      <Filter>source files</Filter>
    </ClCompile>
    <ClCompile Include="clock.c">
      <Filter>source files</Filter>
    </ClCompile>
    <ClCompile Include="console.c">
      <Filter>source files</Filter>
    </ClCompile>
    <ClCompile Include="egoboo_setup.c">
      <Filter>source files</Filter>
    </ClCompile>
    <ClCompile Include="endian.c">
      <Filter>source files</Filter>
    </ClCompile>
    <ClCompile Include="file_common.c">
      <Filter>source files</Filter>
    </ClCompile>
    <ClCompile Include="fileutil.c">
      <Filter>source files</Filter>
    </ClCompile>
    <ClCompile Include="font_bmp.c">
      <Filter>source files</Filter>
    </ClCompile>
    <ClCompile Include="font_ttf.c">
      <Filter>source files</Filter>
    </ClCompile>
    <ClCompile Include="frustum.c">
      <Filter>source files</Filter>
    </ClCompile>
    <ClCompile Include="geometry.c">
      <Filter>source files</Filter>
    </ClCompile>
    <ClCompile Include="hash.c">
      <Filter>source files</Filter>
    </ClCompile>
    <ClCompile Include="IDSZ_map.c">
      <Filter>source files</Filter>
    </ClCompile>
    <ClCompile Include="input_device.c">
      <Filter>source files</Filter>
    </ClCompile>
    <ClCompile Include="log.c">
      <Filter>source files</Filter>
    </ClCompile>
    <ClCompile Include="lua\lua_console.c">
      <Filter>source files</Filter>
    </ClCompile>
    <ClCompile Include="map_functions.c">
      <Filter>source files</Filter>
    </ClCompile>
    <ClCompile Include="network.c">
      <Filter>source files</Filter>
    </ClCompile>
    <ClCompile Include="network_file.c">
      <Filter>source files</Filter>
    </ClCompile>
    <ClCompile Include="scancode.c">
      <Filter>source files</Filter>
    </ClCompile>
    <ClCompile Include="strutil.c">
      <Filter>source files</Filter>
    </ClCompile>
    <ClCompile Include="threads.c">
      <Filter>source files</Filter>
    </ClCompile>
    <ClCompile Include="throttle.c">
      <Filter>source files</Filter>
    </ClCompile>
    <ClCompile Include="timer.c">
      <Filter>source files</Filter>
    </ClCompile>
    <ClCompile Include="typedef.c">
      <Filter>source files</Filter>
    </ClCompile>
    <ClCompile Include="vfs.c">
      <Filter>source files</Filter>
    </ClCompile>
  </ItemGroup>
  <ItemGroup>
    <ClInclude Include="extensions\SDL_GL_extensions.h">
      <Filter>extensions</Filter>
    </ClInclude>
    <ClInclude Include="extensions\ogl_debug.h">
      <Filter>extensions</Filter>
    </ClInclude>
    <ClInclude Include="extensions\ogl_extensions.h">
      <Filter>extensions</Filter>
    </ClInclude>
    <ClInclude Include="extensions\ogl_include.h">
      <Filter>extensions</Filter>
    </ClInclude>
    <ClInclude Include="extensions\ogl_texture.h">
      <Filter>extensions</Filter>
    </ClInclude>
    <ClInclude Include="extensions\SDL_extensions.h">
      <Filter>extensions</Filter>
    </ClInclude>
    <ClInclude Include="file_formats\wawalite_file.h">
      <Filter>file_formats</Filter>
    </ClInclude>
    <ClInclude Include="file_formats\cap_file.h">
      <Filter>file_formats</Filter>
    </ClInclude>
    <ClInclude Include="file_formats\configfile.h">
      <Filter>file_formats</Filter>
    </ClInclude>
    <ClInclude Include="file_formats\controls_file.h">
      <Filter>file_formats</Filter>
    </ClInclude>
    <ClInclude Include="file_formats\controls_file-v1.h">
      <Filter>file_formats</Filter>
    </ClInclude>
    <ClInclude Include="file_formats\controls_file-v2.h">
      <Filter>file_formats</Filter>
    </ClInclude>
    <ClInclude Include="file_formats\controls_file-v3.h">
      <Filter>file_formats</Filter>
    </ClInclude>
    <ClInclude Include="file_formats\eve_file.h">
      <Filter>file_formats</Filter>
    </ClInclude>
    <ClInclude Include="file_formats\id_md2.h">
      <Filter>file_formats</Filter>
    </ClInclude>
    <ClInclude Include="file_formats\module_file.h">
      <Filter>file_formats</Filter>
    </ClInclude>
    <ClInclude Include="file_formats\mpd_file.h">
      <Filter>file_formats</Filter>
    </ClInclude>
    <ClInclude Include="file_formats\passage_file.h">
      <Filter>file_formats</Filter>
    </ClInclude>
    <ClInclude Include="file_formats\pip_file.h">
      <Filter>file_formats</Filter>
    </ClInclude>
    <ClInclude Include="file_formats\quest_file.h">
      <Filter>file_formats</Filter>
    </ClInclude>
    <ClInclude Include="file_formats\scancode_file.h">
      <Filter>file_formats</Filter>
    </ClInclude>
    <ClInclude Include="file_formats\SDL_md2.h">
      <Filter>file_formats</Filter>
    </ClInclude>
    <ClInclude Include="file_formats\spawn_file.h">
      <Filter>file_formats</Filter>
    </ClInclude>
    <ClInclude Include="file_formats\template.h">
      <Filter>file_formats</Filter>
    </ClInclude>
    <ClInclude Include="file_formats\treasure_table_file.h">
      <Filter>file_formats</Filter>
    </ClInclude>
    <ClInclude Include="platform\NSFileManager+DirectoryLocations.h">
      <Filter>platform</Filter>
    </ClInclude>
    <ClInclude Include="bbox.h">
      <Filter>header files</Filter>
    </ClInclude>
    <ClInclude Include="bsp.h">
      <Filter>header files</Filter>
    </ClInclude>
    <ClInclude Include="_math.h">
      <Filter>header files</Filter>
    </ClInclude>
    <ClInclude Include="clock.h">
      <Filter>header files</Filter>
    </ClInclude>
    <ClInclude Include="console.h">
      <Filter>header files</Filter>
    </ClInclude>
    <ClInclude Include="egoboo_setup.h">
      <Filter>header files</Filter>
    </ClInclude>
    <ClInclude Include="egolib_config.h">
      <Filter>header files</Filter>
    </ClInclude>
    <ClInclude Include="egolib.h">
      <Filter>header files</Filter>
    </ClInclude>
    <ClInclude Include="file_common.h">
      <Filter>header files</Filter>
    </ClInclude>
    <ClInclude Include="fileutil.h">
      <Filter>header files</Filter>
    </ClInclude>
    <ClInclude Include="font_bmp.h">
      <Filter>header files</Filter>
    </ClInclude>
    <ClInclude Include="geometry.h">
      <Filter>header files</Filter>
    </ClInclude>
    <ClInclude Include="IDSZ_map.h">
      <Filter>header files</Filter>
    </ClInclude>
    <ClInclude Include="input_device.h">
      <Filter>header files</Filter>
    </ClInclude>
    <ClInclude Include="font_ttf.h">
      <Filter>header files</Filter>
    </ClInclude>
    <ClInclude Include="endian.h">
      <Filter>header files</Filter>
    </ClInclude>
    <ClInclude Include="map_functions.h">
      <Filter>header files</Filter>
    </ClInclude>
    <ClInclude Include="lua\lua_console.h">
      <Filter>header files</Filter>
    </ClInclude>
    <ClInclude Include="log.h">
      <Filter>header files</Filter>
    </ClInclude>
    <ClInclude Include="hash.h">
      <Filter>header files</Filter>
    </ClInclude>
    <ClInclude Include="frustum.h">
      <Filter>header files</Filter>
    </ClInclude>
    <ClInclude Include="network_file.h">
      <Filter>header files</Filter>
    </ClInclude>
    <ClInclude Include="network.h">
      <Filter>header files</Filter>
    </ClInclude>
    <ClInclude Include="mem.h">
      <Filter>header files</Filter>
    </ClInclude>
    <ClInclude Include="platform.h">
      <Filter>header files</Filter>
    </ClInclude>
    <ClInclude Include="process.h">
      <Filter>header files</Filter>
    </ClInclude>
    <ClInclude Include="scancode.h">
      <Filter>header files</Filter>
    </ClInclude>
    <ClInclude Include="state_machine.h">
      <Filter>header files</Filter>
    </ClInclude>
    <ClInclude Include="strutil.h">
      <Filter>header files</Filter>
    </ClInclude>
    <ClInclude Include="system.h">
      <Filter>header files</Filter>
    </ClInclude>
    <ClInclude Include="threads.h">
      <Filter>header files</Filter>
    </ClInclude>
    <ClInclude Include="throttle.h">
      <Filter>header files</Filter>
    </ClInclude>
    <ClInclude Include="timer.h">
      <Filter>header files</Filter>
    </ClInclude>
    <ClInclude Include="typedef.h">
      <Filter>header files</Filter>
    </ClInclude>
    <ClInclude Include="typedef_cpp.h">
      <Filter>header files</Filter>
    </ClInclude>
    <ClInclude Include="vfs.h">
      <Filter>header files</Filter>
    </ClInclude>
  </ItemGroup>
  <ItemGroup>
    <None Include="file_formats\id_normals.inl">
      <Filter>file_formats</Filter>
    </None>
    <None Include="bbox.inl">
      <Filter>inline</Filter>
    </None>
    <None Include="_math.inl">
      <Filter>inline</Filter>
    </None>
    <None Include="bsp.inl">
      <Filter>inline</Filter>
    </None>
    <None Include="console.inl">
      <Filter>inline</Filter>
    </None>
    <None Include="egolib.inl">
      <Filter>inline</Filter>
    </None>
  </ItemGroup>
</Project>