<?xml version="1.0" encoding="utf-8"?>
<Project ToolsVersion="4.0" xmlns="http://schemas.microsoft.com/developer/msbuild/2003">
  <ItemGroup>
    <Filter Include="file_formats">
      <UniqueIdentifier>{26f2c8e5-95f8-45aa-b69e-7ad964b40231}</UniqueIdentifier>
    </Filter>
    <Filter Include="platform">
      <UniqueIdentifier>{0263e1c7-208a-4936-a6a8-b9695367fecf}</UniqueIdentifier>
    </Filter>
    <Filter Include="extensions">
      <UniqueIdentifier>{9ee0c819-9153-4fc0-a5c0-daff3cbb6c8a}</UniqueIdentifier>
    </Filter>
  </ItemGroup>
  <ItemGroup>
    <ClCompile Include="_math.c" />
    <ClCompile Include="bbox.c" />
    <ClCompile Include="bsp.c" />
    <ClCompile Include="clock.c" />
    <ClCompile Include="console.c" />
    <ClCompile Include="egoboo_setup.c" />
    <ClCompile Include="endian.c" />
    <ClCompile Include="file_common.c" />
    <ClCompile Include="fileutil.c" />
    <ClCompile Include="font_bmp.c" />
    <ClCompile Include="font_ttf.c" />
    <ClCompile Include="frustum.c" />
    <ClCompile Include="geometry.c" />
    <ClCompile Include="hash.c" />
    <ClCompile Include="IDSZ_map.c" />
    <ClCompile Include="input_device.c" />
    <ClCompile Include="log.c" />
    <ClCompile Include="lua_console.c" />
    <ClCompile Include="network.c" />
    <ClCompile Include="network_file.c" />
    <ClCompile Include="process.c" />
    <ClCompile Include="scancode.c" />
    <ClCompile Include="strutil.c" />
    <ClCompile Include="threads.c" />
    <ClCompile Include="throttle.c" />
    <ClCompile Include="timer.c" />
    <ClCompile Include="typedef.c" />
    <ClCompile Include="vfs.c" />
    <ClCompile Include="extensions\ogl_debug.c">
      <Filter>extensions</Filter>
    </ClCompile>
    <ClCompile Include="extensions\ogl_extensions.c">
      <Filter>extensions</Filter>
    </ClCompile>
    <ClCompile Include="extensions\ogl_include.c">
      <Filter>extensions</Filter>
    </ClCompile>
    <ClCompile Include="extensions\ogl_texture.c">
      <Filter>extensions</Filter>
    </ClCompile>
    <ClCompile Include="extensions\SDL_extensions.c">
      <Filter>extensions</Filter>
    </ClCompile>
    <ClCompile Include="extensions\SDL_GL_extensions.c">
      <Filter>extensions</Filter>
    </ClCompile>
    <ClCompile Include="file_formats\cap_file.c">
      <Filter>file_formats</Filter>
    </ClCompile>
    <ClCompile Include="file_formats\configfile.c">
      <Filter>file_formats</Filter>
    </ClCompile>
    <ClCompile Include="file_formats\controls_file.c">
      <Filter>file_formats</Filter>
    </ClCompile>
    <ClCompile Include="file_formats\controls_file-v1.c">
      <Filter>file_formats</Filter>
    </ClCompile>
    <ClCompile Include="file_formats\controls_file-v2.c">
      <Filter>file_formats</Filter>
    </ClCompile>
    <ClCompile Include="file_formats\controls_file-v3.c">
      <Filter>file_formats</Filter>
    </ClCompile>
    <ClCompile Include="file_formats\eve_file.c">
      <Filter>file_formats</Filter>
    </ClCompile>
    <ClCompile Include="file_formats\id_md2.c">
      <Filter>file_formats</Filter>
    </ClCompile>
    <ClCompile Include="file_formats\module_file.c">
      <Filter>file_formats</Filter>
    </ClCompile>
    <ClCompile Include="file_formats\mpd_file.c">
      <Filter>file_formats</Filter>
    </ClCompile>
    <ClCompile Include="file_formats\passage_file.c">
      <Filter>file_formats</Filter>
    </ClCompile>
    <ClCompile Include="file_formats\pip_file.c">
      <Filter>file_formats</Filter>
    </ClCompile>
    <ClCompile Include="file_formats\quest_file.c">
      <Filter>file_formats</Filter>
    </ClCompile>
    <ClCompile Include="file_formats\scancode_file.c">
      <Filter>file_formats</Filter>
    </ClCompile>
    <ClCompile Include="file_formats\SDL_md2.c">
      <Filter>file_formats</Filter>
    </ClCompile>
    <ClCompile Include="file_formats\spawn_file.c">
      <Filter>file_formats</Filter>
    </ClCompile>
    <ClCompile Include="file_formats\template.c">
      <Filter>file_formats</Filter>
    </ClCompile>
    <ClCompile Include="file_formats\treasure_table_file.c">
      <Filter>file_formats</Filter>
    </ClCompile>
    <ClCompile Include="file_formats\wawalite_file.c">
      <Filter>file_formats</Filter>
    </ClCompile>
    <ClCompile Include="platform\sys_win32.c">
      <Filter>platform</Filter>
    </ClCompile>
    <ClCompile Include="platform\file_amiga.c">
      <Filter>platform</Filter>
    </ClCompile>
    <ClCompile Include="platform\file_linux.c">
      <Filter>platform</Filter>
    </ClCompile>
    <ClCompile Include="platform\file_win.c">
      <Filter>platform</Filter>
    </ClCompile>
    <ClCompile Include="platform\sys_linux.c">
      <Filter>platform</Filter>
    </ClCompile>
    <ClCompile Include="platform\sys_mac.c">
      <Filter>platform</Filter>
    </ClCompile>
  </ItemGroup>
  <ItemGroup>
    <ClInclude Include="vfs.h" />
    <ClInclude Include="_math.h" />
    <ClInclude Include="bbox.h" />
    <ClInclude Include="bsp.h" />
    <ClInclude Include="clock.h" />
    <ClInclude Include="console.h" />
    <ClInclude Include="egoboo_setup.h" />
    <ClInclude Include="egolib.h" />
    <ClInclude Include="egolib_config.h" />
    <ClInclude Include="endian.h" />
    <ClInclude Include="file_common.h" />
    <ClInclude Include="fileutil.h" />
    <ClInclude Include="font_bmp.h" />
    <ClInclude Include="font_ttf.h" />
    <ClInclude Include="frustum.h" />
    <ClInclude Include="geometry.h" />
    <ClInclude Include="hash.h" />
    <ClInclude Include="IDSZ_map.h" />
    <ClInclude Include="input_device.h" />
    <ClInclude Include="log.h" />
    <ClInclude Include="lua_console.h" />
    <ClInclude Include="mem.h" />
    <ClInclude Include="network.h" />
    <ClInclude Include="network_file.h" />
    <ClInclude Include="platform.h" />
    <ClInclude Include="process.h" />
    <ClInclude Include="scancode.h" />
    <ClInclude Include="state_machine.h" />
    <ClInclude Include="strutil.h" />
    <ClInclude Include="system.h" />
    <ClInclude Include="threads.h" />
    <ClInclude Include="throttle.h" />
    <ClInclude Include="timer.h" />
    <ClInclude Include="typedef.h" />
    <ClInclude Include="typedef_cpp.h" />
    <ClInclude Include="extensions\SDL_GL_extensions.h">
      <Filter>extensions</Filter>
    </ClInclude>
    <ClInclude Include="extensions\ogl_debug.h">
      <Filter>extensions</Filter>
    </ClInclude>
    <ClInclude Include="extensions\ogl_extensions.h">
      <Filter>extensions</Filter>
    </ClInclude>
    <ClInclude Include="extensions\ogl_include.h">
      <Filter>extensions</Filter>
    </ClInclude>
    <ClInclude Include="extensions\ogl_texture.h">
      <Filter>extensions</Filter>
    </ClInclude>
    <ClInclude Include="extensions\SDL_extensions.h">
      <Filter>extensions</Filter>
    </ClInclude>
    <ClInclude Include="file_formats\wawalite_file.h">
      <Filter>file_formats</Filter>
    </ClInclude>
    <ClInclude Include="file_formats\cap_file.h">
      <Filter>file_formats</Filter>
    </ClInclude>
    <ClInclude Include="file_formats\configfile.h">
      <Filter>file_formats</Filter>
    </ClInclude>
    <ClInclude Include="file_formats\controls_file.h">
      <Filter>file_formats</Filter>
    </ClInclude>
    <ClInclude Include="file_formats\controls_file-v1.h">
      <Filter>file_formats</Filter>
    </ClInclude>
    <ClInclude Include="file_formats\controls_file-v2.h">
      <Filter>file_formats</Filter>
    </ClInclude>
    <ClInclude Include="file_formats\controls_file-v3.h">
      <Filter>file_formats</Filter>
    </ClInclude>
    <ClInclude Include="file_formats\eve_file.h">
      <Filter>file_formats</Filter>
    </ClInclude>
    <ClInclude Include="file_formats\id_md2.h">
      <Filter>file_formats</Filter>
    </ClInclude>
    <ClInclude Include="file_formats\module_file.h">
      <Filter>file_formats</Filter>
    </ClInclude>
    <ClInclude Include="file_formats\mpd_file.h">
      <Filter>file_formats</Filter>
    </ClInclude>
    <ClInclude Include="file_formats\passage_file.h">
      <Filter>file_formats</Filter>
    </ClInclude>
    <ClInclude Include="file_formats\pip_file.h">
      <Filter>file_formats</Filter>
    </ClInclude>
    <ClInclude Include="file_formats\quest_file.h">
      <Filter>file_formats</Filter>
    </ClInclude>
    <ClInclude Include="file_formats\scancode_file.h">
      <Filter>file_formats</Filter>
    </ClInclude>
    <ClInclude Include="file_formats\SDL_md2.h">
      <Filter>file_formats</Filter>
    </ClInclude>
    <ClInclude Include="file_formats\spawn_file.h">
      <Filter>file_formats</Filter>
    </ClInclude>
    <ClInclude Include="file_formats\template.h">
      <Filter>file_formats</Filter>
    </ClInclude>
    <ClInclude Include="file_formats\treasure_table_file.h">
      <Filter>file_formats</Filter>
    </ClInclude>
    <ClInclude Include="platform\NSFileManager+DirectoryLocations.h">
      <Filter>platform</Filter>
    </ClInclude>
  </ItemGroup>
  <ItemGroup>
    <None Include="_math.inl" />
    <None Include="bbox.inl" />
    <None Include="bsp.inl" />
    <None Include="console.inl" />
    <None Include="egolib.inl" />
    <None Include="file_formats\id_normals.inl">
      <Filter>file_formats</Filter>
    </None>
  </ItemGroup>
</Project>