<?xml version="1.0" encoding="utf-8"?>
<Project ToolsVersion="4.0" xmlns="http://schemas.microsoft.com/developer/msbuild/2003">
  <ItemGroup>
    <Filter Include="Quelldateien">
      <UniqueIdentifier>{4FC737F1-C7A5-4376-A066-2A32D752A2FF}</UniqueIdentifier>
      <Extensions>cpp;c;cc;cxx;def;odl;idl;hpj;bat;asm;asmx</Extensions>
    </Filter>
    <Filter Include="Headerdateien">
      <UniqueIdentifier>{93995380-89BD-4b04-88EB-625FBE52EBFB}</UniqueIdentifier>
      <Extensions>h;hh;hpp;hxx;hm;inl;inc;xsd</Extensions>
    </Filter>
    <Filter Include="Ressourcendateien">
      <UniqueIdentifier>{67DA6AB6-F800-4c08-8B7A-83BB121AAD01}</UniqueIdentifier>
      <Extensions>rc;ico;cur;bmp;dlg;rc2;rct;bin;rgs;gif;jpg;jpeg;jpe;resx;tiff;tif;png;wav;mfcribbon-ms</Extensions>
    </Filter>
    <Filter Include="Headerdateien\game-engine">
      <UniqueIdentifier>{353a643b-161a-4eb1-aaca-1335b23a3e3e}</UniqueIdentifier>
    </Filter>
    <Filter Include="Headerdateien\game-engine\events">
      <UniqueIdentifier>{b380586f-e2ae-44c8-8967-d09ca2a44419}</UniqueIdentifier>
    </Filter>
    <Filter Include="Quelldateien\game-engine">
      <UniqueIdentifier>{d274d4eb-4ec7-413a-8dd2-093e5d43ce3e}</UniqueIdentifier>
    </Filter>
    <Filter Include="Quelldateien\game-engine\events">
      <UniqueIdentifier>{0f67bcca-c9d6-4459-af86-f81bbfefa197}</UniqueIdentifier>
    </Filter>
    <Filter Include="Headerdateien\game-engine\video">
      <UniqueIdentifier>{148070b6-af2a-47f1-81ef-0a073b5d6818}</UniqueIdentifier>
    </Filter>
    <Filter Include="Quelldateien\game-engine\video">
      <UniqueIdentifier>{22a71e37-0724-4d78-a633-56e0e4b04167}</UniqueIdentifier>
    </Filter>
  </ItemGroup>
  <ItemGroup>
    <ClInclude Include="..\idlib-game-engine\library\src\idlib\game-engine\events\event.hpp">
      <Filter>Headerdateien\game-engine\events</Filter>
    </ClInclude>
    <ClInclude Include="..\idlib-game-engine\library\src\idlib\game-engine\events\events.hpp">
      <Filter>Headerdateien\game-engine\events</Filter>
    </ClInclude>
    <ClInclude Include="..\idlib-game-engine\library\src\idlib\game-engine\events\keyboard_event.hpp">
      <Filter>Headerdateien\game-engine\events</Filter>
    </ClInclude>
    <ClInclude Include="..\idlib-game-engine\library\src\idlib\game-engine\events\keyboard_event_kind.hpp">
      <Filter>Headerdateien\game-engine\events</Filter>
    </ClInclude>
    <ClInclude Include="..\idlib-game-engine\library\src\idlib\game-engine\events\keyboard_key_event.hpp">
      <Filter>Headerdateien\game-engine\events</Filter>
    </ClInclude>
    <ClInclude Include="..\idlib-game-engine\library\src\idlib\game-engine\events\keyboard_key_event_kind.hpp">
      <Filter>Headerdateien\game-engine\events</Filter>
    </ClInclude>
    <ClInclude Include="..\idlib-game-engine\library\src\idlib\game-engine\events\mouse_button_event.hpp">
      <Filter>Headerdateien\game-engine\events</Filter>
    </ClInclude>
    <ClInclude Include="..\idlib-game-engine\library\src\idlib\game-engine\events\mouse_button_event_kind.hpp">
      <Filter>Headerdateien\game-engine\events</Filter>
    </ClInclude>
    <ClInclude Include="..\idlib-game-engine\library\src\idlib\game-engine\events\mouse_pointer_event.hpp">
      <Filter>Headerdateien\game-engine\events</Filter>
    </ClInclude>
    <ClInclude Include="..\idlib-game-engine\library\src\idlib\game-engine\events\mouse_pointer_event_kind.hpp">
      <Filter>Headerdateien\game-engine\events</Filter>
    </ClInclude>
    <ClInclude Include="..\idlib-game-engine\library\src\idlib\game-engine\events\mouse_wheel_event.hpp">
      <Filter>Headerdateien\game-engine\events</Filter>
    </ClInclude>
    <ClInclude Include="..\idlib-game-engine\library\src\idlib\game-engine\events\mouse_wheel_event_kind.hpp">
      <Filter>Headerdateien\game-engine\events</Filter>
    </ClInclude>
    <ClInclude Include="..\idlib-game-engine\library\src\idlib\game-engine\events\window_event.hpp">
      <Filter>Headerdateien\game-engine\events</Filter>
    </ClInclude>
    <ClInclude Include="..\idlib-game-engine\library\src\idlib\game-engine\events\window_event_kind.hpp">
      <Filter>Headerdateien\game-engine\events</Filter>
    </ClInclude>
    <ClInclude Include="..\idlib-game-engine\library\src\idlib\game-engine\common.hpp">
      <Filter>Headerdateien\game-engine</Filter>
    </ClInclude>
    <ClInclude Include="..\idlib-game-engine\library\src\idlib\game-engine.hpp">
      <Filter>Headerdateien</Filter>
    </ClInclude>
    <ClInclude Include="..\idlib-game-engine\library\src\idlib\game-engine\video\blend_function.hpp">
      <Filter>Headerdateien\game-engine\video</Filter>
    </ClInclude>
    <ClInclude Include="..\idlib-game-engine\library\src\idlib\game-engine\video\culling_mode.hpp">
      <Filter>Headerdateien\game-engine\video</Filter>
    </ClInclude>
    <ClInclude Include="..\idlib-game-engine\library\src\idlib\game-engine\video\primitive_type.hpp">
      <Filter>Headerdateien\game-engine\video</Filter>
    </ClInclude>
    <ClInclude Include="..\idlib-game-engine\library\src\idlib\game-engine\video\video.hpp">
      <Filter>Headerdateien\game-engine\video</Filter>
    </ClInclude>
    <ClInclude Include="..\idlib-game-engine\library\src\idlib\game-engine\video\winding_mode.hpp">
      <Filter>Headerdateien\game-engine\video</Filter>
    </ClInclude>
  </ItemGroup>
  <ItemGroup>
    <ClCompile Include="..\idlib-game-engine\library\src\idlib\game-engine\events\event.cpp">
      <Filter>Quelldateien\game-engine\events</Filter>
    </ClCompile>
    <ClCompile Include="..\idlib-game-engine\library\src\idlib\game-engine\common.cpp">
      <Filter>Quelldateien\game-engine</Filter>
    </ClCompile>
    <ClCompile Include="..\idlib-game-engine\library\src\idlib\game-engine\events\events.cpp">
      <Filter>Quelldateien\game-engine\events</Filter>
    </ClCompile>
    <ClCompile Include="..\idlib-game-engine\library\src\idlib\game-engine\video\video.cpp">
      <Filter>Quelldateien\game-engine\video</Filter>
    </ClCompile>
    <ClCompile Include="..\idlib-game-engine\library\src\idlib\game-engine\video\blend_function.cpp">
      <Filter>Quelldateien\game-engine\video</Filter>
    </ClCompile>
    <ClCompile Include="..\idlib-game-engine\library\src\idlib\game-engine\video\culling_mode.cpp">
      <Filter>Quelldateien\game-engine\video</Filter>
    </ClCompile>
    <ClCompile Include="..\idlib-game-engine\library\src\idlib\game-engine\video\primitive_type.cpp">
      <Filter>Quelldateien\game-engine\video</Filter>
    </ClCompile>
    <ClCompile Include="..\idlib-game-engine\library\src\idlib\game-engine\video\winding_mode.cpp">
      <Filter>Quelldateien\game-engine\video</Filter>
    </ClCompile>
  </ItemGroup>
</Project>