// !$*UTF8*$!
{
	archiveVersion = 1;
	classes = {
	};
	objectVersion = 42;
	objects = {

/* Begin PBXAggregateTarget section */
		C48C064D0F32D9B5006984C2 /* Distribution */ = {
			isa = PBXAggregateTarget;
			buildConfigurationList = C48C06500F32D9DC006984C2 /* Build configuration list for PBXAggregateTarget "Distribution" */;
			buildPhases = (
				C48C064C0F32D9B5006984C2 /* ShellScript */,
			);
			dependencies = (
				C48C064F0F32D9BE006984C2 /* PBXTargetDependency */,
			);
			name = Distribution;
			productName = Distribution;
		};
/* End PBXAggregateTarget section */

/* Begin PBXBuildFile section */
		002F39FA09D0881F00EBEB88 /* SDL.framework in Frameworks */ = {isa = PBXBuildFile; fileRef = 002F39F909D0881F00EBEB88 /* SDL.framework */; };
		002F3A0009D0884600EBEB88 /* SDL.framework in Copy Frameworks into .app bundle */ = {isa = PBXBuildFile; fileRef = 002F39F909D0881F00EBEB88 /* SDL.framework */; };
		002F3A2E09D0888800EBEB88 /* SDLMain.m in Sources */ = {isa = PBXBuildFile; fileRef = 002F3A2C09D0888800EBEB88 /* SDLMain.m */; };
		002F3C0109D093BD00EBEB88 /* OpenGL.framework in Frameworks */ = {isa = PBXBuildFile; fileRef = 002F3C0009D093BD00EBEB88 /* OpenGL.framework */; };
		002F3C6109D0951E00EBEB88 /* GLUT.framework in Frameworks */ = {isa = PBXBuildFile; fileRef = 002F3C6009D0951E00EBEB88 /* GLUT.framework */; };
		8D11072B0486CEB800E47090 /* InfoPlist.strings in Resources */ = {isa = PBXBuildFile; fileRef = 089C165CFE840E0CC02AAC07 /* InfoPlist.strings */; };
		8D11072F0486CEB800E47090 /* Cocoa.framework in Frameworks */ = {isa = PBXBuildFile; fileRef = 1058C7A1FEA54F0111CA2CBB /* Cocoa.framework */; };
		C4371B740E97F897008919D1 /* skull.icns in Resources */ = {isa = PBXBuildFile; fileRef = C4371B730E97F897008919D1 /* skull.icns */; };
		C438C0EF0FCAE64800AC7A25 /* egoboo_typedef.c in Sources */ = {isa = PBXBuildFile; fileRef = C438C0EB0FCAE64800AC7A25 /* egoboo_typedef.c */; };
		C438C0F10FCAE64800AC7A25 /* mpd.c in Sources */ = {isa = PBXBuildFile; fileRef = C438C0ED0FCAE64800AC7A25 /* mpd.c */; };
		C448193A0E97F50700FF170F /* SDL_image.framework in Frameworks */ = {isa = PBXBuildFile; fileRef = C44819370E97F50700FF170F /* SDL_image.framework */; };
		C448193B0E97F50700FF170F /* SDL_mixer.framework in Frameworks */ = {isa = PBXBuildFile; fileRef = C44819380E97F50700FF170F /* SDL_mixer.framework */; };
		C448193C0E97F50700FF170F /* SDL_ttf.framework in Frameworks */ = {isa = PBXBuildFile; fileRef = C44819390E97F50700FF170F /* SDL_ttf.framework */; };
		C46398970EBE6530006D617D /* link.c in Sources */ = {isa = PBXBuildFile; fileRef = C46398950EBE6530006D617D /* link.c */; };
		C46398C30EBE6EA8006D617D /* egoboo_endian.c in Sources */ = {isa = PBXBuildFile; fileRef = C46398C20EBE6EA8006D617D /* egoboo_endian.c */; };
		C469AB120EA1075B005CDBE7 /* SDLMain.nib in Resources */ = {isa = PBXBuildFile; fileRef = C469AB110EA1075B005CDBE7 /* SDLMain.nib */; };
		C469AB740EA11626005CDBE7 /* sys_mac.c in Sources */ = {isa = PBXBuildFile; fileRef = C469AB730EA11626005CDBE7 /* sys_mac.c */; };
		C46DAF0E0E9D34B900084BE5 /* SDL_image.framework in Copy Frameworks into .app bundle */ = {isa = PBXBuildFile; fileRef = C44819370E97F50700FF170F /* SDL_image.framework */; };
		C46DAF0F0E9D34B900084BE5 /* SDL_mixer.framework in Copy Frameworks into .app bundle */ = {isa = PBXBuildFile; fileRef = C44819380E97F50700FF170F /* SDL_mixer.framework */; };
		C46DAF100E9D34B900084BE5 /* SDL_ttf.framework in Copy Frameworks into .app bundle */ = {isa = PBXBuildFile; fileRef = C44819390E97F50700FF170F /* SDL_ttf.framework */; };
		C48323CB0FC43B16006F1F5D /* mad.c in Sources */ = {isa = PBXBuildFile; fileRef = C48323C70FC43B16006F1F5D /* mad.c */; };
		C48323CC0FC43B16006F1F5D /* script_functions.c in Sources */ = {isa = PBXBuildFile; fileRef = C48323C90FC43B16006F1F5D /* script_functions.c */; };
		C48332A20E98632D00B78406 /* menu.c in Sources */ = {isa = PBXBuildFile; fileRef = C4F69F4D0E9831820086650C /* menu.c */; };
		C4871E4210128DAD00A98CA4 /* mesh.c in Sources */ = {isa = PBXBuildFile; fileRef = C4871E3410128DAD00A98CA4 /* mesh.c */; };
		C4871E4310128DAD00A98CA4 /* ogl_debug.c in Sources */ = {isa = PBXBuildFile; fileRef = C4871E3610128DAD00A98CA4 /* ogl_debug.c */; };
		C4871E4410128DAD00A98CA4 /* ogl_extensions.c in Sources */ = {isa = PBXBuildFile; fileRef = C4871E3810128DAD00A98CA4 /* ogl_extensions.c */; };
		C4871E4510128DAD00A98CA4 /* ogl_include.c in Sources */ = {isa = PBXBuildFile; fileRef = C4871E3A10128DAD00A98CA4 /* ogl_include.c */; };
		C4871E4610128DAD00A98CA4 /* ogl_texture.c in Sources */ = {isa = PBXBuildFile; fileRef = C4871E3C10128DAD00A98CA4 /* ogl_texture.c */; };
		C4871E4710128DAD00A98CA4 /* SDL_extensions.c in Sources */ = {isa = PBXBuildFile; fileRef = C4871E3E10128DAD00A98CA4 /* SDL_extensions.c */; };
		C4871E4810128DAD00A98CA4 /* SDL_GL_extensions.c in Sources */ = {isa = PBXBuildFile; fileRef = C4871E4010128DAD00A98CA4 /* SDL_GL_extensions.c */; };
		C48B377E0F890E8A00563245 /* egoboo_setup.c in Sources */ = {isa = PBXBuildFile; fileRef = C48B376D0F890E8800563245 /* egoboo_setup.c */; };
		C48B377F0F890E8A00563245 /* egoboo_setup.h in Copy Frameworks into .app bundle */ = {isa = PBXBuildFile; fileRef = C48B376E0F890E8800563245 /* egoboo_setup.h */; };
		C49FFD240E97F96E00E13A99 /* camera.c in Sources */ = {isa = PBXBuildFile; fileRef = C49FFC930E97F96E00E13A99 /* camera.c */; };
		C49FFD270E97F96E00E13A99 /* char.c in Sources */ = {isa = PBXBuildFile; fileRef = C49FFC960E97F96E00E13A99 /* char.c */; };
		C49FFD2A0E97F96E00E13A99 /* client.c in Sources */ = {isa = PBXBuildFile; fileRef = C49FFC990E97F96E00E13A99 /* client.c */; };
		C49FFD2C0E97F96E00E13A99 /* clock.c in Sources */ = {isa = PBXBuildFile; fileRef = C49FFC9B0E97F96E00E13A99 /* clock.c */; };
		C49FFD2E0E97F96E00E13A99 /* configfile.c in Sources */ = {isa = PBXBuildFile; fileRef = C49FFC9D0E97F96E00E13A99 /* configfile.c */; };
		C49FFD420E97F96E00E13A99 /* enchant.c in Sources */ = {isa = PBXBuildFile; fileRef = C49FFCB10E97F96E00E13A99 /* enchant.c */; };
		C49FFD490E97F96E00E13A99 /* font.c in Sources */ = {isa = PBXBuildFile; fileRef = C49FFCB80E97F96E00E13A99 /* font.c */; };
		C49FFD4D0E97F96E00E13A99 /* game.c in Sources */ = {isa = PBXBuildFile; fileRef = C49FFCBC0E97F96E00E13A99 /* game.c */; };
		C49FFD560E97F96E00E13A99 /* graphic.c in Sources */ = {isa = PBXBuildFile; fileRef = C49FFCC50E97F96E00E13A99 /* graphic.c */; };
		C49FFD5F0E97F96E00E13A99 /* input.c in Sources */ = {isa = PBXBuildFile; fileRef = C49FFCCE0E97F96E00E13A99 /* input.c */; };
		C49FFD6B0E97F96E00E13A99 /* log.c in Sources */ = {isa = PBXBuildFile; fileRef = C49FFCDB0E97F96E00E13A99 /* log.c */; };
		C49FFD720E97F96E00E13A99 /* Md2.c in Sources */ = {isa = PBXBuildFile; fileRef = C49FFCE20E97F96E00E13A99 /* Md2.c */; };
		C49FFD7A0E97F96E00E13A99 /* module.c in Sources */ = {isa = PBXBuildFile; fileRef = C49FFCEA0E97F96E00E13A99 /* module.c */; };
		C49FFD910E97F96E00E13A99 /* particle.c in Sources */ = {isa = PBXBuildFile; fileRef = C49FFD020E97F96E00E13A99 /* particle.c */; };
		C49FFD940E97F96E00E13A99 /* passage.c in Sources */ = {isa = PBXBuildFile; fileRef = C49FFD050E97F96E00E13A99 /* passage.c */; };
		C49FFD9A0E97F96E00E13A99 /* script.c in Sources */ = {isa = PBXBuildFile; fileRef = C49FFD0B0E97F96E00E13A99 /* script.c */; };
		C49FFDA50E97F96E00E13A99 /* server.c in Sources */ = {isa = PBXBuildFile; fileRef = C49FFD160E97F96E00E13A99 /* server.c */; };
		C49FFDA70E97F96E00E13A99 /* sound.c in Sources */ = {isa = PBXBuildFile; fileRef = C49FFD180E97F96E00E13A99 /* sound.c */; };
		C49FFDAE0E97F96E00E13A99 /* ui.c in Sources */ = {isa = PBXBuildFile; fileRef = C49FFD200E97F96E00E13A99 /* ui.c */; };
		C4C850050FC048AB00E98D52 /* egoboo_console.c in Sources */ = {isa = PBXBuildFile; fileRef = C4C84FF50FC048AB00E98D52 /* egoboo_console.c */; };
		C4C850060FC048AB00E98D52 /* egoboo_fileutil.c in Sources */ = {isa = PBXBuildFile; fileRef = C4C84FF70FC048AB00E98D52 /* egoboo_fileutil.c */; };
		C4C850070FC048AB00E98D52 /* lua_console.c in Sources */ = {isa = PBXBuildFile; fileRef = C4C84FFC0FC048AB00E98D52 /* lua_console.c */; };
		C4C850090FC048AB00E98D52 /* script_compile.c in Sources */ = {isa = PBXBuildFile; fileRef = C4C850020FC048AB00E98D52 /* script_compile.c */; };
		C4C850290FC0708500E98D52 /* ego_wrap.c in Sources */ = {isa = PBXBuildFile; fileRef = C4C850280FC0708500E98D52 /* ego_wrap.c */; };
		C4C8506A0FC087A700E98D52 /* liblua5.1.a in Frameworks */ = {isa = PBXBuildFile; fileRef = C4C8503C0FC0798B00E98D52 /* liblua5.1.a */; };
		C4F69F1D0E9830BB0086650C /* host.c in Sources */ = {isa = PBXBuildFile; fileRef = C4F69EF90E9830BB0086650C /* host.c */; };
		C4F69F280E9830BB0086650C /* list.c in Sources */ = {isa = PBXBuildFile; fileRef = C4F69F050E9830BB0086650C /* list.c */; };
		C4F69F2B0E9830BB0086650C /* memory.c in Sources */ = {isa = PBXBuildFile; fileRef = C4F69F080E9830BB0086650C /* memory.c */; };
		C4F69F2D0E9830BB0086650C /* packet.c in Sources */ = {isa = PBXBuildFile; fileRef = C4F69F0A0E9830BB0086650C /* packet.c */; };
		C4F69F2E0E9830BB0086650C /* peer.c in Sources */ = {isa = PBXBuildFile; fileRef = C4F69F0B0E9830BB0086650C /* peer.c */; };
		C4F69F2F0E9830BB0086650C /* protocol.c in Sources */ = {isa = PBXBuildFile; fileRef = C4F69F0C0E9830BB0086650C /* protocol.c */; };
		C4F69F350E9830BB0086650C /* unix.c in Sources */ = {isa = PBXBuildFile; fileRef = C4F69F120E9830BB0086650C /* unix.c */; };
		C4F69F590E9832A00086650C /* file_common.c in Sources */ = {isa = PBXBuildFile; fileRef = C4F69F3D0E9831820086650C /* file_common.c */; };
		C4F69F5A0E9832A20086650C /* egoboo_strutil.c in Sources */ = {isa = PBXBuildFile; fileRef = C4F69F3E0E9831820086650C /* egoboo_strutil.c */; };
		C4F69F5F0E9832AA0086650C /* graphic_fan.c in Sources */ = {isa = PBXBuildFile; fileRef = C4F69F430E9831820086650C /* graphic_fan.c */; };
		C4F69F600E9832AB0086650C /* graphic_mad.c in Sources */ = {isa = PBXBuildFile; fileRef = C4F69F440E9831820086650C /* graphic_mad.c */; };
		C4F69F610E9832AD0086650C /* graphic_prt.c in Sources */ = {isa = PBXBuildFile; fileRef = C4F69F450E9831820086650C /* graphic_prt.c */; };
		C4F69F630E9832B20086650C /* file_mac.m in Sources */ = {isa = PBXBuildFile; fileRef = C4F69F470E9831820086650C /* file_mac.m */; };
		C4F69F650E9832B80086650C /* egoboo_math.c in Sources */ = {isa = PBXBuildFile; fileRef = C4F69F4B0E9831820086650C /* egoboo_math.c */; };
		C4F69F670E9832BC0086650C /* network.c in Sources */ = {isa = PBXBuildFile; fileRef = C4F69F4E0E9831820086650C /* network.c */; };
/* End PBXBuildFile section */

/* Begin PBXContainerItemProxy section */
		C48C064E0F32D9BE006984C2 /* PBXContainerItemProxy */ = {
			isa = PBXContainerItemProxy;
			containerPortal = 29B97313FDCFA39411CA2CEA /* Project object */;
			proxyType = 1;
			remoteGlobalIDString = 8D1107260486CEB800E47090;
			remoteInfo = Egoboo;
		};
/* End PBXContainerItemProxy section */

/* Begin PBXCopyFilesBuildPhase section */
		002F39FD09D0883400EBEB88 /* Copy Frameworks into .app bundle */ = {
			isa = PBXCopyFilesBuildPhase;
			buildActionMask = 2147483647;
			dstPath = "";
			dstSubfolderSpec = 10;
			files = (
				002F3A0009D0884600EBEB88 /* SDL.framework in Copy Frameworks into .app bundle */,
				C46DAF0E0E9D34B900084BE5 /* SDL_image.framework in Copy Frameworks into .app bundle */,
				C46DAF0F0E9D34B900084BE5 /* SDL_mixer.framework in Copy Frameworks into .app bundle */,
				C46DAF100E9D34B900084BE5 /* SDL_ttf.framework in Copy Frameworks into .app bundle */,
				C48B377F0F890E8A00563245 /* egoboo_setup.h in Copy Frameworks into .app bundle */,
			);
			name = "Copy Frameworks into .app bundle";
			runOnlyForDeploymentPostprocessing = 0;
		};
/* End PBXCopyFilesBuildPhase section */

/* Begin PBXFileReference section */
		002F39F909D0881F00EBEB88 /* SDL.framework */ = {isa = PBXFileReference; lastKnownFileType = wrapper.framework; name = SDL.framework; path = /Library/Frameworks/SDL.framework; sourceTree = "<absolute>"; };
		002F3A2B09D0888800EBEB88 /* SDLMain.h */ = {isa = PBXFileReference; fileEncoding = 30; lastKnownFileType = sourcecode.c.h; path = SDLMain.h; sourceTree = "<group>"; };
		002F3A2C09D0888800EBEB88 /* SDLMain.m */ = {isa = PBXFileReference; fileEncoding = 30; lastKnownFileType = sourcecode.c.objc; path = SDLMain.m; sourceTree = "<group>"; };
		002F3C0009D093BD00EBEB88 /* OpenGL.framework */ = {isa = PBXFileReference; lastKnownFileType = wrapper.framework; name = OpenGL.framework; path = /System/Library/Frameworks/OpenGL.framework; sourceTree = "<absolute>"; };
		002F3C6009D0951E00EBEB88 /* GLUT.framework */ = {isa = PBXFileReference; lastKnownFileType = wrapper.framework; name = GLUT.framework; path = /System/Library/Frameworks/GLUT.framework; sourceTree = "<absolute>"; };
		089C165DFE840E0CC02AAC07 /* English */ = {isa = PBXFileReference; fileEncoding = 10; lastKnownFileType = text.plist.strings; name = English; path = English.lproj/InfoPlist.strings; sourceTree = "<group>"; };
		1058C7A1FEA54F0111CA2CBB /* Cocoa.framework */ = {isa = PBXFileReference; lastKnownFileType = wrapper.framework; name = Cocoa.framework; path = /System/Library/Frameworks/Cocoa.framework; sourceTree = "<absolute>"; };
		8D1107310486CEB800E47090 /* Info.plist */ = {isa = PBXFileReference; fileEncoding = 4; lastKnownFileType = text.plist; path = Info.plist; sourceTree = "<group>"; };
		8D1107320486CEB800E47090 /* Egoboo.app */ = {isa = PBXFileReference; explicitFileType = wrapper.application; includeInIndex = 0; path = Egoboo.app; sourceTree = BUILT_PRODUCTS_DIR; };
		C4006A6F0F00C640009D62E8 /* api.txt */ = {isa = PBXFileReference; fileEncoding = 30; lastKnownFileType = text; path = api.txt; sourceTree = "<group>"; };
		C4006A700F00C640009D62E8 /* design.txt */ = {isa = PBXFileReference; fileEncoding = 30; lastKnownFileType = text; path = design.txt; sourceTree = "<group>"; };
		C4006A730F00C640009D62E8 /* enet_vs7.vcproj */ = {isa = PBXFileReference; fileEncoding = 30; lastKnownFileType = text.xml; path = enet_vs7.vcproj; sourceTree = "<group>"; };
		C4006A740F00C640009D62E8 /* enet_vs9.vcproj */ = {isa = PBXFileReference; fileEncoding = 30; lastKnownFileType = text.xml; path = enet_vs9.vcproj; sourceTree = "<group>"; };
		C4006A750F00C640009D62E8 /* LICENSE */ = {isa = PBXFileReference; fileEncoding = 30; lastKnownFileType = text; path = LICENSE; sourceTree = "<group>"; };
		C4006A760F00C640009D62E8 /* Makefile */ = {isa = PBXFileReference; fileEncoding = 30; lastKnownFileType = sourcecode.make; path = Makefile; sourceTree = "<group>"; };
		C4006A770F00C640009D62E8 /* README */ = {isa = PBXFileReference; fileEncoding = 30; lastKnownFileType = text; path = README; sourceTree = "<group>"; };
		C4006A780F00C640009D62E8 /* tutorial.txt */ = {isa = PBXFileReference; fileEncoding = 30; lastKnownFileType = text; path = tutorial.txt; sourceTree = "<group>"; };
		C4006A7D0F00C76B009D62E8 /* hat.icns */ = {isa = PBXFileReference; lastKnownFileType = image.icns; path = hat.icns; sourceTree = "<group>"; };
		C4006A7E0F00C797009D62E8 /* change.log */ = {isa = PBXFileReference; fileEncoding = 30; lastKnownFileType = text; path = change.log; sourceTree = "<group>"; };
		C4006A7F0F00C797009D62E8 /* egoboo_endian.h */ = {isa = PBXFileReference; fileEncoding = 30; lastKnownFileType = sourcecode.c.h; path = egoboo_endian.h; sourceTree = "<group>"; };
		C4006A800F00C797009D62E8 /* egoboo.sh */ = {isa = PBXFileReference; fileEncoding = 30; lastKnownFileType = text.script.sh; path = egoboo.sh; sourceTree = "<group>"; };
		C4006A840F00C797009D62E8 /* game_vs7.layout */ = {isa = PBXFileReference; fileEncoding = 30; lastKnownFileType = text.xml; path = game_vs7.layout; sourceTree = "<group>"; };
		C4006A850F00C797009D62E8 /* game_vs7.vcproj */ = {isa = PBXFileReference; fileEncoding = 30; lastKnownFileType = text.xml; path = game_vs7.vcproj; sourceTree = "<group>"; };
		C4006A860F00C797009D62E8 /* game_vs9.vcproj */ = {isa = PBXFileReference; fileEncoding = 30; lastKnownFileType = text.xml; path = game_vs9.vcproj; sourceTree = "<group>"; };
		C4006A870F00C797009D62E8 /* graphic.h */ = {isa = PBXFileReference; fileEncoding = 30; lastKnownFileType = sourcecode.c.h; path = graphic.h; sourceTree = "<group>"; };
		C4006A880F00C797009D62E8 /* Makefile */ = {isa = PBXFileReference; fileEncoding = 30; lastKnownFileType = sourcecode.make; path = Makefile; sourceTree = "<group>"; };
		C4006A890F00C82C009D62E8 /* Changelog.txt */ = {isa = PBXFileReference; fileEncoding = 30; lastKnownFileType = text; path = Changelog.txt; sourceTree = "<group>"; };
		C4006A8B0F00C82C009D62E8 /* controls.txt */ = {isa = PBXFileReference; fileEncoding = 30; lastKnownFileType = text; path = controls.txt; sourceTree = "<group>"; };
		C4006A8D0F00C82C009D62E8 /* Egoboo_vs7.sln */ = {isa = PBXFileReference; fileEncoding = 30; lastKnownFileType = text; path = Egoboo_vs7.sln; sourceTree = "<group>"; };
		C4006A8E0F00C82C009D62E8 /* Egoboo_vs9.sln */ = {isa = PBXFileReference; fileEncoding = 30; lastKnownFileType = text; path = Egoboo_vs9.sln; sourceTree = "<group>"; };
		C4006A8F0F00C82C009D62E8 /* Egoboo.workspace */ = {isa = PBXFileReference; fileEncoding = 30; lastKnownFileType = text.xml; path = Egoboo.workspace; sourceTree = "<group>"; };
		C4006A900F00C82C009D62E8 /* egoboo1.ico */ = {isa = PBXFileReference; lastKnownFileType = image.ico; path = egoboo1.ico; sourceTree = "<group>"; };
		C4006A910F00C82C009D62E8 /* egoboo2.ico */ = {isa = PBXFileReference; lastKnownFileType = image.ico; path = egoboo2.ico; sourceTree = "<group>"; };
		C4006A920F00C82C009D62E8 /* License.pdf */ = {isa = PBXFileReference; lastKnownFileType = image.pdf; path = License.pdf; sourceTree = "<group>"; };
		C4006A930F00C82C009D62E8 /* Makefile */ = {isa = PBXFileReference; fileEncoding = 30; lastKnownFileType = sourcecode.make; path = Makefile; sourceTree = "<group>"; };
		C4006A940F00C82C009D62E8 /* README.Linux */ = {isa = PBXFileReference; fileEncoding = 30; lastKnownFileType = text; path = README.Linux; sourceTree = "<group>"; };
		C4006A950F00C82C009D62E8 /* README.Mac */ = {isa = PBXFileReference; fileEncoding = 30; lastKnownFileType = text; path = README.Mac; sourceTree = "<group>"; };
		C4006A960F00C82C009D62E8 /* Readme.txt */ = {isa = PBXFileReference; fileEncoding = 30; lastKnownFileType = text; path = Readme.txt; sourceTree = "<group>"; };
		C4006A970F00C82C009D62E8 /* README.Windows */ = {isa = PBXFileReference; fileEncoding = 30; lastKnownFileType = text; path = README.Windows; sourceTree = "<group>"; };
		C4006A980F00C82C009D62E8 /* setup.txt */ = {isa = PBXFileReference; fileEncoding = 30; lastKnownFileType = text; lineEnding = 2; path = setup.txt; sourceTree = "<group>"; };
		C4006A990F00C871009D62E8 /* basicdat */ = {isa = PBXFileReference; lastKnownFileType = folder; path = basicdat; sourceTree = "<group>"; };
		C4006AE90F00C89A009D62E8 /* modules */ = {isa = PBXFileReference; lastKnownFileType = folder; path = modules; sourceTree = "<group>"; };
		C400A8610F00C8F6009D62E8 /* egoboo.ico */ = {isa = PBXFileReference; lastKnownFileType = image.ico; path = egoboo.ico; sourceTree = "<group>"; };
		C400A8620F00C8F6009D62E8 /* egoboo.rc */ = {isa = PBXFileReference; fileEncoding = 30; lastKnownFileType = text; path = egoboo.rc; sourceTree = "<group>"; };
		C400A8630F00C8F6009D62E8 /* egoboo3.ico */ = {isa = PBXFileReference; lastKnownFileType = image.ico; path = egoboo3.ico; sourceTree = "<group>"; };
		C400A8640F00C8F6009D62E8 /* old-egoboo.ico */ = {isa = PBXFileReference; lastKnownFileType = image.ico; path = "old-egoboo.ico"; sourceTree = "<group>"; };
		C4371B6E0E97F865008919D1 /* Egoboo_Prefix.pch */ = {isa = PBXFileReference; fileEncoding = 30; lastKnownFileType = sourcecode.c.h; path = Egoboo_Prefix.pch; sourceTree = "<group>"; };
		C4371B730E97F897008919D1 /* skull.icns */ = {isa = PBXFileReference; lastKnownFileType = image.icns; path = skull.icns; sourceTree = "<group>"; };
		C438C0EA0FCAE64800AC7A25 /* egoboo_platform.h */ = {isa = PBXFileReference; fileEncoding = 4; lastKnownFileType = sourcecode.c.h; path = egoboo_platform.h; sourceTree = "<group>"; };
		C438C0EB0FCAE64800AC7A25 /* egoboo_typedef.c */ = {isa = PBXFileReference; fileEncoding = 4; lastKnownFileType = sourcecode.c.c; path = egoboo_typedef.c; sourceTree = "<group>"; };
		C438C0EC0FCAE64800AC7A25 /* id_normals.inl */ = {isa = PBXFileReference; fileEncoding = 4; lastKnownFileType = text; path = id_normals.inl; sourceTree = "<group>"; };
		C438C0ED0FCAE64800AC7A25 /* mpd.c */ = {isa = PBXFileReference; fileEncoding = 4; lastKnownFileType = sourcecode.c.c; path = mpd.c; sourceTree = "<group>"; };
		C438C0EE0FCAE64800AC7A25 /* mpd.h */ = {isa = PBXFileReference; fileEncoding = 4; lastKnownFileType = sourcecode.c.h; path = mpd.h; sourceTree = "<group>"; };
		C44819370E97F50700FF170F /* SDL_image.framework */ = {isa = PBXFileReference; lastKnownFileType = wrapper.framework; name = SDL_image.framework; path = /Library/Frameworks/SDL_image.framework; sourceTree = "<absolute>"; };
		C44819380E97F50700FF170F /* SDL_mixer.framework */ = {isa = PBXFileReference; lastKnownFileType = wrapper.framework; name = SDL_mixer.framework; path = /Library/Frameworks/SDL_mixer.framework; sourceTree = "<absolute>"; };
		C44819390E97F50700FF170F /* SDL_ttf.framework */ = {isa = PBXFileReference; lastKnownFileType = wrapper.framework; name = SDL_ttf.framework; path = /Library/Frameworks/SDL_ttf.framework; sourceTree = "<absolute>"; };
		C46398950EBE6530006D617D /* link.c */ = {isa = PBXFileReference; fileEncoding = 30; lastKnownFileType = sourcecode.c.c; lineEnding = 2; path = link.c; sourceTree = "<group>"; };
		C46398960EBE6530006D617D /* link.h */ = {isa = PBXFileReference; fileEncoding = 30; lastKnownFileType = sourcecode.c.h; lineEnding = 2; path = link.h; sourceTree = "<group>"; };
		C46398C20EBE6EA8006D617D /* egoboo_endian.c */ = {isa = PBXFileReference; fileEncoding = 30; lastKnownFileType = sourcecode.c.c; lineEnding = 2; path = egoboo_endian.c; sourceTree = "<group>"; };
		C469AB110EA1075B005CDBE7 /* SDLMain.nib */ = {isa = PBXFileReference; lastKnownFileType = wrapper.nib; path = SDLMain.nib; sourceTree = "<group>"; };
		C469AB730EA11626005CDBE7 /* sys_mac.c */ = {isa = PBXFileReference; fileEncoding = 30; lastKnownFileType = sourcecode.c.c; path = sys_mac.c; sourceTree = "<group>"; };
		C46B616D0EC2DED3008B84E8 /* camera.h */ = {isa = PBXFileReference; fileEncoding = 30; lastKnownFileType = sourcecode.c.h; lineEnding = 2; path = camera.h; sourceTree = "<group>"; };
		C46B616E0EC2DED3008B84E8 /* char.h */ = {isa = PBXFileReference; fileEncoding = 30; lastKnownFileType = sourcecode.c.h; lineEnding = 2; path = char.h; sourceTree = "<group>"; };
		C46B616F0EC2DED3008B84E8 /* egoboo_config.h */ = {isa = PBXFileReference; fileEncoding = 30; lastKnownFileType = sourcecode.c.h; lineEnding = 2; path = egoboo_config.h; sourceTree = "<group>"; };
		C46B61700EC2DED3008B84E8 /* egoboo_math.h */ = {isa = PBXFileReference; fileEncoding = 30; lastKnownFileType = sourcecode.c.h; lineEnding = 2; path = egoboo_math.h; sourceTree = "<group>"; };
		C46B61710EC2DED3008B84E8 /* particle.h */ = {isa = PBXFileReference; fileEncoding = 30; lastKnownFileType = sourcecode.c.h; lineEnding = 2; path = particle.h; sourceTree = "<group>"; };
		C46B61720EC2DED3008B84E8 /* script.h */ = {isa = PBXFileReference; fileEncoding = 30; lastKnownFileType = sourcecode.c.h; lineEnding = 2; path = script.h; sourceTree = "<group>"; };
		C48323C70FC43B16006F1F5D /* mad.c */ = {isa = PBXFileReference; fileEncoding = 4; lastKnownFileType = sourcecode.c.c; path = mad.c; sourceTree = "<group>"; };
		C48323C80FC43B16006F1F5D /* mad.h */ = {isa = PBXFileReference; fileEncoding = 4; lastKnownFileType = sourcecode.c.h; path = mad.h; sourceTree = "<group>"; };
		C48323C90FC43B16006F1F5D /* script_functions.c */ = {isa = PBXFileReference; fileEncoding = 4; lastKnownFileType = sourcecode.c.c; path = script_functions.c; sourceTree = "<group>"; };
		C48323CA0FC43B16006F1F5D /* script_functions.h */ = {isa = PBXFileReference; fileEncoding = 4; lastKnownFileType = sourcecode.c.h; path = script_functions.h; sourceTree = "<group>"; };
		C48332880E98625500B78406 /* enet.h */ = {isa = PBXFileReference; fileEncoding = 30; lastKnownFileType = sourcecode.c.h; lineEnding = 2; path = enet.h; sourceTree = "<group>"; };
		C48332890E98625500B78406 /* list.h */ = {isa = PBXFileReference; fileEncoding = 30; lastKnownFileType = sourcecode.c.h; lineEnding = 2; path = list.h; sourceTree = "<group>"; };
		C483328A0E98625500B78406 /* memory.h */ = {isa = PBXFileReference; fileEncoding = 30; lastKnownFileType = sourcecode.c.h; lineEnding = 2; path = memory.h; sourceTree = "<group>"; };
		C483328B0E98625500B78406 /* protocol.h */ = {isa = PBXFileReference; fileEncoding = 30; lastKnownFileType = sourcecode.c.h; lineEnding = 2; path = protocol.h; sourceTree = "<group>"; };
		C483328C0E98625500B78406 /* enet_time.h */ = {isa = PBXFileReference; fileEncoding = 30; lastKnownFileType = sourcecode.c.h; lineEnding = 2; path = enet_time.h; sourceTree = "<group>"; };
		C483328D0E98625500B78406 /* types.h */ = {isa = PBXFileReference; fileEncoding = 30; lastKnownFileType = sourcecode.c.h; lineEnding = 2; path = types.h; sourceTree = "<group>"; };
		C483328E0E98625500B78406 /* unix.h */ = {isa = PBXFileReference; fileEncoding = 30; lastKnownFileType = sourcecode.c.h; lineEnding = 2; path = unix.h; sourceTree = "<group>"; };
		C483328F0E98625500B78406 /* utility.h */ = {isa = PBXFileReference; fileEncoding = 30; lastKnownFileType = sourcecode.c.h; lineEnding = 2; path = utility.h; sourceTree = "<group>"; };
		C48332900E98625500B78406 /* win32.h */ = {isa = PBXFileReference; fileEncoding = 30; lastKnownFileType = sourcecode.c.h; lineEnding = 2; path = win32.h; sourceTree = "<group>"; };
		C483329E0E9862F300B78406 /* file_linux.c */ = {isa = PBXFileReference; fileEncoding = 30; lastKnownFileType = sourcecode.c.c; lineEnding = 2; path = file_linux.c; sourceTree = "<group>"; };
		C483329F0E9862F300B78406 /* sys_linux.c */ = {isa = PBXFileReference; fileEncoding = 30; lastKnownFileType = sourcecode.c.c; lineEnding = 2; path = sys_linux.c; sourceTree = "<group>"; };
		C4871E3310128DAD00A98CA4 /* game.h */ = {isa = PBXFileReference; fileEncoding = 4; lastKnownFileType = sourcecode.c.h; path = game.h; sourceTree = "<group>"; };
		C4871E3410128DAD00A98CA4 /* mesh.c */ = {isa = PBXFileReference; fileEncoding = 4; lastKnownFileType = sourcecode.c.c; path = mesh.c; sourceTree = "<group>"; };
		C4871E3510128DAD00A98CA4 /* mesh.h */ = {isa = PBXFileReference; fileEncoding = 4; lastKnownFileType = sourcecode.c.h; path = mesh.h; sourceTree = "<group>"; };
		C4871E3610128DAD00A98CA4 /* ogl_debug.c */ = {isa = PBXFileReference; fileEncoding = 4; lastKnownFileType = sourcecode.c.c; path = ogl_debug.c; sourceTree = "<group>"; };
		C4871E3710128DAD00A98CA4 /* ogl_debug.h */ = {isa = PBXFileReference; fileEncoding = 4; lastKnownFileType = sourcecode.c.h; path = ogl_debug.h; sourceTree = "<group>"; };
		C4871E3810128DAD00A98CA4 /* ogl_extensions.c */ = {isa = PBXFileReference; fileEncoding = 4; lastKnownFileType = sourcecode.c.c; path = ogl_extensions.c; sourceTree = "<group>"; };
		C4871E3910128DAD00A98CA4 /* ogl_extensions.h */ = {isa = PBXFileReference; fileEncoding = 4; lastKnownFileType = sourcecode.c.h; path = ogl_extensions.h; sourceTree = "<group>"; };
		C4871E3A10128DAD00A98CA4 /* ogl_include.c */ = {isa = PBXFileReference; fileEncoding = 4; lastKnownFileType = sourcecode.c.c; path = ogl_include.c; sourceTree = "<group>"; };
		C4871E3B10128DAD00A98CA4 /* ogl_include.h */ = {isa = PBXFileReference; fileEncoding = 4; lastKnownFileType = sourcecode.c.h; path = ogl_include.h; sourceTree = "<group>"; };
		C4871E3C10128DAD00A98CA4 /* ogl_texture.c */ = {isa = PBXFileReference; fileEncoding = 4; lastKnownFileType = sourcecode.c.c; path = ogl_texture.c; sourceTree = "<group>"; };
		C4871E3D10128DAD00A98CA4 /* ogl_texture.h */ = {isa = PBXFileReference; fileEncoding = 4; lastKnownFileType = sourcecode.c.h; path = ogl_texture.h; sourceTree = "<group>"; };
		C4871E3E10128DAD00A98CA4 /* SDL_extensions.c */ = {isa = PBXFileReference; fileEncoding = 4; lastKnownFileType = sourcecode.c.c; path = SDL_extensions.c; sourceTree = "<group>"; };
		C4871E3F10128DAD00A98CA4 /* SDL_extensions.h */ = {isa = PBXFileReference; fileEncoding = 4; lastKnownFileType = sourcecode.c.h; path = SDL_extensions.h; sourceTree = "<group>"; };
		C4871E4010128DAD00A98CA4 /* SDL_GL_extensions.c */ = {isa = PBXFileReference; fileEncoding = 4; lastKnownFileType = sourcecode.c.c; path = SDL_GL_extensions.c; sourceTree = "<group>"; };
		C4871E4110128DAD00A98CA4 /* SDL_GL_extensions.h */ = {isa = PBXFileReference; fileEncoding = 4; lastKnownFileType = sourcecode.c.h; path = SDL_GL_extensions.h; sourceTree = "<group>"; };
		C48B376D0F890E8800563245 /* egoboo_setup.c */ = {isa = PBXFileReference; fileEncoding = 30; lastKnownFileType = sourcecode.c.c; path = egoboo_setup.c; sourceTree = "<group>"; };
		C48B376E0F890E8800563245 /* egoboo_setup.h */ = {isa = PBXFileReference; fileEncoding = 30; lastKnownFileType = sourcecode.c.h; path = egoboo_setup.h; sourceTree = "<group>"; };
		C48C06700F32EB63006984C2 /* Egoboo.dmg */ = {isa = PBXFileReference; lastKnownFileType = file; name = Egoboo.dmg; path = ../../Egoboo.dmg; sourceTree = BUILT_PRODUCTS_DIR; };
		C48C06810F32F583006984C2 /* players */ = {isa = PBXFileReference; lastKnownFileType = folder; path = players; sourceTree = "<group>"; };
		C49FFC930E97F96E00E13A99 /* camera.c */ = {isa = PBXFileReference; fileEncoding = 30; lastKnownFileType = sourcecode.c.c; lineEnding = 2; path = camera.c; sourceTree = "<group>"; };
		C49FFC960E97F96E00E13A99 /* char.c */ = {isa = PBXFileReference; fileEncoding = 30; lastKnownFileType = sourcecode.c.c; lineEnding = 2; path = char.c; sourceTree = "<group>"; };
		C49FFC990E97F96E00E13A99 /* client.c */ = {isa = PBXFileReference; fileEncoding = 30; lastKnownFileType = sourcecode.c.c; lineEnding = 2; path = client.c; sourceTree = "<group>"; };
		C49FFC9A0E97F96E00E13A99 /* client.h */ = {isa = PBXFileReference; fileEncoding = 30; lastKnownFileType = sourcecode.c.h; lineEnding = 2; path = client.h; sourceTree = "<group>"; };
		C49FFC9B0E97F96E00E13A99 /* clock.c */ = {isa = PBXFileReference; fileEncoding = 30; lastKnownFileType = sourcecode.c.c; lineEnding = 2; path = clock.c; sourceTree = "<group>"; };
		C49FFC9C0E97F96E00E13A99 /* clock.h */ = {isa = PBXFileReference; fileEncoding = 30; lastKnownFileType = sourcecode.c.h; lineEnding = 2; path = clock.h; sourceTree = "<group>"; };
		C49FFC9D0E97F96E00E13A99 /* configfile.c */ = {isa = PBXFileReference; fileEncoding = 30; lastKnownFileType = sourcecode.c.c; lineEnding = 2; path = configfile.c; sourceTree = "<group>"; };
		C49FFC9E0E97F96E00E13A99 /* configfile.h */ = {isa = PBXFileReference; fileEncoding = 30; lastKnownFileType = sourcecode.c.h; lineEnding = 2; path = configfile.h; sourceTree = "<group>"; };
		C49FFC9F0E97F96E00E13A99 /* egoboo.h */ = {isa = PBXFileReference; fileEncoding = 30; lastKnownFileType = sourcecode.c.h; lineEnding = 2; path = egoboo.h; sourceTree = "<group>"; };
		C49FFCB10E97F96E00E13A99 /* enchant.c */ = {isa = PBXFileReference; fileEncoding = 30; lastKnownFileType = sourcecode.c.c; lineEnding = 2; path = enchant.c; sourceTree = "<group>"; };
		C49FFCB80E97F96E00E13A99 /* font.c */ = {isa = PBXFileReference; fileEncoding = 30; lastKnownFileType = sourcecode.c.c; lineEnding = 2; path = font.c; sourceTree = "<group>"; };
		C49FFCB90E97F96E00E13A99 /* font.h */ = {isa = PBXFileReference; fileEncoding = 30; lastKnownFileType = sourcecode.c.h; lineEnding = 2; path = font.h; sourceTree = "<group>"; };
		C49FFCBC0E97F96E00E13A99 /* game.c */ = {isa = PBXFileReference; fileEncoding = 30; lastKnownFileType = sourcecode.c.c; lineEnding = 2; path = game.c; sourceTree = "<group>"; };
		C49FFCC50E97F96E00E13A99 /* graphic.c */ = {isa = PBXFileReference; fileEncoding = 30; lastKnownFileType = sourcecode.c.c; lineEnding = 2; path = graphic.c; sourceTree = "<group>"; };
		C49FFCCB0E97F96E00E13A99 /* id_md2.h */ = {isa = PBXFileReference; fileEncoding = 30; lastKnownFileType = sourcecode.c.h; lineEnding = 2; path = id_md2.h; sourceTree = "<group>"; };
		C49FFCCE0E97F96E00E13A99 /* input.c */ = {isa = PBXFileReference; fileEncoding = 30; lastKnownFileType = sourcecode.c.c; lineEnding = 2; path = input.c; sourceTree = "<group>"; };
		C49FFCDB0E97F96E00E13A99 /* log.c */ = {isa = PBXFileReference; fileEncoding = 30; lastKnownFileType = sourcecode.c.c; lineEnding = 2; path = log.c; sourceTree = "<group>"; };
		C49FFCDC0E97F96E00E13A99 /* log.h */ = {isa = PBXFileReference; fileEncoding = 30; lastKnownFileType = sourcecode.c.h; lineEnding = 2; path = log.h; sourceTree = "<group>"; };
		C49FFCE20E97F96E00E13A99 /* Md2.c */ = {isa = PBXFileReference; fileEncoding = 30; lastKnownFileType = sourcecode.c.c; lineEnding = 2; path = Md2.c; sourceTree = "<group>"; };
		C49FFCE30E97F96E00E13A99 /* Md2.h */ = {isa = PBXFileReference; fileEncoding = 30; lastKnownFileType = sourcecode.c.h; lineEnding = 2; path = Md2.h; sourceTree = "<group>"; };
		C49FFCE60E97F96E00E13A99 /* menu.h */ = {isa = PBXFileReference; fileEncoding = 30; lastKnownFileType = sourcecode.c.h; lineEnding = 2; path = menu.h; sourceTree = "<group>"; };
		C49FFCEA0E97F96E00E13A99 /* module.c */ = {isa = PBXFileReference; fileEncoding = 30; lastKnownFileType = sourcecode.c.c; lineEnding = 2; path = module.c; sourceTree = "<group>"; };
		C49FFD020E97F96E00E13A99 /* particle.c */ = {isa = PBXFileReference; fileEncoding = 30; lastKnownFileType = sourcecode.c.c; lineEnding = 2; path = particle.c; sourceTree = "<group>"; };
		C49FFD050E97F96E00E13A99 /* passage.c */ = {isa = PBXFileReference; fileEncoding = 30; lastKnownFileType = sourcecode.c.c; lineEnding = 2; path = passage.c; sourceTree = "<group>"; };
		C49FFD0B0E97F96E00E13A99 /* script.c */ = {isa = PBXFileReference; fileEncoding = 30; lastKnownFileType = sourcecode.c.c; lineEnding = 2; path = script.c; sourceTree = "<group>"; };
		C49FFD160E97F96E00E13A99 /* server.c */ = {isa = PBXFileReference; fileEncoding = 30; lastKnownFileType = sourcecode.c.c; lineEnding = 2; path = server.c; sourceTree = "<group>"; };
		C49FFD170E97F96E00E13A99 /* server.h */ = {isa = PBXFileReference; fileEncoding = 30; lastKnownFileType = sourcecode.c.h; lineEnding = 2; path = server.h; sourceTree = "<group>"; };
		C49FFD180E97F96E00E13A99 /* sound.c */ = {isa = PBXFileReference; fileEncoding = 30; lastKnownFileType = sourcecode.c.c; lineEnding = 2; path = sound.c; sourceTree = "<group>"; };
		C49FFD1A0E97F96E00E13A99 /* System.h */ = {isa = PBXFileReference; fileEncoding = 30; lastKnownFileType = sourcecode.c.h; lineEnding = 2; path = System.h; sourceTree = "<group>"; };
		C49FFD200E97F96E00E13A99 /* ui.c */ = {isa = PBXFileReference; fileEncoding = 30; lastKnownFileType = sourcecode.c.c; lineEnding = 2; path = ui.c; sourceTree = "<group>"; };
		C49FFD210E97F96E00E13A99 /* ui.h */ = {isa = PBXFileReference; fileEncoding = 30; lastKnownFileType = sourcecode.c.h; lineEnding = 2; path = ui.h; sourceTree = "<group>"; };
		C4C84FF50FC048AB00E98D52 /* egoboo_console.c */ = {isa = PBXFileReference; fileEncoding = 4; lastKnownFileType = sourcecode.c.c; path = egoboo_console.c; sourceTree = "<group>"; };
		C4C84FF60FC048AB00E98D52 /* egoboo_console.h */ = {isa = PBXFileReference; fileEncoding = 4; lastKnownFileType = sourcecode.c.h; path = egoboo_console.h; sourceTree = "<group>"; };
		C4C84FF70FC048AB00E98D52 /* egoboo_fileutil.c */ = {isa = PBXFileReference; fileEncoding = 4; lastKnownFileType = sourcecode.c.c; path = egoboo_fileutil.c; sourceTree = "<group>"; };
		C4C84FF80FC048AB00E98D52 /* egoboo_fileutil.h */ = {isa = PBXFileReference; fileEncoding = 4; lastKnownFileType = sourcecode.c.h; path = egoboo_fileutil.h; sourceTree = "<group>"; };
		C4C84FF90FC048AB00E98D52 /* enchant.h */ = {isa = PBXFileReference; fileEncoding = 4; lastKnownFileType = sourcecode.c.h; path = enchant.h; sourceTree = "<group>"; };
		C4C84FFA0FC048AB00E98D52 /* file_common.h */ = {isa = PBXFileReference; fileEncoding = 4; lastKnownFileType = sourcecode.c.h; path = file_common.h; sourceTree = "<group>"; };
		C4C84FFB0FC048AB00E98D52 /* input.h */ = {isa = PBXFileReference; fileEncoding = 4; lastKnownFileType = sourcecode.c.h; path = input.h; sourceTree = "<group>"; };
		C4C84FFC0FC048AB00E98D52 /* lua_console.c */ = {isa = PBXFileReference; fileEncoding = 4; lastKnownFileType = sourcecode.c.c; path = lua_console.c; sourceTree = "<group>"; };
		C4C84FFD0FC048AB00E98D52 /* lua_console.h */ = {isa = PBXFileReference; fileEncoding = 4; lastKnownFileType = sourcecode.c.h; path = lua_console.h; sourceTree = "<group>"; };
		C4C84FFE0FC048AB00E98D52 /* Makefile.lua */ = {isa = PBXFileReference; fileEncoding = 4; lastKnownFileType = text; path = Makefile.lua; sourceTree = "<group>"; };
		C4C84FFF0FC048AB00E98D52 /* module.h */ = {isa = PBXFileReference; fileEncoding = 4; lastKnownFileType = sourcecode.c.h; path = module.h; sourceTree = "<group>"; };
		C4C850000FC048AB00E98D52 /* network.h */ = {isa = PBXFileReference; fileEncoding = 4; lastKnownFileType = sourcecode.c.h; path = network.h; sourceTree = "<group>"; };
		C4C850010FC048AB00E98D52 /* passage.h */ = {isa = PBXFileReference; fileEncoding = 4; lastKnownFileType = sourcecode.c.h; path = passage.h; sourceTree = "<group>"; };
		C4C850020FC048AB00E98D52 /* script_compile.c */ = {isa = PBXFileReference; fileEncoding = 4; lastKnownFileType = sourcecode.c.c; path = script_compile.c; sourceTree = "<group>"; };
		C4C850030FC048AB00E98D52 /* script_compile.h */ = {isa = PBXFileReference; fileEncoding = 4; lastKnownFileType = sourcecode.c.h; path = script_compile.h; sourceTree = "<group>"; };
		C4C850040FC048AB00E98D52 /* sound.h */ = {isa = PBXFileReference; fileEncoding = 4; lastKnownFileType = sourcecode.c.h; path = sound.h; sourceTree = "<group>"; };
		C4C8500A0FC049B000E98D52 /* egoboo_console.inl */ = {isa = PBXFileReference; fileEncoding = 4; lastKnownFileType = text; path = egoboo_console.inl; sourceTree = "<group>"; };
		C4C8500B0FC049B000E98D52 /* egoboo_vs6.dsp */ = {isa = PBXFileReference; fileEncoding = 4; lastKnownFileType = text; path = egoboo_vs6.dsp; sourceTree = "<group>"; };
		C4C8500C0FC049B000E98D52 /* game.cbp */ = {isa = PBXFileReference; fileEncoding = 4; lastKnownFileType = text.xml; path = game.cbp; sourceTree = "<group>"; };
		C4C8500D0FC049B000E98D52 /* game.depend */ = {isa = PBXFileReference; fileEncoding = 4; lastKnownFileType = text; path = game.depend; sourceTree = "<group>"; };
		C4C8500E0FC049B000E98D52 /* use_swig_nix.sh */ = {isa = PBXFileReference; fileEncoding = 4; lastKnownFileType = text.script.sh; path = use_swig_nix.sh; sourceTree = "<group>"; };
		C4C8500F0FC049B000E98D52 /* use_swig_win32.bat */ = {isa = PBXFileReference; fileEncoding = 4; lastKnownFileType = text; path = use_swig_win32.bat; sourceTree = "<group>"; };
		C4C850100FC049F200E98D52 /* enet.cbp */ = {isa = PBXFileReference; fileEncoding = 4; lastKnownFileType = text.xml; path = enet.cbp; sourceTree = "<group>"; };
		C4C850110FC049F200E98D52 /* enet.layout */ = {isa = PBXFileReference; fileEncoding = 4; lastKnownFileType = text.xml; path = enet.layout; sourceTree = "<group>"; };
		C4C850120FC049F200E98D52 /* enet_vs6.dsp */ = {isa = PBXFileReference; fileEncoding = 4; lastKnownFileType = text; path = enet_vs6.dsp; sourceTree = "<group>"; };
		C4C850270FC0708500E98D52 /* ego.i */ = {isa = PBXFileReference; explicitFileType = sourcecode; fileEncoding = 4; path = ego.i; sourceTree = "<group>"; };
		C4C850280FC0708500E98D52 /* ego_wrap.c */ = {isa = PBXFileReference; fileEncoding = 4; lastKnownFileType = sourcecode.c.c; path = ego_wrap.c; sourceTree = "<group>"; };
		C4C8503C0FC0798B00E98D52 /* liblua5.1.a */ = {isa = PBXFileReference; lastKnownFileType = archive.ar; name = liblua5.1.a; path = /usr/local/lib/liblua5.1.a; sourceTree = "<absolute>"; };
		C4F69EF90E9830BB0086650C /* host.c */ = {isa = PBXFileReference; fileEncoding = 30; lastKnownFileType = sourcecode.c.c; lineEnding = 2; path = host.c; sourceTree = "<group>"; };
		C4F69F050E9830BB0086650C /* list.c */ = {isa = PBXFileReference; fileEncoding = 30; lastKnownFileType = sourcecode.c.c; lineEnding = 2; path = list.c; sourceTree = "<group>"; };
		C4F69F080E9830BB0086650C /* memory.c */ = {isa = PBXFileReference; fileEncoding = 30; lastKnownFileType = sourcecode.c.c; lineEnding = 2; path = memory.c; sourceTree = "<group>"; };
		C4F69F0A0E9830BB0086650C /* packet.c */ = {isa = PBXFileReference; fileEncoding = 30; lastKnownFileType = sourcecode.c.c; lineEnding = 2; path = packet.c; sourceTree = "<group>"; };
		C4F69F0B0E9830BB0086650C /* peer.c */ = {isa = PBXFileReference; fileEncoding = 30; lastKnownFileType = sourcecode.c.c; lineEnding = 2; path = peer.c; sourceTree = "<group>"; };
		C4F69F0C0E9830BB0086650C /* protocol.c */ = {isa = PBXFileReference; fileEncoding = 30; lastKnownFileType = sourcecode.c.c; lineEnding = 2; path = protocol.c; sourceTree = "<group>"; };
		C4F69F120E9830BB0086650C /* unix.c */ = {isa = PBXFileReference; fileEncoding = 30; lastKnownFileType = sourcecode.c.c; lineEnding = 2; path = unix.c; sourceTree = "<group>"; };
		C4F69F150E9830BB0086650C /* win32.c */ = {isa = PBXFileReference; fileEncoding = 30; lastKnownFileType = sourcecode.c.c; lineEnding = 2; path = win32.c; sourceTree = "<group>"; };
		C4F69F3D0E9831820086650C /* file_common.c */ = {isa = PBXFileReference; fileEncoding = 30; lastKnownFileType = sourcecode.c.c; lineEnding = 2; path = file_common.c; sourceTree = "<group>"; };
		C4F69F3E0E9831820086650C /* egoboo_strutil.c */ = {isa = PBXFileReference; fileEncoding = 30; lastKnownFileType = sourcecode.c.c; lineEnding = 2; path = egoboo_strutil.c; sourceTree = "<group>"; };
		C4F69F3F0E9831820086650C /* egoboo_strutil.h */ = {isa = PBXFileReference; fileEncoding = 30; lastKnownFileType = sourcecode.c.h; lineEnding = 2; path = egoboo_strutil.h; sourceTree = "<group>"; };
		C4F69F400E9831820086650C /* egoboo_typedef.h */ = {isa = PBXFileReference; fileEncoding = 30; lastKnownFileType = sourcecode.c.h; lineEnding = 2; path = egoboo_typedef.h; sourceTree = "<group>"; };
		C4F69F410E9831820086650C /* gltexture.c */ = {isa = PBXFileReference; fileEncoding = 30; lastKnownFileType = sourcecode.c.c; lineEnding = 2; path = gltexture.c; sourceTree = "<group>"; };
		C4F69F420E9831820086650C /* gltexture.h */ = {isa = PBXFileReference; fileEncoding = 30; lastKnownFileType = sourcecode.c.h; lineEnding = 2; path = gltexture.h; sourceTree = "<group>"; };
		C4F69F430E9831820086650C /* graphic_fan.c */ = {isa = PBXFileReference; fileEncoding = 30; lastKnownFileType = sourcecode.c.c; lineEnding = 2; path = graphic_fan.c; sourceTree = "<group>"; };
		C4F69F440E9831820086650C /* graphic_mad.c */ = {isa = PBXFileReference; fileEncoding = 30; lastKnownFileType = sourcecode.c.c; lineEnding = 2; path = graphic_mad.c; sourceTree = "<group>"; };
		C4F69F450E9831820086650C /* graphic_prt.c */ = {isa = PBXFileReference; fileEncoding = 30; lastKnownFileType = sourcecode.c.c; lineEnding = 2; path = graphic_prt.c; sourceTree = "<group>"; };
		C4F69F470E9831820086650C /* file_mac.m */ = {isa = PBXFileReference; fileEncoding = 30; lastKnownFileType = sourcecode.c.objc; lineEnding = 2; path = file_mac.m; sourceTree = "<group>"; };
		C4F69F4A0E9831820086650C /* Makefile.unix */ = {isa = PBXFileReference; fileEncoding = 30; lastKnownFileType = text; path = Makefile.unix; sourceTree = "<group>"; };
		C4F69F4B0E9831820086650C /* egoboo_math.c */ = {isa = PBXFileReference; fileEncoding = 4; lastKnownFileType = sourcecode.c.c; lineEnding = 2; path = egoboo_math.c; sourceTree = "<group>"; };
		C4F69F4D0E9831820086650C /* menu.c */ = {isa = PBXFileReference; fileEncoding = 30; lastKnownFileType = sourcecode.c.c; lineEnding = 2; path = menu.c; sourceTree = "<group>"; };
		C4F69F4E0E9831820086650C /* network.c */ = {isa = PBXFileReference; fileEncoding = 30; lastKnownFileType = sourcecode.c.c; lineEnding = 2; path = network.c; sourceTree = "<group>"; };
		C4F69F500E9831820086650C /* sys_win32.c */ = {isa = PBXFileReference; fileEncoding = 30; lastKnownFileType = sourcecode.c.c; lineEnding = 2; path = sys_win32.c; sourceTree = "<group>"; };
		C4F69F580E9831820086650C /* file_win.c */ = {isa = PBXFileReference; fileEncoding = 30; lastKnownFileType = sourcecode.c.c; lineEnding = 2; path = file_win.c; sourceTree = "<group>"; };
/* End PBXFileReference section */

/* Begin PBXFrameworksBuildPhase section */
		8D11072E0486CEB800E47090 /* Frameworks */ = {
			isa = PBXFrameworksBuildPhase;
			buildActionMask = 2147483647;
			files = (
				002F39FA09D0881F00EBEB88 /* SDL.framework in Frameworks */,
				002F3C6109D0951E00EBEB88 /* GLUT.framework in Frameworks */,
				8D11072F0486CEB800E47090 /* Cocoa.framework in Frameworks */,
				002F3C0109D093BD00EBEB88 /* OpenGL.framework in Frameworks */,
				C448193A0E97F50700FF170F /* SDL_image.framework in Frameworks */,
				C448193B0E97F50700FF170F /* SDL_mixer.framework in Frameworks */,
				C448193C0E97F50700FF170F /* SDL_ttf.framework in Frameworks */,
				C4C8506A0FC087A700E98D52 /* liblua5.1.a in Frameworks */,
			);
			runOnlyForDeploymentPostprocessing = 0;
		};
/* End PBXFrameworksBuildPhase section */

/* Begin PBXGroup section */
		19C28FACFE9D520D11CA2CBB /* Products */ = {
			isa = PBXGroup;
			children = (
				8D1107320486CEB800E47090 /* Egoboo.app */,
				C48C06700F32EB63006984C2 /* Egoboo.dmg */,
			);
			name = Products;
			sourceTree = "<group>";
		};
		29B97314FDCFA39411CA2CEA /* Egoboo */ = {
			isa = PBXGroup;
			children = (
				C400A8670F00CB4B009D62E8 /* Game Data */,
				29B97315FDCFA39411CA2CEA /* Sources */,
				29B97317FDCFA39411CA2CEA /* Resources */,
				29B97323FDCFA39411CA2CEA /* Frameworks */,
				C4006A450F00C308009D62E8 /* Other */,
				19C28FACFE9D520D11CA2CBB /* Products */,
			);
			name = Egoboo;
			sourceTree = "<group>";
		};
		29B97315FDCFA39411CA2CEA /* Sources */ = {
			isa = PBXGroup;
			children = (
				C4006A790F00C662009D62E8 /* osx */,
				C4F69EF20E9830BB0086650C /* enet */,
				C49FFC900E97F96E00E13A99 /* game */,
			);
			name = Sources;
			path = ..;
			sourceTree = "<group>";
		};
		29B97317FDCFA39411CA2CEA /* Resources */ = {
			isa = PBXGroup;
			children = (
				C4371B730E97F897008919D1 /* skull.icns */,
				8D1107310486CEB800E47090 /* Info.plist */,
				089C165CFE840E0CC02AAC07 /* InfoPlist.strings */,
				C469AB110EA1075B005CDBE7 /* SDLMain.nib */,
			);
			name = Resources;
			sourceTree = "<group>";
		};
		29B97323FDCFA39411CA2CEA /* Frameworks */ = {
			isa = PBXGroup;
			children = (
				C4C8503C0FC0798B00E98D52 /* liblua5.1.a */,
				1058C7A1FEA54F0111CA2CBB /* Cocoa.framework */,
				002F3C6009D0951E00EBEB88 /* GLUT.framework */,
				002F3C0009D093BD00EBEB88 /* OpenGL.framework */,
				002F39F909D0881F00EBEB88 /* SDL.framework */,
				C44819370E97F50700FF170F /* SDL_image.framework */,
				C44819380E97F50700FF170F /* SDL_mixer.framework */,
				C44819390E97F50700FF170F /* SDL_ttf.framework */,
			);
			name = Frameworks;
			sourceTree = "<group>";
		};
		C4006A450F00C308009D62E8 /* Other */ = {
			isa = PBXGroup;
			children = (
				C4006A8D0F00C82C009D62E8 /* Egoboo_vs7.sln */,
				C4006A8E0F00C82C009D62E8 /* Egoboo_vs9.sln */,
				C4006A8F0F00C82C009D62E8 /* Egoboo.workspace */,
				C4006A900F00C82C009D62E8 /* egoboo1.ico */,
				C4006A910F00C82C009D62E8 /* egoboo2.ico */,
				C4006A6A0F00C5C8009D62E8 /* enet */,
				C4006A690F00C43F009D62E8 /* game */,
				C4006A930F00C82C009D62E8 /* Makefile */,
				C4006A7C0F00C734009D62E8 /* osx */,
				C4006A940F00C82C009D62E8 /* README.Linux */,
				C4006A950F00C82C009D62E8 /* README.Mac */,
				C4006A970F00C82C009D62E8 /* README.Windows */,
				C400A8600F00C8F6009D62E8 /* res */,
			);
			name = Other;
			path = ..;
			sourceTree = "<group>";
		};
		C4006A690F00C43F009D62E8 /* game */ = {
			isa = PBXGroup;
			children = (
				C4006A7E0F00C797009D62E8 /* change.log */,
				C4006A800F00C797009D62E8 /* egoboo.sh */,
				C4C8500A0FC049B000E98D52 /* egoboo_console.inl */,
				C4C8500B0FC049B000E98D52 /* egoboo_vs6.dsp */,
				C483329E0E9862F300B78406 /* file_linux.c */,
				C4F69F580E9831820086650C /* file_win.c */,
				C4C8500C0FC049B000E98D52 /* game.cbp */,
				C4C8500D0FC049B000E98D52 /* game.depend */,
				C4006A840F00C797009D62E8 /* game_vs7.layout */,
				C4006A850F00C797009D62E8 /* game_vs7.vcproj */,
				C4006A860F00C797009D62E8 /* game_vs9.vcproj */,
				C438C0EC0FCAE64800AC7A25 /* id_normals.inl */,
				C4006A880F00C797009D62E8 /* Makefile */,
				C4C84FFE0FC048AB00E98D52 /* Makefile.lua */,
				C4F69F4A0E9831820086650C /* Makefile.unix */,
				C483329F0E9862F300B78406 /* sys_linux.c */,
				C4F69F500E9831820086650C /* sys_win32.c */,
				C4C8500E0FC049B000E98D52 /* use_swig_nix.sh */,
				C4C8500F0FC049B000E98D52 /* use_swig_win32.bat */,
			);
			path = game;
			sourceTree = "<group>";
		};
		C4006A6A0F00C5C8009D62E8 /* enet */ = {
			isa = PBXGroup;
			children = (
				C4006A6F0F00C640009D62E8 /* api.txt */,
				C4006A700F00C640009D62E8 /* design.txt */,
				C4C850100FC049F200E98D52 /* enet.cbp */,
				C4C850110FC049F200E98D52 /* enet.layout */,
				C4C850120FC049F200E98D52 /* enet_vs6.dsp */,
				C4006A730F00C640009D62E8 /* enet_vs7.vcproj */,
				C4006A740F00C640009D62E8 /* enet_vs9.vcproj */,
				C4006A6B0F00C5F2009D62E8 /* include */,
				C4006A750F00C640009D62E8 /* LICENSE */,
				C4006A760F00C640009D62E8 /* Makefile */,
				C4006A770F00C640009D62E8 /* README */,
				C4006A780F00C640009D62E8 /* tutorial.txt */,
				C4F69F150E9830BB0086650C /* win32.c */,
			);
			path = enet;
			sourceTree = "<group>";
		};
		C4006A6B0F00C5F2009D62E8 /* include */ = {
			isa = PBXGroup;
			children = (
				C4006A6E0F00C608009D62E8 /* enet */,
			);
			path = include;
			sourceTree = "<group>";
		};
		C4006A6E0F00C608009D62E8 /* enet */ = {
			isa = PBXGroup;
			children = (
				C48332900E98625500B78406 /* win32.h */,
			);
			path = enet;
			sourceTree = "<group>";
		};
		C4006A790F00C662009D62E8 /* osx */ = {
			isa = PBXGroup;
			children = (
				C4371B6E0E97F865008919D1 /* Egoboo_Prefix.pch */,
				002F3A2B09D0888800EBEB88 /* SDLMain.h */,
				002F3A2C09D0888800EBEB88 /* SDLMain.m */,
			);
			path = osx;
			sourceTree = "<group>";
		};
		C4006A7C0F00C734009D62E8 /* osx */ = {
			isa = PBXGroup;
			children = (
				C4006A7D0F00C76B009D62E8 /* hat.icns */,
			);
			path = osx;
			sourceTree = "<group>";
		};
		C400A8600F00C8F6009D62E8 /* res */ = {
			isa = PBXGroup;
			children = (
				C400A8610F00C8F6009D62E8 /* egoboo.ico */,
				C400A8620F00C8F6009D62E8 /* egoboo.rc */,
				C400A8630F00C8F6009D62E8 /* egoboo3.ico */,
				C400A8640F00C8F6009D62E8 /* old-egoboo.ico */,
			);
			path = res;
			sourceTree = "<group>";
		};
		C400A8670F00CB4B009D62E8 /* Game Data */ = {
			isa = PBXGroup;
			children = (
				C4006A990F00C871009D62E8 /* basicdat */,
				C4006A890F00C82C009D62E8 /* Changelog.txt */,
				C4006A8B0F00C82C009D62E8 /* controls.txt */,
				C4006A920F00C82C009D62E8 /* License.pdf */,
				C4006AE90F00C89A009D62E8 /* modules */,
				C48C06810F32F583006984C2 /* players */,
				C4006A960F00C82C009D62E8 /* Readme.txt */,
				C4006A980F00C82C009D62E8 /* setup.txt */,
			);
			name = "Game Data";
			path = ..;
			sourceTree = "<group>";
		};
		C48332860E98625500B78406 /* include */ = {
			isa = PBXGroup;
			children = (
				C48332870E98625500B78406 /* enet */,
			);
			path = include;
			sourceTree = "<group>";
		};
		C48332870E98625500B78406 /* enet */ = {
			isa = PBXGroup;
			children = (
				C48332880E98625500B78406 /* enet.h */,
				C48332890E98625500B78406 /* list.h */,
				C483328A0E98625500B78406 /* memory.h */,
				C483328B0E98625500B78406 /* protocol.h */,
				C483328C0E98625500B78406 /* enet_time.h */,
				C483328D0E98625500B78406 /* types.h */,
				C483328E0E98625500B78406 /* unix.h */,
				C483328F0E98625500B78406 /* utility.h */,
			);
			path = enet;
			sourceTree = "<group>";
		};
		C49FFC900E97F96E00E13A99 /* game */ = {
			isa = PBXGroup;
			children = (
				C49FFC930E97F96E00E13A99 /* camera.c */,
				C46B616D0EC2DED3008B84E8 /* camera.h */,
				C49FFC960E97F96E00E13A99 /* char.c */,
				C46B616E0EC2DED3008B84E8 /* char.h */,
				C49FFC990E97F96E00E13A99 /* client.c */,
				C49FFC9A0E97F96E00E13A99 /* client.h */,
				C49FFC9B0E97F96E00E13A99 /* clock.c */,
				C49FFC9C0E97F96E00E13A99 /* clock.h */,
				C49FFC9D0E97F96E00E13A99 /* configfile.c */,
				C49FFC9E0E97F96E00E13A99 /* configfile.h */,
				C4C850270FC0708500E98D52 /* ego.i */,
				C4C850280FC0708500E98D52 /* ego_wrap.c */,
				C49FFC9F0E97F96E00E13A99 /* egoboo.h */,
				C46B616F0EC2DED3008B84E8 /* egoboo_config.h */,
				C4C84FF50FC048AB00E98D52 /* egoboo_console.c */,
				C4C84FF60FC048AB00E98D52 /* egoboo_console.h */,
				C46398C20EBE6EA8006D617D /* egoboo_endian.c */,
				C4006A7F0F00C797009D62E8 /* egoboo_endian.h */,
				C4C84FF70FC048AB00E98D52 /* egoboo_fileutil.c */,
				C4C84FF80FC048AB00E98D52 /* egoboo_fileutil.h */,
				C4F69F4B0E9831820086650C /* egoboo_math.c */,
				C46B61700EC2DED3008B84E8 /* egoboo_math.h */,
				C438C0EA0FCAE64800AC7A25 /* egoboo_platform.h */,
				C48B376D0F890E8800563245 /* egoboo_setup.c */,
				C48B376E0F890E8800563245 /* egoboo_setup.h */,
				C4F69F3E0E9831820086650C /* egoboo_strutil.c */,
				C4F69F3F0E9831820086650C /* egoboo_strutil.h */,
				C438C0EB0FCAE64800AC7A25 /* egoboo_typedef.c */,
				C4F69F400E9831820086650C /* egoboo_typedef.h */,
				C49FFCB10E97F96E00E13A99 /* enchant.c */,
				C4C84FF90FC048AB00E98D52 /* enchant.h */,
				C4F69F3D0E9831820086650C /* file_common.c */,
				C4C84FFA0FC048AB00E98D52 /* file_common.h */,
				C4F69F470E9831820086650C /* file_mac.m */,
				C49FFCB80E97F96E00E13A99 /* font.c */,
				C49FFCB90E97F96E00E13A99 /* font.h */,
				C49FFCBC0E97F96E00E13A99 /* game.c */,
				C4871E3310128DAD00A98CA4 /* game.h */,
				C4F69F410E9831820086650C /* gltexture.c */,
				C4F69F420E9831820086650C /* gltexture.h */,
				C49FFCC50E97F96E00E13A99 /* graphic.c */,
				C4006A870F00C797009D62E8 /* graphic.h */,
				C4F69F430E9831820086650C /* graphic_fan.c */,
				C4F69F440E9831820086650C /* graphic_mad.c */,
				C4F69F450E9831820086650C /* graphic_prt.c */,
				C49FFCCB0E97F96E00E13A99 /* id_md2.h */,
				C49FFCCE0E97F96E00E13A99 /* input.c */,
				C4C84FFB0FC048AB00E98D52 /* input.h */,
				C4C84FFC0FC048AB00E98D52 /* lua_console.c */,
				C4C84FFD0FC048AB00E98D52 /* lua_console.h */,
				C46398950EBE6530006D617D /* link.c */,
				C46398960EBE6530006D617D /* link.h */,
				C49FFCDB0E97F96E00E13A99 /* log.c */,
				C49FFCDC0E97F96E00E13A99 /* log.h */,
				C48323C70FC43B16006F1F5D /* mad.c */,
				C48323C80FC43B16006F1F5D /* mad.h */,
				C49FFCE20E97F96E00E13A99 /* Md2.c */,
				C49FFCE30E97F96E00E13A99 /* Md2.h */,
				C4F69F4D0E9831820086650C /* menu.c */,
				C49FFCE60E97F96E00E13A99 /* menu.h */,
				C4871E3410128DAD00A98CA4 /* mesh.c */,
				C4871E3510128DAD00A98CA4 /* mesh.h */,
				C49FFCEA0E97F96E00E13A99 /* module.c */,
				C4C84FFF0FC048AB00E98D52 /* module.h */,
				C438C0ED0FCAE64800AC7A25 /* mpd.c */,
				C438C0EE0FCAE64800AC7A25 /* mpd.h */,
				C4F69F4E0E9831820086650C /* network.c */,
				C4C850000FC048AB00E98D52 /* network.h */,
				C4871E3610128DAD00A98CA4 /* ogl_debug.c */,
				C4871E3710128DAD00A98CA4 /* ogl_debug.h */,
				C4871E3810128DAD00A98CA4 /* ogl_extensions.c */,
				C4871E3910128DAD00A98CA4 /* ogl_extensions.h */,
				C4871E3A10128DAD00A98CA4 /* ogl_include.c */,
				C4871E3B10128DAD00A98CA4 /* ogl_include.h */,
				C4871E3C10128DAD00A98CA4 /* ogl_texture.c */,
				C4871E3D10128DAD00A98CA4 /* ogl_texture.h */,
				C49FFD020E97F96E00E13A99 /* particle.c */,
				C46B61710EC2DED3008B84E8 /* particle.h */,
				C49FFD050E97F96E00E13A99 /* passage.c */,
				C4C850010FC048AB00E98D52 /* passage.h */,
				C49FFD0B0E97F96E00E13A99 /* script.c */,
				C46B61720EC2DED3008B84E8 /* script.h */,
				C4C850020FC048AB00E98D52 /* script_compile.c */,
				C4C850030FC048AB00E98D52 /* script_compile.h */,
				C48323C90FC43B16006F1F5D /* script_functions.c */,
				C48323CA0FC43B16006F1F5D /* script_functions.h */,
				C4871E3E10128DAD00A98CA4 /* SDL_extensions.c */,
				C4871E3F10128DAD00A98CA4 /* SDL_extensions.h */,
				C4871E4010128DAD00A98CA4 /* SDL_GL_extensions.c */,
				C4871E4110128DAD00A98CA4 /* SDL_GL_extensions.h */,
				C49FFD160E97F96E00E13A99 /* server.c */,
				C49FFD170E97F96E00E13A99 /* server.h */,
				C49FFD180E97F96E00E13A99 /* sound.c */,
				C4C850040FC048AB00E98D52 /* sound.h */,
				C469AB730EA11626005CDBE7 /* sys_mac.c */,
				C49FFD1A0E97F96E00E13A99 /* System.h */,
				C49FFD200E97F96E00E13A99 /* ui.c */,
				C49FFD210E97F96E00E13A99 /* ui.h */,
			);
			path = game;
			sourceTree = "<group>";
		};
		C4F69EF20E9830BB0086650C /* enet */ = {
			isa = PBXGroup;
			children = (
				C48332860E98625500B78406 /* include */,
				C4F69EF90E9830BB0086650C /* host.c */,
				C4F69F050E9830BB0086650C /* list.c */,
				C4F69F080E9830BB0086650C /* memory.c */,
				C4F69F0A0E9830BB0086650C /* packet.c */,
				C4F69F0B0E9830BB0086650C /* peer.c */,
				C4F69F0C0E9830BB0086650C /* protocol.c */,
				C4F69F120E9830BB0086650C /* unix.c */,
			);
			path = enet;
			sourceTree = "<group>";
		};
/* End PBXGroup section */

/* Begin PBXNativeTarget section */
		8D1107260486CEB800E47090 /* Egoboo */ = {
			isa = PBXNativeTarget;
			buildConfigurationList = C01FCF4A08A954540054247B /* Build configuration list for PBXNativeTarget "Egoboo" */;
			buildPhases = (
				C4C8502B0FC070F600E98D52 /* Build LUA Wrappers */,
				8D1107290486CEB800E47090 /* Resources */,
				8D11072C0486CEB800E47090 /* Sources */,
				8D11072E0486CEB800E47090 /* Frameworks */,
				002F39FD09D0883400EBEB88 /* Copy Frameworks into .app bundle */,
			);
			buildRules = (
			);
			dependencies = (
			);
			name = Egoboo;
			productInstallPath = "$(HOME)/Applications";
			productName = Egoboo;
			productReference = 8D1107320486CEB800E47090 /* Egoboo.app */;
			productType = "com.apple.product-type.application";
		};
/* End PBXNativeTarget section */

/* Begin PBXProject section */
		29B97313FDCFA39411CA2CEA /* Project object */ = {
			isa = PBXProject;
			buildConfigurationList = C01FCF4E08A954540054247B /* Build configuration list for PBXProject "Egoboo" */;
			compatibilityVersion = "Xcode 2.4";
			hasScannedForEncodings = 1;
			mainGroup = 29B97314FDCFA39411CA2CEA /* Egoboo */;
			projectDirPath = "";
			projectRoot = ..;
			targets = (
				8D1107260486CEB800E47090 /* Egoboo */,
				C48C064D0F32D9B5006984C2 /* Distribution */,
			);
		};
/* End PBXProject section */

/* Begin PBXResourcesBuildPhase section */
		8D1107290486CEB800E47090 /* Resources */ = {
			isa = PBXResourcesBuildPhase;
			buildActionMask = 2147483647;
			files = (
				8D11072B0486CEB800E47090 /* InfoPlist.strings in Resources */,
				C4371B740E97F897008919D1 /* skull.icns in Resources */,
				C469AB120EA1075B005CDBE7 /* SDLMain.nib in Resources */,
			);
			runOnlyForDeploymentPostprocessing = 0;
		};
/* End PBXResourcesBuildPhase section */

/* Begin PBXShellScriptBuildPhase section */
		C48C064C0F32D9B5006984C2 /* ShellScript */ = {
			isa = PBXShellScriptBuildPhase;
			buildActionMask = 2147483647;
			files = (
			);
			inputPaths = (
				"$(SRCROOT)/../basicdat",
				"$(SRCROOT)/../Changelog.txt",
				"$(SRCROOT)/../controls.txt",
				"$(SRCROOT)/../doc",
				"$(BUILT_PRODUCTS_DIR)/Egoboo.app",
				"$(SRCROOT)/../License.pdf",
				"$(SRCROOT)/../modules",
				"$(SRCROOT)/../players",
				"$(SRCROOT)/../Readme.txt",
				"$(SRCROOT)/../setup.txt",
			);
			outputPaths = (
				"$(BUILT_PRODUCTS_DIR)/Egoboo.dmg",
			);
			runOnlyForDeploymentPostprocessing = 0;
			shellPath = /bin/sh;
			shellScript = "die() { exit 1; }\ncd \"${BUILD_ROOT}\" || die\n[ -e Egoboo ] && rm -rf Egoboo\necho \"Creating ${BUILD_ROOT}/Egoboo\"\nmkdir -p Egoboo/Egoboo || die\necho \"Copying distribution files into ${BUILD_ROOT}/Egoboo\"\nfor (( i=0 ; i < SCRIPT_INPUT_FILE_COUNT ; i++ ))\ndo\n\tf=SCRIPT_INPUT_FILE_${i}\n\tcp -pR \"${!f}\" Egoboo/Egoboo/ || die\n\tfind Egoboo -name .svn -prune -exec rm -rf '{}' ';'\n\tfind Egoboo -name .DS_Store -delete\ndone\necho \"Creating disk image\"\nhdiutil create -srcfolder Egoboo \"${SCRIPT_OUTPUT_FILE_0}\" -volname Egoboo -ov -format UDBZ || die\n# -format UDBZ only works with 10.4 and later; use UDZO for 10.3\necho \"Removing ${BUILDROOT}/Egoboo\"\nrm -rf Egoboo";
		};
		C4C8502B0FC070F600E98D52 /* Build LUA Wrappers */ = {
			isa = PBXShellScriptBuildPhase;
			buildActionMask = 2147483647;
			files = (
			);
			inputPaths = (
				"$(SRCROOT)/../game/ego.i",
			);
			name = "Build LUA Wrappers";
			outputPaths = (
				"$(SRCROOT)/../game/ego_wrap.c",
			);
			runOnlyForDeploymentPostprocessing = 0;
			shellPath = /bin/sh;
			shellScript = "swig -lua -o \"${SCRIPT_OUTPUT_FILE_0}\" \"${SCRIPT_INPUT_FILE_0}\"\nperl -pi -e 's/malloc.h/stdlib.h/' \"${SCRIPT_OUTPUT_FILE_0}\"";
		};
/* End PBXShellScriptBuildPhase section */

/* Begin PBXSourcesBuildPhase section */
		8D11072C0486CEB800E47090 /* Sources */ = {
			isa = PBXSourcesBuildPhase;
			buildActionMask = 2147483647;
			files = (
				002F3A2E09D0888800EBEB88 /* SDLMain.m in Sources */,
				C49FFD240E97F96E00E13A99 /* camera.c in Sources */,
				C49FFD270E97F96E00E13A99 /* char.c in Sources */,
				C49FFD2A0E97F96E00E13A99 /* client.c in Sources */,
				C49FFD2C0E97F96E00E13A99 /* clock.c in Sources */,
				C49FFD2E0E97F96E00E13A99 /* configfile.c in Sources */,
				C49FFD420E97F96E00E13A99 /* enchant.c in Sources */,
				C49FFD490E97F96E00E13A99 /* font.c in Sources */,
				C49FFD4D0E97F96E00E13A99 /* game.c in Sources */,
				C49FFD560E97F96E00E13A99 /* graphic.c in Sources */,
				C49FFD5F0E97F96E00E13A99 /* input.c in Sources */,
				C49FFD6B0E97F96E00E13A99 /* log.c in Sources */,
				C49FFD720E97F96E00E13A99 /* Md2.c in Sources */,
				C49FFD7A0E97F96E00E13A99 /* module.c in Sources */,
				C49FFD910E97F96E00E13A99 /* particle.c in Sources */,
				C49FFD940E97F96E00E13A99 /* passage.c in Sources */,
				C49FFD9A0E97F96E00E13A99 /* script.c in Sources */,
				C49FFDA50E97F96E00E13A99 /* server.c in Sources */,
				C49FFDA70E97F96E00E13A99 /* sound.c in Sources */,
				C49FFDAE0E97F96E00E13A99 /* ui.c in Sources */,
				C4F69F1D0E9830BB0086650C /* host.c in Sources */,
				C4F69F280E9830BB0086650C /* list.c in Sources */,
				C4F69F2B0E9830BB0086650C /* memory.c in Sources */,
				C4F69F2D0E9830BB0086650C /* packet.c in Sources */,
				C4F69F2E0E9830BB0086650C /* peer.c in Sources */,
				C4F69F2F0E9830BB0086650C /* protocol.c in Sources */,
				C4F69F350E9830BB0086650C /* unix.c in Sources */,
				C4F69F590E9832A00086650C /* file_common.c in Sources */,
				C4F69F5A0E9832A20086650C /* egoboo_strutil.c in Sources */,
				C4F69F5F0E9832AA0086650C /* graphic_fan.c in Sources */,
				C4F69F600E9832AB0086650C /* graphic_mad.c in Sources */,
				C4F69F610E9832AD0086650C /* graphic_prt.c in Sources */,
				C4F69F630E9832B20086650C /* file_mac.m in Sources */,
				C4F69F650E9832B80086650C /* egoboo_math.c in Sources */,
				C4F69F670E9832BC0086650C /* network.c in Sources */,
				C48332A20E98632D00B78406 /* menu.c in Sources */,
				C469AB740EA11626005CDBE7 /* sys_mac.c in Sources */,
				C46398970EBE6530006D617D /* link.c in Sources */,
				C46398C30EBE6EA8006D617D /* egoboo_endian.c in Sources */,
				C48B377E0F890E8A00563245 /* egoboo_setup.c in Sources */,
				C4C850050FC048AB00E98D52 /* egoboo_console.c in Sources */,
				C4C850060FC048AB00E98D52 /* egoboo_fileutil.c in Sources */,
				C4C850070FC048AB00E98D52 /* lua_console.c in Sources */,
				C4C850090FC048AB00E98D52 /* script_compile.c in Sources */,
				C4C850290FC0708500E98D52 /* ego_wrap.c in Sources */,
				C48323CB0FC43B16006F1F5D /* mad.c in Sources */,
				C48323CC0FC43B16006F1F5D /* script_functions.c in Sources */,
				C438C0EF0FCAE64800AC7A25 /* egoboo_typedef.c in Sources */,
				C438C0F10FCAE64800AC7A25 /* mpd.c in Sources */,
				C4871E4210128DAD00A98CA4 /* mesh.c in Sources */,
				C4871E4310128DAD00A98CA4 /* ogl_debug.c in Sources */,
				C4871E4410128DAD00A98CA4 /* ogl_extensions.c in Sources */,
				C4871E4510128DAD00A98CA4 /* ogl_include.c in Sources */,
				C4871E4610128DAD00A98CA4 /* ogl_texture.c in Sources */,
				C4871E4710128DAD00A98CA4 /* SDL_extensions.c in Sources */,
				C4871E4810128DAD00A98CA4 /* SDL_GL_extensions.c in Sources */,
			);
			runOnlyForDeploymentPostprocessing = 0;
		};
/* End PBXSourcesBuildPhase section */

/* Begin PBXTargetDependency section */
		C48C064F0F32D9BE006984C2 /* PBXTargetDependency */ = {
			isa = PBXTargetDependency;
			target = 8D1107260486CEB800E47090 /* Egoboo */;
			targetProxy = C48C064E0F32D9BE006984C2 /* PBXContainerItemProxy */;
		};
/* End PBXTargetDependency section */

/* Begin PBXVariantGroup section */
		089C165CFE840E0CC02AAC07 /* InfoPlist.strings */ = {
			isa = PBXVariantGroup;
			children = (
				089C165DFE840E0CC02AAC07 /* English */,
			);
			name = InfoPlist.strings;
			sourceTree = "<group>";
		};
/* End PBXVariantGroup section */

/* Begin XCBuildConfiguration section */
		C01FCF4B08A954540054247B /* Debug */ = {
			isa = XCBuildConfiguration;
			buildSettings = {
				COPY_PHASE_STRIP = NO;
				GCC_DYNAMIC_NO_PIC = NO;
				GCC_ENABLE_FIX_AND_CONTINUE = YES;
				GCC_MODEL_TUNING = G5;
				GCC_OPTIMIZATION_LEVEL = 0;
				INFOPLIST_FILE = Info.plist;
				INSTALL_PATH = "$(HOME)/Applications";
				LIBRARY_SEARCH_PATHS = (
					"$(inherited)",
					/opt/local/lib,
				);
				PRODUCT_NAME = Egoboo;
				WRAPPER_EXTENSION = app;
				ZERO_LINK = YES;
			};
			name = Debug;
		};
		C01FCF4C08A954540054247B /* Release */ = {
			isa = XCBuildConfiguration;
			buildSettings = {
				ARCHS = (
					ppc,
					i386,
				);
				GCC_GENERATE_DEBUGGING_SYMBOLS = NO;
				GCC_MODEL_TUNING = G5;
				INFOPLIST_FILE = Info.plist;
				INSTALL_PATH = "$(HOME)/Applications";
				LIBRARY_SEARCH_PATHS = (
					"$(inherited)",
					/opt/local/lib,
				);
				PRODUCT_NAME = Egoboo;
				WRAPPER_EXTENSION = app;
			};
			name = Release;
		};
		C01FCF4F08A954540054247B /* Debug */ = {
			isa = XCBuildConfiguration;
			buildSettings = {
				ALWAYS_SEARCH_USER_PATHS = YES;
				CONFIGURATION_BUILD_DIR = "$(PROJECT_DIR)/..";
				FRAMEWORK_SEARCH_PATHS = (
					"$(HOME)/Library/Frameworks",
					/Library/Frameworks,
					"$(FRAMEWORK_SEARCH_PATHS)",
				);
				GCC_PREPROCESSOR_DEFINITIONS = (
					"PATH_MAX=1024",
					HAS_SOCKLEN_T,
					"$(inherited)",
				);
				GCC_WARN_ABOUT_RETURN_TYPE = YES;
				GCC_WARN_UNUSED_VARIABLE = YES;
				HEADER_SEARCH_PATHS = (
					"$(HOME)/Library/Frameworks/SDL_ttf.framework/Headers",
					"$(HOME)/Library/Frameworks/SDL_mixer.framework/Headers",
					"$(HOME)/Library/Frameworks/SDL_image.framework/Headers",
					"$(HOME)/Library/Frameworks/SDL.framework/Headers",
					/Library/Frameworks/SDL_ttf.framework/Headers,
					/Library/Frameworks/SDL_mixer.framework/Headers,
					/Library/Frameworks/SDL_image.framework/Headers,
					/Library/Frameworks/SDL.framework/Headers,
					/opt/local/include,
					"$(HEADER_SEARCH_PATHS)",
				);
				PREBINDING = NO;
				SDKROOT = /Developer/SDKs/MacOSX10.4u.sdk;
				USER_HEADER_SEARCH_PATHS = "../enet/include $(inherited)";
				WARNING_CFLAGS = "-Wall";
			};
			name = Debug;
		};
		C01FCF5008A954540054247B /* Release */ = {
			isa = XCBuildConfiguration;
			buildSettings = {
				ALWAYS_SEARCH_USER_PATHS = YES;
				ARCHS = (
					ppc,
					i386,
				);
				CONFIGURATION_BUILD_DIR = "$(PROJECT_DIR)/..";
				FRAMEWORK_SEARCH_PATHS = (
					"$(HOME)/Library/Frameworks",
					/Library/Frameworks,
					"$(FRAMEWORK_SEARCH_PATHS)",
				);
				GCC_PREPROCESSOR_DEFINITIONS = (
					"PATH_MAX=1024",
					HAS_SOCKLEN_T,
					"$(inherited)",
				);
				GCC_WARN_ABOUT_RETURN_TYPE = YES;
				GCC_WARN_UNUSED_VARIABLE = YES;
				HEADER_SEARCH_PATHS = (
					"$(HOME)/Library/Frameworks/SDL_ttf.framework/Headers",
					"$(HOME)/Library/Frameworks/SDL_mixer.framework/Headers",
					"$(HOME)/Library/Frameworks/SDL_image.framework/Headers",
					"$(HOME)/Library/Frameworks/SDL.framework/Headers",
					/Library/Frameworks/SDL_ttf.framework/Headers,
					/Library/Frameworks/SDL_mixer.framework/Headers,
					/Library/Frameworks/SDL_image.framework/Headers,
					/Library/Frameworks/SDL.framework/Headers,
					/opt/local/include,
					"$(HEADER_SEARCH_PATHS)",
				);
				PREBINDING = NO;
				SDKROOT = /Developer/SDKs/MacOSX10.4u.sdk;
				USER_HEADER_SEARCH_PATHS = "../enet/include $(inherited)";
			};
			name = Release;
		};
		C48C06510F32D9DC006984C2 /* Debug */ = {
			isa = XCBuildConfiguration;
			buildSettings = {
				COPY_PHASE_STRIP = NO;
				GCC_DYNAMIC_NO_PIC = NO;
				GCC_GENERATE_DEBUGGING_SYMBOLS = YES;
				GCC_OPTIMIZATION_LEVEL = 0;
				PRODUCT_NAME = Distribution;
			};
			name = Debug;
		};
		C48C06520F32D9DC006984C2 /* Release */ = {
			isa = XCBuildConfiguration;
			buildSettings = {
				COPY_PHASE_STRIP = YES;
				GCC_ENABLE_FIX_AND_CONTINUE = NO;
				GCC_GENERATE_DEBUGGING_SYMBOLS = NO;
				PRODUCT_NAME = Distribution;
				ZERO_LINK = NO;
			};
			name = Release;
		};
/* End XCBuildConfiguration section */

/* Begin XCConfigurationList section */
		C01FCF4A08A954540054247B /* Build configuration list for PBXNativeTarget "Egoboo" */ = {
			isa = XCConfigurationList;
			buildConfigurations = (
				C01FCF4B08A954540054247B /* Debug */,
				C01FCF4C08A954540054247B /* Release */,
			);
			defaultConfigurationIsVisible = 0;
			defaultConfigurationName = Debug;
		};
		C01FCF4E08A954540054247B /* Build configuration list for PBXProject "Egoboo" */ = {
			isa = XCConfigurationList;
			buildConfigurations = (
				C01FCF4F08A954540054247B /* Debug */,
				C01FCF5008A954540054247B /* Release */,
			);
			defaultConfigurationIsVisible = 0;
			defaultConfigurationName = Debug;
		};
		C48C06500F32D9DC006984C2 /* Build configuration list for PBXAggregateTarget "Distribution" */ = {
			isa = XCConfigurationList;
			buildConfigurations = (
				C48C06510F32D9DC006984C2 /* Debug */,
				C48C06520F32D9DC006984C2 /* Release */,
			);
			defaultConfigurationIsVisible = 0;
			defaultConfigurationName = Debug;
		};
/* End XCConfigurationList section */
	};
	rootObject = 29B97313FDCFA39411CA2CEA /* Project object */;
}
